
Microsoft Visual Studio Solution File, Format Version 12.00
# Visual Studio 15
VisualStudioVersion = 15.0.28307.645
MinimumVisualStudioVersion = 10.0.40219.1
Project("{FAE04EC0-301F-11D3-BF4B-00C04F79EFBC}") = "App1_Cell.Android", "App1_Cell\App1_Cell.Android\App1_Cell.Android.csproj", "{8129BED5-09DE-44C7-AEF5-B15235126930}"
EndProject
Project("{FAE04EC0-301F-11D3-BF4B-00C04F79EFBC}") = "App1_Cell.iOS", "App1_Cell\App1_Cell.iOS\App1_Cell.iOS.csproj", "{20CA72CD-6DAD-4BC9-B289-CC71EF379F43}"
EndProject
Project("{FAE04EC0-301F-11D3-BF4B-00C04F79EFBC}") = "App1_Cell.UWP", "App1_Cell\App1_Cell.UWP\App1_Cell.UWP.csproj", "{B7EF17A2-D31A-4582-9A49-C6899B0DEE21}"
EndProject
Project("{FAE04EC0-301F-11D3-BF4B-00C04F79EFBC}") = "App1_Cell", "App1_Cell\App1_Cell\App1_Cell.csproj", "{7E264E0C-92EB-400B-AEEA-7139C297A18A}"
EndProject
Global
	GlobalSection(SolutionConfigurationPlatforms) = preSolution
		Ad-Hoc|Any CPU = Ad-Hoc|Any CPU
		Ad-Hoc|ARM = Ad-Hoc|ARM
		Ad-Hoc|iPhone = Ad-Hoc|iPhone
		Ad-Hoc|iPhoneSimulator = Ad-Hoc|iPhoneSimulator
		Ad-Hoc|x64 = Ad-Hoc|x64
		Ad-Hoc|x86 = Ad-Hoc|x86
		AppStore|Any CPU = AppStore|Any CPU
		AppStore|ARM = AppStore|ARM
		AppStore|iPhone = AppStore|iPhone
		AppStore|iPhoneSimulator = AppStore|iPhoneSimulator
		AppStore|x64 = AppStore|x64
		AppStore|x86 = AppStore|x86
		Debug|Any CPU = Debug|Any CPU
		Debug|ARM = Debug|ARM
		Debug|iPhone = Debug|iPhone
		Debug|iPhoneSimulator = Debug|iPhoneSimulator
		Debug|x64 = Debug|x64
		Debug|x86 = Debug|x86
		Release|Any CPU = Release|Any CPU
		Release|ARM = Release|ARM
		Release|iPhone = Release|iPhone
		Release|iPhoneSimulator = Release|iPhoneSimulator
		Release|x64 = Release|x64
		Release|x86 = Release|x86
	EndGlobalSection
	GlobalSection(ProjectConfigurationPlatforms) = postSolution
		{8129BED5-09DE-44C7-AEF5-B15235126930}.Ad-Hoc|Any CPU.ActiveCfg = Release|Any CPU
		{8129BED5-09DE-44C7-AEF5-B15235126930}.Ad-Hoc|Any CPU.Build.0 = Release|Any CPU
		{8129BED5-09DE-44C7-AEF5-B15235126930}.Ad-Hoc|Any CPU.Deploy.0 = Release|Any CPU
		{8129BED5-09DE-44C7-AEF5-B15235126930}.Ad-Hoc|ARM.ActiveCfg = Release|Any CPU
		{8129BED5-09DE-44C7-AEF5-B15235126930}.Ad-Hoc|ARM.Build.0 = Release|Any CPU
		{8129BED5-09DE-44C7-AEF5-B15235126930}.Ad-Hoc|ARM.Deploy.0 = Release|Any CPU
		{8129BED5-09DE-44C7-AEF5-B15235126930}.Ad-Hoc|iPhone.ActiveCfg = Release|Any CPU
		{8129BED5-09DE-44C7-AEF5-B15235126930}.Ad-Hoc|iPhone.Build.0 = Release|Any CPU
		{8129BED5-09DE-44C7-AEF5-B15235126930}.Ad-Hoc|iPhone.Deploy.0 = Release|Any CPU
		{8129BED5-09DE-44C7-AEF5-B15235126930}.Ad-Hoc|iPhoneSimulator.ActiveCfg = Release|Any CPU
		{8129BED5-09DE-44C7-AEF5-B15235126930}.Ad-Hoc|iPhoneSimulator.Build.0 = Release|Any CPU
		{8129BED5-09DE-44C7-AEF5-B15235126930}.Ad-Hoc|iPhoneSimulator.Deploy.0 = Release|Any CPU
		{8129BED5-09DE-44C7-AEF5-B15235126930}.Ad-Hoc|x64.ActiveCfg = Release|Any CPU
		{8129BED5-09DE-44C7-AEF5-B15235126930}.Ad-Hoc|x64.Build.0 = Release|Any CPU
		{8129BED5-09DE-44C7-AEF5-B15235126930}.Ad-Hoc|x64.Deploy.0 = Release|Any CPU
		{8129BED5-09DE-44C7-AEF5-B15235126930}.Ad-Hoc|x86.ActiveCfg = Release|Any CPU
		{8129BED5-09DE-44C7-AEF5-B15235126930}.Ad-Hoc|x86.Build.0 = Release|Any CPU
		{8129BED5-09DE-44C7-AEF5-B15235126930}.Ad-Hoc|x86.Deploy.0 = Release|Any CPU
		{8129BED5-09DE-44C7-AEF5-B15235126930}.AppStore|Any CPU.ActiveCfg = Release|Any CPU
		{8129BED5-09DE-44C7-AEF5-B15235126930}.AppStore|Any CPU.Build.0 = Release|Any CPU
		{8129BED5-09DE-44C7-AEF5-B15235126930}.AppStore|Any CPU.Deploy.0 = Release|Any CPU
		{8129BED5-09DE-44C7-AEF5-B15235126930}.AppStore|ARM.ActiveCfg = Release|Any CPU
		{8129BED5-09DE-44C7-AEF5-B15235126930}.AppStore|ARM.Build.0 = Release|Any CPU
		{8129BED5-09DE-44C7-AEF5-B15235126930}.AppStore|ARM.Deploy.0 = Release|Any CPU
		{8129BED5-09DE-44C7-AEF5-B15235126930}.AppStore|iPhone.ActiveCfg = Release|Any CPU
		{8129BED5-09DE-44C7-AEF5-B15235126930}.AppStore|iPhone.Build.0 = Release|Any CPU
		{8129BED5-09DE-44C7-AEF5-B15235126930}.AppStore|iPhone.Deploy.0 = Release|Any CPU
		{8129BED5-09DE-44C7-AEF5-B15235126930}.AppStore|iPhoneSimulator.ActiveCfg = Release|Any CPU
		{8129BED5-09DE-44C7-AEF5-B15235126930}.AppStore|iPhoneSimulator.Build.0 = Release|Any CPU
		{8129BED5-09DE-44C7-AEF5-B15235126930}.AppStore|iPhoneSimulator.Deploy.0 = Release|Any CPU
		{8129BED5-09DE-44C7-AEF5-B15235126930}.AppStore|x64.ActiveCfg = Release|Any CPU
		{8129BED5-09DE-44C7-AEF5-B15235126930}.AppStore|x64.Build.0 = Release|Any CPU
		{8129BED5-09DE-44C7-AEF5-B15235126930}.AppStore|x64.Deploy.0 = Release|Any CPU
		{8129BED5-09DE-44C7-AEF5-B15235126930}.AppStore|x86.ActiveCfg = Release|Any CPU
		{8129BED5-09DE-44C7-AEF5-B15235126930}.AppStore|x86.Build.0 = Release|Any CPU
		{8129BED5-09DE-44C7-AEF5-B15235126930}.AppStore|x86.Deploy.0 = Release|Any CPU
		{8129BED5-09DE-44C7-AEF5-B15235126930}.Debug|Any CPU.ActiveCfg = Debug|Any CPU
		{8129BED5-09DE-44C7-AEF5-B15235126930}.Debug|Any CPU.Build.0 = Debug|Any CPU
		{8129BED5-09DE-44C7-AEF5-B15235126930}.Debug|Any CPU.Deploy.0 = Debug|Any CPU
		{8129BED5-09DE-44C7-AEF5-B15235126930}.Debug|ARM.ActiveCfg = Debug|Any CPU
		{8129BED5-09DE-44C7-AEF5-B15235126930}.Debug|ARM.Build.0 = Debug|Any CPU
		{8129BED5-09DE-44C7-AEF5-B15235126930}.Debug|ARM.Deploy.0 = Debug|Any CPU
		{8129BED5-09DE-44C7-AEF5-B15235126930}.Debug|iPhone.ActiveCfg = Debug|Any CPU
		{8129BED5-09DE-44C7-AEF5-B15235126930}.Debug|iPhone.Build.0 = Debug|Any CPU
		{8129BED5-09DE-44C7-AEF5-B15235126930}.Debug|iPhone.Deploy.0 = Debug|Any CPU
		{8129BED5-09DE-44C7-AEF5-B15235126930}.Debug|iPhoneSimulator.ActiveCfg = Debug|Any CPU
		{8129BED5-09DE-44C7-AEF5-B15235126930}.Debug|iPhoneSimulator.Build.0 = Debug|Any CPU
		{8129BED5-09DE-44C7-AEF5-B15235126930}.Debug|iPhoneSimulator.Deploy.0 = Debug|Any CPU
		{8129BED5-09DE-44C7-AEF5-B15235126930}.Debug|x64.ActiveCfg = Debug|Any CPU
		{8129BED5-09DE-44C7-AEF5-B15235126930}.Debug|x64.Build.0 = Debug|Any CPU
		{8129BED5-09DE-44C7-AEF5-B15235126930}.Debug|x64.Deploy.0 = Debug|Any CPU
		{8129BED5-09DE-44C7-AEF5-B15235126930}.Debug|x86.ActiveCfg = Debug|Any CPU
		{8129BED5-09DE-44C7-AEF5-B15235126930}.Debug|x86.Build.0 = Debug|Any CPU
		{8129BED5-09DE-44C7-AEF5-B15235126930}.Debug|x86.Deploy.0 = Debug|Any CPU
		{8129BED5-09DE-44C7-AEF5-B15235126930}.Release|Any CPU.ActiveCfg = Release|Any CPU
		{8129BED5-09DE-44C7-AEF5-B15235126930}.Release|Any CPU.Build.0 = Release|Any CPU
		{8129BED5-09DE-44C7-AEF5-B15235126930}.Release|Any CPU.Deploy.0 = Release|Any CPU
		{8129BED5-09DE-44C7-AEF5-B15235126930}.Release|ARM.ActiveCfg = Release|Any CPU
		{8129BED5-09DE-44C7-AEF5-B15235126930}.Release|ARM.Build.0 = Release|Any CPU
		{8129BED5-09DE-44C7-AEF5-B15235126930}.Release|ARM.Deploy.0 = Release|Any CPU
		{8129BED5-09DE-44C7-AEF5-B15235126930}.Release|iPhone.ActiveCfg = Release|Any CPU
		{8129BED5-09DE-44C7-AEF5-B15235126930}.Release|iPhone.Build.0 = Release|Any CPU
		{8129BED5-09DE-44C7-AEF5-B15235126930}.Release|iPhone.Deploy.0 = Release|Any CPU
		{8129BED5-09DE-44C7-AEF5-B15235126930}.Release|iPhoneSimulator.ActiveCfg = Release|Any CPU
		{8129BED5-09DE-44C7-AEF5-B15235126930}.Release|iPhoneSimulator.Build.0 = Release|Any CPU
		{8129BED5-09DE-44C7-AEF5-B15235126930}.Release|iPhoneSimulator.Deploy.0 = Release|Any CPU
		{8129BED5-09DE-44C7-AEF5-B15235126930}.Release|x64.ActiveCfg = Release|Any CPU
		{8129BED5-09DE-44C7-AEF5-B15235126930}.Release|x64.Build.0 = Release|Any CPU
		{8129BED5-09DE-44C7-AEF5-B15235126930}.Release|x64.Deploy.0 = Release|Any CPU
		{8129BED5-09DE-44C7-AEF5-B15235126930}.Release|x86.ActiveCfg = Release|Any CPU
		{8129BED5-09DE-44C7-AEF5-B15235126930}.Release|x86.Build.0 = Release|Any CPU
		{8129BED5-09DE-44C7-AEF5-B15235126930}.Release|x86.Deploy.0 = Release|Any CPU
		{20CA72CD-6DAD-4BC9-B289-CC71EF379F43}.Ad-Hoc|Any CPU.ActiveCfg = Ad-Hoc|iPhone
		{20CA72CD-6DAD-4BC9-B289-CC71EF379F43}.Ad-Hoc|Any CPU.Build.0 = Ad-Hoc|iPhone
		{20CA72CD-6DAD-4BC9-B289-CC71EF379F43}.Ad-Hoc|Any CPU.Deploy.0 = Ad-Hoc|iPhone
		{20CA72CD-6DAD-4BC9-B289-CC71EF379F43}.Ad-Hoc|ARM.ActiveCfg = Ad-Hoc|iPhone
		{20CA72CD-6DAD-4BC9-B289-CC71EF379F43}.Ad-Hoc|ARM.Build.0 = Ad-Hoc|iPhone
		{20CA72CD-6DAD-4BC9-B289-CC71EF379F43}.Ad-Hoc|ARM.Deploy.0 = Ad-Hoc|iPhone
		{20CA72CD-6DAD-4BC9-B289-CC71EF379F43}.Ad-Hoc|iPhone.ActiveCfg = Ad-Hoc|iPhone
		{20CA72CD-6DAD-4BC9-B289-CC71EF379F43}.Ad-Hoc|iPhone.Build.0 = Ad-Hoc|iPhone
		{20CA72CD-6DAD-4BC9-B289-CC71EF379F43}.Ad-Hoc|iPhone.Deploy.0 = Ad-Hoc|iPhone
		{20CA72CD-6DAD-4BC9-B289-CC71EF379F43}.Ad-Hoc|iPhoneSimulator.ActiveCfg = Ad-Hoc|iPhoneSimulator
		{20CA72CD-6DAD-4BC9-B289-CC71EF379F43}.Ad-Hoc|iPhoneSimulator.Build.0 = Ad-Hoc|iPhoneSimulator
		{20CA72CD-6DAD-4BC9-B289-CC71EF379F43}.Ad-Hoc|iPhoneSimulator.Deploy.0 = Ad-Hoc|iPhoneSimulator
		{20CA72CD-6DAD-4BC9-B289-CC71EF379F43}.Ad-Hoc|x64.ActiveCfg = Ad-Hoc|iPhone
		{20CA72CD-6DAD-4BC9-B289-CC71EF379F43}.Ad-Hoc|x64.Build.0 = Ad-Hoc|iPhone
		{20CA72CD-6DAD-4BC9-B289-CC71EF379F43}.Ad-Hoc|x64.Deploy.0 = Ad-Hoc|iPhone
		{20CA72CD-6DAD-4BC9-B289-CC71EF379F43}.Ad-Hoc|x86.ActiveCfg = Ad-Hoc|iPhone
		{20CA72CD-6DAD-4BC9-B289-CC71EF379F43}.Ad-Hoc|x86.Build.0 = Ad-Hoc|iPhone
		{20CA72CD-6DAD-4BC9-B289-CC71EF379F43}.Ad-Hoc|x86.Deploy.0 = Ad-Hoc|iPhone
		{20CA72CD-6DAD-4BC9-B289-CC71EF379F43}.AppStore|Any CPU.ActiveCfg = AppStore|iPhone
		{20CA72CD-6DAD-4BC9-B289-CC71EF379F43}.AppStore|Any CPU.Build.0 = AppStore|iPhone
		{20CA72CD-6DAD-4BC9-B289-CC71EF379F43}.AppStore|Any CPU.Deploy.0 = AppStore|iPhone
		{20CA72CD-6DAD-4BC9-B289-CC71EF379F43}.AppStore|ARM.ActiveCfg = AppStore|iPhone
		{20CA72CD-6DAD-4BC9-B289-CC71EF379F43}.AppStore|ARM.Build.0 = AppStore|iPhone
		{20CA72CD-6DAD-4BC9-B289-CC71EF379F43}.AppStore|ARM.Deploy.0 = AppStore|iPhone
		{20CA72CD-6DAD-4BC9-B289-CC71EF379F43}.AppStore|iPhone.ActiveCfg = AppStore|iPhone
		{20CA72CD-6DAD-4BC9-B289-CC71EF379F43}.AppStore|iPhone.Build.0 = AppStore|iPhone
		{20CA72CD-6DAD-4BC9-B289-CC71EF379F43}.AppStore|iPhone.Deploy.0 = AppStore|iPhone
		{20CA72CD-6DAD-4BC9-B289-CC71EF379F43}.AppStore|iPhoneSimulator.ActiveCfg = AppStore|iPhoneSimulator
		{20CA72CD-6DAD-4BC9-B289-CC71EF379F43}.AppStore|iPhoneSimulator.Build.0 = AppStore|iPhoneSimulator
		{20CA72CD-6DAD-4BC9-B289-CC71EF379F43}.AppStore|iPhoneSimulator.Deploy.0 = AppStore|iPhoneSimulator
		{20CA72CD-6DAD-4BC9-B289-CC71EF379F43}.AppStore|x64.ActiveCfg = AppStore|iPhone
		{20CA72CD-6DAD-4BC9-B289-CC71EF379F43}.AppStore|x64.Build.0 = AppStore|iPhone
		{20CA72CD-6DAD-4BC9-B289-CC71EF379F43}.AppStore|x64.Deploy.0 = AppStore|iPhone
		{20CA72CD-6DAD-4BC9-B289-CC71EF379F43}.AppStore|x86.ActiveCfg = AppStore|iPhone
		{20CA72CD-6DAD-4BC9-B289-CC71EF379F43}.AppStore|x86.Build.0 = AppStore|iPhone
		{20CA72CD-6DAD-4BC9-B289-CC71EF379F43}.AppStore|x86.Deploy.0 = AppStore|iPhone
		{20CA72CD-6DAD-4BC9-B289-CC71EF379F43}.Debug|Any CPU.ActiveCfg = Debug|iPhoneSimulator
		{20CA72CD-6DAD-4BC9-B289-CC71EF379F43}.Debug|Any CPU.Build.0 = Debug|iPhoneSimulator
		{20CA72CD-6DAD-4BC9-B289-CC71EF379F43}.Debug|Any CPU.Deploy.0 = Debug|iPhoneSimulator
		{20CA72CD-6DAD-4BC9-B289-CC71EF379F43}.Debug|ARM.ActiveCfg = Debug|iPhone
		{20CA72CD-6DAD-4BC9-B289-CC71EF379F43}.Debug|ARM.Build.0 = Debug|iPhone
		{20CA72CD-6DAD-4BC9-B289-CC71EF379F43}.Debug|ARM.Deploy.0 = Debug|iPhone
		{20CA72CD-6DAD-4BC9-B289-CC71EF379F43}.Debug|iPhone.ActiveCfg = Debug|iPhone
		{20CA72CD-6DAD-4BC9-B289-CC71EF379F43}.Debug|iPhone.Build.0 = Debug|iPhone
		{20CA72CD-6DAD-4BC9-B289-CC71EF379F43}.Debug|iPhone.Deploy.0 = Debug|iPhone
		{20CA72CD-6DAD-4BC9-B289-CC71EF379F43}.Debug|iPhoneSimulator.ActiveCfg = Debug|iPhoneSimulator
		{20CA72CD-6DAD-4BC9-B289-CC71EF379F43}.Debug|iPhoneSimulator.Build.0 = Debug|iPhoneSimulator
		{20CA72CD-6DAD-4BC9-B289-CC71EF379F43}.Debug|iPhoneSimulator.Deploy.0 = Debug|iPhoneSimulator
		{20CA72CD-6DAD-4BC9-B289-CC71EF379F43}.Debug|x64.ActiveCfg = Debug|iPhone
		{20CA72CD-6DAD-4BC9-B289-CC71EF379F43}.Debug|x64.Build.0 = Debug|iPhone
		{20CA72CD-6DAD-4BC9-B289-CC71EF379F43}.Debug|x64.Deploy.0 = Debug|iPhone
		{20CA72CD-6DAD-4BC9-B289-CC71EF379F43}.Debug|x86.ActiveCfg = Debug|iPhone
		{20CA72CD-6DAD-4BC9-B289-CC71EF379F43}.Debug|x86.Build.0 = Debug|iPhone
		{20CA72CD-6DAD-4BC9-B289-CC71EF379F43}.Debug|x86.Deploy.0 = Debug|iPhone
		{20CA72CD-6DAD-4BC9-B289-CC71EF379F43}.Release|Any CPU.ActiveCfg = Release|iPhone
		{20CA72CD-6DAD-4BC9-B289-CC71EF379F43}.Release|Any CPU.Build.0 = Release|iPhone
		{20CA72CD-6DAD-4BC9-B289-CC71EF379F43}.Release|Any CPU.Deploy.0 = Release|iPhone
		{20CA72CD-6DAD-4BC9-B289-CC71EF379F43}.Release|ARM.ActiveCfg = Release|iPhone
		{20CA72CD-6DAD-4BC9-B289-CC71EF379F43}.Release|ARM.Build.0 = Release|iPhone
		{20CA72CD-6DAD-4BC9-B289-CC71EF379F43}.Release|ARM.Deploy.0 = Release|iPhone
		{20CA72CD-6DAD-4BC9-B289-CC71EF379F43}.Release|iPhone.ActiveCfg = Release|iPhone
		{20CA72CD-6DAD-4BC9-B289-CC71EF379F43}.Release|iPhone.Build.0 = Release|iPhone
		{20CA72CD-6DAD-4BC9-B289-CC71EF379F43}.Release|iPhone.Deploy.0 = Release|iPhone
		{20CA72CD-6DAD-4BC9-B289-CC71EF379F43}.Release|iPhoneSimulator.ActiveCfg = Release|iPhoneSimulator
		{20CA72CD-6DAD-4BC9-B289-CC71EF379F43}.Release|iPhoneSimulator.Build.0 = Release|iPhoneSimulator
		{20CA72CD-6DAD-4BC9-B289-CC71EF379F43}.Release|iPhoneSimulator.Deploy.0 = Release|iPhoneSimulator
		{20CA72CD-6DAD-4BC9-B289-CC71EF379F43}.Release|x64.ActiveCfg = Release|iPhone
		{20CA72CD-6DAD-4BC9-B289-CC71EF379F43}.Release|x64.Build.0 = Release|iPhone
		{20CA72CD-6DAD-4BC9-B289-CC71EF379F43}.Release|x64.Deploy.0 = Release|iPhone
		{20CA72CD-6DAD-4BC9-B289-CC71EF379F43}.Release|x86.ActiveCfg = Release|iPhone
		{20CA72CD-6DAD-4BC9-B289-CC71EF379F43}.Release|x86.Build.0 = Release|iPhone
		{20CA72CD-6DAD-4BC9-B289-CC71EF379F43}.Release|x86.Deploy.0 = Release|iPhone
		{B7EF17A2-D31A-4582-9A49-C6899B0DEE21}.Ad-Hoc|Any CPU.ActiveCfg = Release|x86
		{B7EF17A2-D31A-4582-9A49-C6899B0DEE21}.Ad-Hoc|Any CPU.Build.0 = Release|x86
		{B7EF17A2-D31A-4582-9A49-C6899B0DEE21}.Ad-Hoc|Any CPU.Deploy.0 = Release|x86
		{B7EF17A2-D31A-4582-9A49-C6899B0DEE21}.Ad-Hoc|ARM.ActiveCfg = Release|ARM
		{B7EF17A2-D31A-4582-9A49-C6899B0DEE21}.Ad-Hoc|ARM.Build.0 = Release|ARM
		{B7EF17A2-D31A-4582-9A49-C6899B0DEE21}.Ad-Hoc|ARM.Deploy.0 = Release|ARM
		{B7EF17A2-D31A-4582-9A49-C6899B0DEE21}.Ad-Hoc|iPhone.ActiveCfg = Release|x86
		{B7EF17A2-D31A-4582-9A49-C6899B0DEE21}.Ad-Hoc|iPhone.Build.0 = Release|x86
		{B7EF17A2-D31A-4582-9A49-C6899B0DEE21}.Ad-Hoc|iPhone.Deploy.0 = Release|x86
		{B7EF17A2-D31A-4582-9A49-C6899B0DEE21}.Ad-Hoc|iPhoneSimulator.ActiveCfg = Release|x86
		{B7EF17A2-D31A-4582-9A49-C6899B0DEE21}.Ad-Hoc|iPhoneSimulator.Build.0 = Release|x86
		{B7EF17A2-D31A-4582-9A49-C6899B0DEE21}.Ad-Hoc|iPhoneSimulator.Deploy.0 = Release|x86
		{B7EF17A2-D31A-4582-9A49-C6899B0DEE21}.Ad-Hoc|x64.ActiveCfg = Release|x64
		{B7EF17A2-D31A-4582-9A49-C6899B0DEE21}.Ad-Hoc|x64.Build.0 = Release|x64
		{B7EF17A2-D31A-4582-9A49-C6899B0DEE21}.Ad-Hoc|x64.Deploy.0 = Release|x64
		{B7EF17A2-D31A-4582-9A49-C6899B0DEE21}.Ad-Hoc|x86.ActiveCfg = Release|x86
		{B7EF17A2-D31A-4582-9A49-C6899B0DEE21}.Ad-Hoc|x86.Build.0 = Release|x86
		{B7EF17A2-D31A-4582-9A49-C6899B0DEE21}.Ad-Hoc|x86.Deploy.0 = Release|x86
		{B7EF17A2-D31A-4582-9A49-C6899B0DEE21}.AppStore|Any CPU.ActiveCfg = Release|x86
		{B7EF17A2-D31A-4582-9A49-C6899B0DEE21}.AppStore|Any CPU.Build.0 = Release|x86
		{B7EF17A2-D31A-4582-9A49-C6899B0DEE21}.AppStore|Any CPU.Deploy.0 = Release|x86
		{B7EF17A2-D31A-4582-9A49-C6899B0DEE21}.AppStore|ARM.ActiveCfg = Release|ARM
		{B7EF17A2-D31A-4582-9A49-C6899B0DEE21}.AppStore|ARM.Build.0 = Release|ARM
		{B7EF17A2-D31A-4582-9A49-C6899B0DEE21}.AppStore|ARM.Deploy.0 = Release|ARM
		{B7EF17A2-D31A-4582-9A49-C6899B0DEE21}.AppStore|iPhone.ActiveCfg = Release|x86
		{B7EF17A2-D31A-4582-9A49-C6899B0DEE21}.AppStore|iPhone.Build.0 = Release|x86
		{B7EF17A2-D31A-4582-9A49-C6899B0DEE21}.AppStore|iPhone.Deploy.0 = Release|x86
		{B7EF17A2-D31A-4582-9A49-C6899B0DEE21}.AppStore|iPhoneSimulator.ActiveCfg = Release|x86
		{B7EF17A2-D31A-4582-9A49-C6899B0DEE21}.AppStore|iPhoneSimulator.Build.0 = Release|x86
		{B7EF17A2-D31A-4582-9A49-C6899B0DEE21}.AppStore|iPhoneSimulator.Deploy.0 = Release|x86
		{B7EF17A2-D31A-4582-9A49-C6899B0DEE21}.AppStore|x64.ActiveCfg = Release|x64
		{B7EF17A2-D31A-4582-9A49-C6899B0DEE21}.AppStore|x64.Build.0 = Release|x64
		{B7EF17A2-D31A-4582-9A49-C6899B0DEE21}.AppStore|x64.Deploy.0 = Release|x64
		{B7EF17A2-D31A-4582-9A49-C6899B0DEE21}.AppStore|x86.ActiveCfg = Release|x86
		{B7EF17A2-D31A-4582-9A49-C6899B0DEE21}.AppStore|x86.Build.0 = Release|x86
		{B7EF17A2-D31A-4582-9A49-C6899B0DEE21}.AppStore|x86.Deploy.0 = Release|x86
		{B7EF17A2-D31A-4582-9A49-C6899B0DEE21}.Debug|Any CPU.ActiveCfg = Debug|x86
		{B7EF17A2-D31A-4582-9A49-C6899B0DEE21}.Debug|Any CPU.Build.0 = Debug|x86
		{B7EF17A2-D31A-4582-9A49-C6899B0DEE21}.Debug|Any CPU.Deploy.0 = Debug|x86
		{B7EF17A2-D31A-4582-9A49-C6899B0DEE21}.Debug|ARM.ActiveCfg = Debug|ARM
		{B7EF17A2-D31A-4582-9A49-C6899B0DEE21}.Debug|ARM.Build.0 = Debug|ARM
		{B7EF17A2-D31A-4582-9A49-C6899B0DEE21}.Debug|ARM.Deploy.0 = Debug|ARM
		{B7EF17A2-D31A-4582-9A49-C6899B0DEE21}.Debug|iPhone.ActiveCfg = Debug|x86
		{B7EF17A2-D31A-4582-9A49-C6899B0DEE21}.Debug|iPhone.Build.0 = Debug|x86
		{B7EF17A2-D31A-4582-9A49-C6899B0DEE21}.Debug|iPhone.Deploy.0 = Debug|x86
		{B7EF17A2-D31A-4582-9A49-C6899B0DEE21}.Debug|iPhoneSimulator.ActiveCfg = Debug|x86
		{B7EF17A2-D31A-4582-9A49-C6899B0DEE21}.Debug|iPhoneSimulator.Build.0 = Debug|x86
		{B7EF17A2-D31A-4582-9A49-C6899B0DEE21}.Debug|iPhoneSimulator.Deploy.0 = Debug|x86
		{B7EF17A2-D31A-4582-9A49-C6899B0DEE21}.Debug|x64.ActiveCfg = Debug|x64
		{B7EF17A2-D31A-4582-9A49-C6899B0DEE21}.Debug|x64.Build.0 = Debug|x64
		{B7EF17A2-D31A-4582-9A49-C6899B0DEE21}.Debug|x64.Deploy.0 = Debug|x64
		{B7EF17A2-D31A-4582-9A49-C6899B0DEE21}.Debug|x86.ActiveCfg = Debug|x86
		{B7EF17A2-D31A-4582-9A49-C6899B0DEE21}.Debug|x86.Build.0 = Debug|x86
		{B7EF17A2-D31A-4582-9A49-C6899B0DEE21}.Debug|x86.Deploy.0 = Debug|x86
		{B7EF17A2-D31A-4582-9A49-C6899B0DEE21}.Release|Any CPU.ActiveCfg = Release|x86
		{B7EF17A2-D31A-4582-9A49-C6899B0DEE21}.Release|Any CPU.Build.0 = Release|x86
		{B7EF17A2-D31A-4582-9A49-C6899B0DEE21}.Release|Any CPU.Deploy.0 = Release|x86
		{B7EF17A2-D31A-4582-9A49-C6899B0DEE21}.Release|ARM.ActiveCfg = Release|ARM
		{B7EF17A2-D31A-4582-9A49-C6899B0DEE21}.Release|ARM.Build.0 = Release|ARM
		{B7EF17A2-D31A-4582-9A49-C6899B0DEE21}.Release|ARM.Deploy.0 = Release|ARM
		{B7EF17A2-D31A-4582-9A49-C6899B0DEE21}.Release|iPhone.ActiveCfg = Release|x86
		{B7EF17A2-D31A-4582-9A49-C6899B0DEE21}.Release|iPhone.Build.0 = Release|x86
		{B7EF17A2-D31A-4582-9A49-C6899B0DEE21}.Release|iPhone.Deploy.0 = Release|x86
		{B7EF17A2-D31A-4582-9A49-C6899B0DEE21}.Release|iPhoneSimulator.ActiveCfg = Release|x86
		{B7EF17A2-D31A-4582-9A49-C6899B0DEE21}.Release|iPhoneSimulator.Build.0 = Release|x86
		{B7EF17A2-D31A-4582-9A49-C6899B0DEE21}.Release|iPhoneSimulator.Deploy.0 = Release|x86
		{B7EF17A2-D31A-4582-9A49-C6899B0DEE21}.Release|x64.ActiveCfg = Release|x64
		{B7EF17A2-D31A-4582-9A49-C6899B0DEE21}.Release|x64.Build.0 = Release|x64
		{B7EF17A2-D31A-4582-9A49-C6899B0DEE21}.Release|x64.Deploy.0 = Release|x64
		{B7EF17A2-D31A-4582-9A49-C6899B0DEE21}.Release|x86.ActiveCfg = Release|x86
		{B7EF17A2-D31A-4582-9A49-C6899B0DEE21}.Release|x86.Build.0 = Release|x86
		{B7EF17A2-D31A-4582-9A49-C6899B0DEE21}.Release|x86.Deploy.0 = Release|x86
		{7E264E0C-92EB-400B-AEEA-7139C297A18A}.Ad-Hoc|Any CPU.ActiveCfg = Debug|Any CPU
		{7E264E0C-92EB-400B-AEEA-7139C297A18A}.Ad-Hoc|Any CPU.Build.0 = Debug|Any CPU
		{7E264E0C-92EB-400B-AEEA-7139C297A18A}.Ad-Hoc|Any CPU.Deploy.0 = Debug|Any CPU
		{7E264E0C-92EB-400B-AEEA-7139C297A18A}.Ad-Hoc|ARM.ActiveCfg = Debug|Any CPU
		{7E264E0C-92EB-400B-AEEA-7139C297A18A}.Ad-Hoc|ARM.Build.0 = Debug|Any CPU
		{7E264E0C-92EB-400B-AEEA-7139C297A18A}.Ad-Hoc|ARM.Deploy.0 = Debug|Any CPU
		{7E264E0C-92EB-400B-AEEA-7139C297A18A}.Ad-Hoc|iPhone.ActiveCfg = Debug|Any CPU
		{7E264E0C-92EB-400B-AEEA-7139C297A18A}.Ad-Hoc|iPhone.Build.0 = Debug|Any CPU
		{7E264E0C-92EB-400B-AEEA-7139C297A18A}.Ad-Hoc|iPhone.Deploy.0 = Debug|Any CPU
		{7E264E0C-92EB-400B-AEEA-7139C297A18A}.Ad-Hoc|iPhoneSimulator.ActiveCfg = Debug|Any CPU
		{7E264E0C-92EB-400B-AEEA-7139C297A18A}.Ad-Hoc|iPhoneSimulator.Build.0 = Debug|Any CPU
		{7E264E0C-92EB-400B-AEEA-7139C297A18A}.Ad-Hoc|iPhoneSimulator.Deploy.0 = Debug|Any CPU
		{7E264E0C-92EB-400B-AEEA-7139C297A18A}.Ad-Hoc|x64.ActiveCfg = Debug|Any CPU
		{7E264E0C-92EB-400B-AEEA-7139C297A18A}.Ad-Hoc|x64.Build.0 = Debug|Any CPU
		{7E264E0C-92EB-400B-AEEA-7139C297A18A}.Ad-Hoc|x64.Deploy.0 = Debug|Any CPU
		{7E264E0C-92EB-400B-AEEA-7139C297A18A}.Ad-Hoc|x86.ActiveCfg = Debug|Any CPU
		{7E264E0C-92EB-400B-AEEA-7139C297A18A}.Ad-Hoc|x86.Build.0 = Debug|Any CPU
		{7E264E0C-92EB-400B-AEEA-7139C297A18A}.Ad-Hoc|x86.Deploy.0 = Debug|Any CPU
		{7E264E0C-92EB-400B-AEEA-7139C297A18A}.AppStore|Any CPU.ActiveCfg = Debug|Any CPU
		{7E264E0C-92EB-400B-AEEA-7139C297A18A}.AppStore|Any CPU.Build.0 = Debug|Any CPU
		{7E264E0C-92EB-400B-AEEA-7139C297A18A}.AppStore|Any CPU.Deploy.0 = Debug|Any CPU
		{7E264E0C-92EB-400B-AEEA-7139C297A18A}.AppStore|ARM.ActiveCfg = Debug|Any CPU
		{7E264E0C-92EB-400B-AEEA-7139C297A18A}.AppStore|ARM.Build.0 = Debug|Any CPU
		{7E264E0C-92EB-400B-AEEA-7139C297A18A}.AppStore|ARM.Deploy.0 = Debug|Any CPU
		{7E264E0C-92EB-400B-AEEA-7139C297A18A}.AppStore|iPhone.ActiveCfg = Debug|Any CPU
		{7E264E0C-92EB-400B-AEEA-7139C297A18A}.AppStore|iPhone.Build.0 = Debug|Any CPU
		{7E264E0C-92EB-400B-AEEA-7139C297A18A}.AppStore|iPhone.Deploy.0 = Debug|Any CPU
		{7E264E0C-92EB-400B-AEEA-7139C297A18A}.AppStore|iPhoneSimulator.ActiveCfg = Debug|Any CPU
		{7E264E0C-92EB-400B-AEEA-7139C297A18A}.AppStore|iPhoneSimulator.Build.0 = Debug|Any CPU
		{7E264E0C-92EB-400B-AEEA-7139C297A18A}.AppStore|iPhoneSimulator.Deploy.0 = Debug|Any CPU
		{7E264E0C-92EB-400B-AEEA-7139C297A18A}.AppStore|x64.ActiveCfg = Debug|Any CPU
		{7E264E0C-92EB-400B-AEEA-7139C297A18A}.AppStore|x64.Build.0 = Debug|Any CPU
		{7E264E0C-92EB-400B-AEEA-7139C297A18A}.AppStore|x64.Deploy.0 = Debug|Any CPU
		{7E264E0C-92EB-400B-AEEA-7139C297A18A}.AppStore|x86.ActiveCfg = Debug|Any CPU
		{7E264E0C-92EB-400B-AEEA-7139C297A18A}.AppStore|x86.Build.0 = Debug|Any CPU
		{7E264E0C-92EB-400B-AEEA-7139C297A18A}.AppStore|x86.Deploy.0 = Debug|Any CPU
		{7E264E0C-92EB-400B-AEEA-7139C297A18A}.Debug|Any CPU.ActiveCfg = Debug|Any CPU
		{7E264E0C-92EB-400B-AEEA-7139C297A18A}.Debug|Any CPU.Build.0 = Debug|Any CPU
		{7E264E0C-92EB-400B-AEEA-7139C297A18A}.Debug|Any CPU.Deploy.0 = Debug|Any CPU
		{7E264E0C-92EB-400B-AEEA-7139C297A18A}.Debug|ARM.ActiveCfg = Debug|Any CPU
		{7E264E0C-92EB-400B-AEEA-7139C297A18A}.Debug|ARM.Build.0 = Debug|Any CPU
		{7E264E0C-92EB-400B-AEEA-7139C297A18A}.Debug|ARM.Deploy.0 = Debug|Any CPU
		{7E264E0C-92EB-400B-AEEA-7139C297A18A}.Debug|iPhone.ActiveCfg = Debug|Any CPU
		{7E264E0C-92EB-400B-AEEA-7139C297A18A}.Debug|iPhone.Build.0 = Debug|Any CPU
		{7E264E0C-92EB-400B-AEEA-7139C297A18A}.Debug|iPhone.Deploy.0 = Debug|Any CPU
		{7E264E0C-92EB-400B-AEEA-7139C297A18A}.Debug|iPhoneSimulator.ActiveCfg = Debug|Any CPU
		{7E264E0C-92EB-400B-AEEA-7139C297A18A}.Debug|iPhoneSimulator.Build.0 = Debug|Any CPU
		{7E264E0C-92EB-400B-AEEA-7139C297A18A}.Debug|iPhoneSimulator.Deploy.0 = Debug|Any CPU
		{7E264E0C-92EB-400B-AEEA-7139C297A18A}.Debug|x64.ActiveCfg = Debug|Any CPU
		{7E264E0C-92EB-400B-AEEA-7139C297A18A}.Debug|x64.Build.0 = Debug|Any CPU
		{7E264E0C-92EB-400B-AEEA-7139C297A18A}.Debug|x64.Deploy.0 = Debug|Any CPU
		{7E264E0C-92EB-400B-AEEA-7139C297A18A}.Debug|x86.ActiveCfg = Debug|Any CPU
		{7E264E0C-92EB-400B-AEEA-7139C297A18A}.Debug|x86.Build.0 = Debug|Any CPU
		{7E264E0C-92EB-400B-AEEA-7139C297A18A}.Debug|x86.Deploy.0 = Debug|Any CPU
		{7E264E0C-92EB-400B-AEEA-7139C297A18A}.Release|Any CPU.ActiveCfg = Release|Any CPU
		{7E264E0C-92EB-400B-AEEA-7139C297A18A}.Release|Any CPU.Build.0 = Release|Any CPU
		{7E264E0C-92EB-400B-AEEA-7139C297A18A}.Release|Any CPU.Deploy.0 = Release|Any CPU
		{7E264E0C-92EB-400B-AEEA-7139C297A18A}.Release|ARM.ActiveCfg = Release|Any CPU
		{7E264E0C-92EB-400B-AEEA-7139C297A18A}.Release|ARM.Build.0 = Release|Any CPU
		{7E264E0C-92EB-400B-AEEA-7139C297A18A}.Release|ARM.Deploy.0 = Release|Any CPU
		{7E264E0C-92EB-400B-AEEA-7139C297A18A}.Release|iPhone.ActiveCfg = Release|Any CPU
		{7E264E0C-92EB-400B-AEEA-7139C297A18A}.Release|iPhone.Build.0 = Release|Any CPU
		{7E264E0C-92EB-400B-AEEA-7139C297A18A}.Release|iPhone.Deploy.0 = Release|Any CPU
		{7E264E0C-92EB-400B-AEEA-7139C297A18A}.Release|iPhoneSimulator.ActiveCfg = Release|Any CPU
		{7E264E0C-92EB-400B-AEEA-7139C297A18A}.Release|iPhoneSimulator.Build.0 = Release|Any CPU
		{7E264E0C-92EB-400B-AEEA-7139C297A18A}.Release|iPhoneSimulator.Deploy.0 = Release|Any CPU
		{7E264E0C-92EB-400B-AEEA-7139C297A18A}.Release|x64.ActiveCfg = Release|Any CPU
		{7E264E0C-92EB-400B-AEEA-7139C297A18A}.Release|x64.Build.0 = Release|Any CPU
		{7E264E0C-92EB-400B-AEEA-7139C297A18A}.Release|x64.Deploy.0 = Release|Any CPU
		{7E264E0C-92EB-400B-AEEA-7139C297A18A}.Release|x86.ActiveCfg = Release|Any CPU
		{7E264E0C-92EB-400B-AEEA-7139C297A18A}.Release|x86.Build.0 = Release|Any CPU
		{7E264E0C-92EB-400B-AEEA-7139C297A18A}.Release|x86.Deploy.0 = Release|Any CPU
	EndGlobalSection
	GlobalSection(SolutionProperties) = preSolution
		HideSolutionNode = FALSE
	EndGlobalSection
	GlobalSection(ExtensibilityGlobals) = postSolution
		SolutionGuid = {D5AB9098-2D73-4338-BB46-0881804AD616}
	EndGlobalSection
EndGlobal
