
Microsoft Visual Studio Solution File, Format Version 12.00
# Visual Studio 15
VisualStudioVersion = 15.0.27703.2042
MinimumVisualStudioVersion = 10.0.40219.1
Project("{FAE04EC0-301F-11D3-BF4B-00C04F79EFBC}") = "App_Speak.Android", "App_Speak\App_Speak.Android\App_Speak.Android.csproj", "{B81384DA-B1FB-4BD8-96BC-39D525F2DACA}"
EndProject
Project("{FAE04EC0-301F-11D3-BF4B-00C04F79EFBC}") = "App_Speak.iOS", "App_Speak\App_Speak.iOS\App_Speak.iOS.csproj", "{D324A662-6A67-4B41-A7C5-2D25B1D852B7}"
EndProject
Project("{FAE04EC0-301F-11D3-BF4B-00C04F79EFBC}") = "App_Speak.UWP", "App_Speak\App_Speak.UWP\App_Speak.UWP.csproj", "{04433BA9-9B55-4787-9A70-49A1B47D0636}"
EndProject
Project("{FAE04EC0-301F-11D3-BF4B-00C04F79EFBC}") = "App_Speak", "App_Speak\App_Speak\App_Speak.csproj", "{AC94B9DA-AC71-470C-A9F2-853E73058303}"
EndProject
Global
	GlobalSection(SolutionConfigurationPlatforms) = preSolution
		Ad-Hoc|Any CPU = Ad-Hoc|Any CPU
		Ad-Hoc|ARM = Ad-Hoc|ARM
		Ad-Hoc|iPhone = Ad-Hoc|iPhone
		Ad-Hoc|iPhoneSimulator = Ad-Hoc|iPhoneSimulator
		Ad-Hoc|x64 = Ad-Hoc|x64
		Ad-Hoc|x86 = Ad-Hoc|x86
		AppStore|Any CPU = AppStore|Any CPU
		AppStore|ARM = AppStore|ARM
		AppStore|iPhone = AppStore|iPhone
		AppStore|iPhoneSimulator = AppStore|iPhoneSimulator
		AppStore|x64 = AppStore|x64
		AppStore|x86 = AppStore|x86
		Debug|Any CPU = Debug|Any CPU
		Debug|ARM = Debug|ARM
		Debug|iPhone = Debug|iPhone
		Debug|iPhoneSimulator = Debug|iPhoneSimulator
		Debug|x64 = Debug|x64
		Debug|x86 = Debug|x86
		Release|Any CPU = Release|Any CPU
		Release|ARM = Release|ARM
		Release|iPhone = Release|iPhone
		Release|iPhoneSimulator = Release|iPhoneSimulator
		Release|x64 = Release|x64
		Release|x86 = Release|x86
	EndGlobalSection
	GlobalSection(ProjectConfigurationPlatforms) = postSolution
		{B81384DA-B1FB-4BD8-96BC-39D525F2DACA}.Ad-Hoc|Any CPU.ActiveCfg = Release|Any CPU
		{B81384DA-B1FB-4BD8-96BC-39D525F2DACA}.Ad-Hoc|Any CPU.Build.0 = Release|Any CPU
		{B81384DA-B1FB-4BD8-96BC-39D525F2DACA}.Ad-Hoc|Any CPU.Deploy.0 = Release|Any CPU
		{B81384DA-B1FB-4BD8-96BC-39D525F2DACA}.Ad-Hoc|ARM.ActiveCfg = Release|Any CPU
		{B81384DA-B1FB-4BD8-96BC-39D525F2DACA}.Ad-Hoc|ARM.Build.0 = Release|Any CPU
		{B81384DA-B1FB-4BD8-96BC-39D525F2DACA}.Ad-Hoc|ARM.Deploy.0 = Release|Any CPU
		{B81384DA-B1FB-4BD8-96BC-39D525F2DACA}.Ad-Hoc|iPhone.ActiveCfg = Release|Any CPU
		{B81384DA-B1FB-4BD8-96BC-39D525F2DACA}.Ad-Hoc|iPhone.Build.0 = Release|Any CPU
		{B81384DA-B1FB-4BD8-96BC-39D525F2DACA}.Ad-Hoc|iPhone.Deploy.0 = Release|Any CPU
		{B81384DA-B1FB-4BD8-96BC-39D525F2DACA}.Ad-Hoc|iPhoneSimulator.ActiveCfg = Release|Any CPU
		{B81384DA-B1FB-4BD8-96BC-39D525F2DACA}.Ad-Hoc|iPhoneSimulator.Build.0 = Release|Any CPU
		{B81384DA-B1FB-4BD8-96BC-39D525F2DACA}.Ad-Hoc|iPhoneSimulator.Deploy.0 = Release|Any CPU
		{B81384DA-B1FB-4BD8-96BC-39D525F2DACA}.Ad-Hoc|x64.ActiveCfg = Release|Any CPU
		{B81384DA-B1FB-4BD8-96BC-39D525F2DACA}.Ad-Hoc|x64.Build.0 = Release|Any CPU
		{B81384DA-B1FB-4BD8-96BC-39D525F2DACA}.Ad-Hoc|x64.Deploy.0 = Release|Any CPU
		{B81384DA-B1FB-4BD8-96BC-39D525F2DACA}.Ad-Hoc|x86.ActiveCfg = Release|Any CPU
		{B81384DA-B1FB-4BD8-96BC-39D525F2DACA}.Ad-Hoc|x86.Build.0 = Release|Any CPU
		{B81384DA-B1FB-4BD8-96BC-39D525F2DACA}.Ad-Hoc|x86.Deploy.0 = Release|Any CPU
		{B81384DA-B1FB-4BD8-96BC-39D525F2DACA}.AppStore|Any CPU.ActiveCfg = Release|Any CPU
		{B81384DA-B1FB-4BD8-96BC-39D525F2DACA}.AppStore|Any CPU.Build.0 = Release|Any CPU
		{B81384DA-B1FB-4BD8-96BC-39D525F2DACA}.AppStore|Any CPU.Deploy.0 = Release|Any CPU
		{B81384DA-B1FB-4BD8-96BC-39D525F2DACA}.AppStore|ARM.ActiveCfg = Release|Any CPU
		{B81384DA-B1FB-4BD8-96BC-39D525F2DACA}.AppStore|ARM.Build.0 = Release|Any CPU
		{B81384DA-B1FB-4BD8-96BC-39D525F2DACA}.AppStore|ARM.Deploy.0 = Release|Any CPU
		{B81384DA-B1FB-4BD8-96BC-39D525F2DACA}.AppStore|iPhone.ActiveCfg = Release|Any CPU
		{B81384DA-B1FB-4BD8-96BC-39D525F2DACA}.AppStore|iPhone.Build.0 = Release|Any CPU
		{B81384DA-B1FB-4BD8-96BC-39D525F2DACA}.AppStore|iPhone.Deploy.0 = Release|Any CPU
		{B81384DA-B1FB-4BD8-96BC-39D525F2DACA}.AppStore|iPhoneSimulator.ActiveCfg = Release|Any CPU
		{B81384DA-B1FB-4BD8-96BC-39D525F2DACA}.AppStore|iPhoneSimulator.Build.0 = Release|Any CPU
		{B81384DA-B1FB-4BD8-96BC-39D525F2DACA}.AppStore|iPhoneSimulator.Deploy.0 = Release|Any CPU
		{B81384DA-B1FB-4BD8-96BC-39D525F2DACA}.AppStore|x64.ActiveCfg = Release|Any CPU
		{B81384DA-B1FB-4BD8-96BC-39D525F2DACA}.AppStore|x64.Build.0 = Release|Any CPU
		{B81384DA-B1FB-4BD8-96BC-39D525F2DACA}.AppStore|x64.Deploy.0 = Release|Any CPU
		{B81384DA-B1FB-4BD8-96BC-39D525F2DACA}.AppStore|x86.ActiveCfg = Release|Any CPU
		{B81384DA-B1FB-4BD8-96BC-39D525F2DACA}.AppStore|x86.Build.0 = Release|Any CPU
		{B81384DA-B1FB-4BD8-96BC-39D525F2DACA}.AppStore|x86.Deploy.0 = Release|Any CPU
		{B81384DA-B1FB-4BD8-96BC-39D525F2DACA}.Debug|Any CPU.ActiveCfg = Debug|Any CPU
		{B81384DA-B1FB-4BD8-96BC-39D525F2DACA}.Debug|Any CPU.Build.0 = Debug|Any CPU
		{B81384DA-B1FB-4BD8-96BC-39D525F2DACA}.Debug|Any CPU.Deploy.0 = Debug|Any CPU
		{B81384DA-B1FB-4BD8-96BC-39D525F2DACA}.Debug|ARM.ActiveCfg = Debug|Any CPU
		{B81384DA-B1FB-4BD8-96BC-39D525F2DACA}.Debug|ARM.Build.0 = Debug|Any CPU
		{B81384DA-B1FB-4BD8-96BC-39D525F2DACA}.Debug|ARM.Deploy.0 = Debug|Any CPU
		{B81384DA-B1FB-4BD8-96BC-39D525F2DACA}.Debug|iPhone.ActiveCfg = Debug|Any CPU
		{B81384DA-B1FB-4BD8-96BC-39D525F2DACA}.Debug|iPhone.Build.0 = Debug|Any CPU
		{B81384DA-B1FB-4BD8-96BC-39D525F2DACA}.Debug|iPhone.Deploy.0 = Debug|Any CPU
		{B81384DA-B1FB-4BD8-96BC-39D525F2DACA}.Debug|iPhoneSimulator.ActiveCfg = Debug|Any CPU
		{B81384DA-B1FB-4BD8-96BC-39D525F2DACA}.Debug|iPhoneSimulator.Build.0 = Debug|Any CPU
		{B81384DA-B1FB-4BD8-96BC-39D525F2DACA}.Debug|iPhoneSimulator.Deploy.0 = Debug|Any CPU
		{B81384DA-B1FB-4BD8-96BC-39D525F2DACA}.Debug|x64.ActiveCfg = Debug|Any CPU
		{B81384DA-B1FB-4BD8-96BC-39D525F2DACA}.Debug|x64.Build.0 = Debug|Any CPU
		{B81384DA-B1FB-4BD8-96BC-39D525F2DACA}.Debug|x64.Deploy.0 = Debug|Any CPU
		{B81384DA-B1FB-4BD8-96BC-39D525F2DACA}.Debug|x86.ActiveCfg = Debug|Any CPU
		{B81384DA-B1FB-4BD8-96BC-39D525F2DACA}.Debug|x86.Build.0 = Debug|Any CPU
		{B81384DA-B1FB-4BD8-96BC-39D525F2DACA}.Debug|x86.Deploy.0 = Debug|Any CPU
		{B81384DA-B1FB-4BD8-96BC-39D525F2DACA}.Release|Any CPU.ActiveCfg = Release|Any CPU
		{B81384DA-B1FB-4BD8-96BC-39D525F2DACA}.Release|Any CPU.Build.0 = Release|Any CPU
		{B81384DA-B1FB-4BD8-96BC-39D525F2DACA}.Release|Any CPU.Deploy.0 = Release|Any CPU
		{B81384DA-B1FB-4BD8-96BC-39D525F2DACA}.Release|ARM.ActiveCfg = Release|Any CPU
		{B81384DA-B1FB-4BD8-96BC-39D525F2DACA}.Release|ARM.Build.0 = Release|Any CPU
		{B81384DA-B1FB-4BD8-96BC-39D525F2DACA}.Release|ARM.Deploy.0 = Release|Any CPU
		{B81384DA-B1FB-4BD8-96BC-39D525F2DACA}.Release|iPhone.ActiveCfg = Release|Any CPU
		{B81384DA-B1FB-4BD8-96BC-39D525F2DACA}.Release|iPhone.Build.0 = Release|Any CPU
		{B81384DA-B1FB-4BD8-96BC-39D525F2DACA}.Release|iPhone.Deploy.0 = Release|Any CPU
		{B81384DA-B1FB-4BD8-96BC-39D525F2DACA}.Release|iPhoneSimulator.ActiveCfg = Release|Any CPU
		{B81384DA-B1FB-4BD8-96BC-39D525F2DACA}.Release|iPhoneSimulator.Build.0 = Release|Any CPU
		{B81384DA-B1FB-4BD8-96BC-39D525F2DACA}.Release|iPhoneSimulator.Deploy.0 = Release|Any CPU
		{B81384DA-B1FB-4BD8-96BC-39D525F2DACA}.Release|x64.ActiveCfg = Release|Any CPU
		{B81384DA-B1FB-4BD8-96BC-39D525F2DACA}.Release|x64.Build.0 = Release|Any CPU
		{B81384DA-B1FB-4BD8-96BC-39D525F2DACA}.Release|x64.Deploy.0 = Release|Any CPU
		{B81384DA-B1FB-4BD8-96BC-39D525F2DACA}.Release|x86.ActiveCfg = Release|Any CPU
		{B81384DA-B1FB-4BD8-96BC-39D525F2DACA}.Release|x86.Build.0 = Release|Any CPU
		{B81384DA-B1FB-4BD8-96BC-39D525F2DACA}.Release|x86.Deploy.0 = Release|Any CPU
		{D324A662-6A67-4B41-A7C5-2D25B1D852B7}.Ad-Hoc|Any CPU.ActiveCfg = Ad-Hoc|iPhone
		{D324A662-6A67-4B41-A7C5-2D25B1D852B7}.Ad-Hoc|Any CPU.Build.0 = Ad-Hoc|iPhone
		{D324A662-6A67-4B41-A7C5-2D25B1D852B7}.Ad-Hoc|Any CPU.Deploy.0 = Ad-Hoc|iPhone
		{D324A662-6A67-4B41-A7C5-2D25B1D852B7}.Ad-Hoc|ARM.ActiveCfg = Ad-Hoc|iPhone
		{D324A662-6A67-4B41-A7C5-2D25B1D852B7}.Ad-Hoc|ARM.Build.0 = Ad-Hoc|iPhone
		{D324A662-6A67-4B41-A7C5-2D25B1D852B7}.Ad-Hoc|ARM.Deploy.0 = Ad-Hoc|iPhone
		{D324A662-6A67-4B41-A7C5-2D25B1D852B7}.Ad-Hoc|iPhone.ActiveCfg = Ad-Hoc|iPhone
		{D324A662-6A67-4B41-A7C5-2D25B1D852B7}.Ad-Hoc|iPhone.Build.0 = Ad-Hoc|iPhone
		{D324A662-6A67-4B41-A7C5-2D25B1D852B7}.Ad-Hoc|iPhone.Deploy.0 = Ad-Hoc|iPhone
		{D324A662-6A67-4B41-A7C5-2D25B1D852B7}.Ad-Hoc|iPhoneSimulator.ActiveCfg = Ad-Hoc|iPhoneSimulator
		{D324A662-6A67-4B41-A7C5-2D25B1D852B7}.Ad-Hoc|iPhoneSimulator.Build.0 = Ad-Hoc|iPhoneSimulator
		{D324A662-6A67-4B41-A7C5-2D25B1D852B7}.Ad-Hoc|iPhoneSimulator.Deploy.0 = Ad-Hoc|iPhoneSimulator
		{D324A662-6A67-4B41-A7C5-2D25B1D852B7}.Ad-Hoc|x64.ActiveCfg = Ad-Hoc|iPhone
		{D324A662-6A67-4B41-A7C5-2D25B1D852B7}.Ad-Hoc|x64.Build.0 = Ad-Hoc|iPhone
		{D324A662-6A67-4B41-A7C5-2D25B1D852B7}.Ad-Hoc|x64.Deploy.0 = Ad-Hoc|iPhone
		{D324A662-6A67-4B41-A7C5-2D25B1D852B7}.Ad-Hoc|x86.ActiveCfg = Ad-Hoc|iPhone
		{D324A662-6A67-4B41-A7C5-2D25B1D852B7}.Ad-Hoc|x86.Build.0 = Ad-Hoc|iPhone
		{D324A662-6A67-4B41-A7C5-2D25B1D852B7}.Ad-Hoc|x86.Deploy.0 = Ad-Hoc|iPhone
		{D324A662-6A67-4B41-A7C5-2D25B1D852B7}.AppStore|Any CPU.ActiveCfg = AppStore|iPhone
		{D324A662-6A67-4B41-A7C5-2D25B1D852B7}.AppStore|Any CPU.Build.0 = AppStore|iPhone
		{D324A662-6A67-4B41-A7C5-2D25B1D852B7}.AppStore|Any CPU.Deploy.0 = AppStore|iPhone
		{D324A662-6A67-4B41-A7C5-2D25B1D852B7}.AppStore|ARM.ActiveCfg = AppStore|iPhone
		{D324A662-6A67-4B41-A7C5-2D25B1D852B7}.AppStore|ARM.Build.0 = AppStore|iPhone
		{D324A662-6A67-4B41-A7C5-2D25B1D852B7}.AppStore|ARM.Deploy.0 = AppStore|iPhone
		{D324A662-6A67-4B41-A7C5-2D25B1D852B7}.AppStore|iPhone.ActiveCfg = AppStore|iPhone
		{D324A662-6A67-4B41-A7C5-2D25B1D852B7}.AppStore|iPhone.Build.0 = AppStore|iPhone
		{D324A662-6A67-4B41-A7C5-2D25B1D852B7}.AppStore|iPhone.Deploy.0 = AppStore|iPhone
		{D324A662-6A67-4B41-A7C5-2D25B1D852B7}.AppStore|iPhoneSimulator.ActiveCfg = AppStore|iPhoneSimulator
		{D324A662-6A67-4B41-A7C5-2D25B1D852B7}.AppStore|iPhoneSimulator.Build.0 = AppStore|iPhoneSimulator
		{D324A662-6A67-4B41-A7C5-2D25B1D852B7}.AppStore|iPhoneSimulator.Deploy.0 = AppStore|iPhoneSimulator
		{D324A662-6A67-4B41-A7C5-2D25B1D852B7}.AppStore|x64.ActiveCfg = AppStore|iPhone
		{D324A662-6A67-4B41-A7C5-2D25B1D852B7}.AppStore|x64.Build.0 = AppStore|iPhone
		{D324A662-6A67-4B41-A7C5-2D25B1D852B7}.AppStore|x64.Deploy.0 = AppStore|iPhone
		{D324A662-6A67-4B41-A7C5-2D25B1D852B7}.AppStore|x86.ActiveCfg = AppStore|iPhone
		{D324A662-6A67-4B41-A7C5-2D25B1D852B7}.AppStore|x86.Build.0 = AppStore|iPhone
		{D324A662-6A67-4B41-A7C5-2D25B1D852B7}.AppStore|x86.Deploy.0 = AppStore|iPhone
		{D324A662-6A67-4B41-A7C5-2D25B1D852B7}.Debug|Any CPU.ActiveCfg = Debug|iPhoneSimulator
		{D324A662-6A67-4B41-A7C5-2D25B1D852B7}.Debug|Any CPU.Build.0 = Debug|iPhoneSimulator
		{D324A662-6A67-4B41-A7C5-2D25B1D852B7}.Debug|Any CPU.Deploy.0 = Debug|iPhoneSimulator
		{D324A662-6A67-4B41-A7C5-2D25B1D852B7}.Debug|ARM.ActiveCfg = Debug|iPhone
		{D324A662-6A67-4B41-A7C5-2D25B1D852B7}.Debug|ARM.Build.0 = Debug|iPhone
		{D324A662-6A67-4B41-A7C5-2D25B1D852B7}.Debug|ARM.Deploy.0 = Debug|iPhone
		{D324A662-6A67-4B41-A7C5-2D25B1D852B7}.Debug|iPhone.ActiveCfg = Debug|iPhone
		{D324A662-6A67-4B41-A7C5-2D25B1D852B7}.Debug|iPhone.Build.0 = Debug|iPhone
		{D324A662-6A67-4B41-A7C5-2D25B1D852B7}.Debug|iPhone.Deploy.0 = Debug|iPhone
		{D324A662-6A67-4B41-A7C5-2D25B1D852B7}.Debug|iPhoneSimulator.ActiveCfg = Debug|iPhoneSimulator
		{D324A662-6A67-4B41-A7C5-2D25B1D852B7}.Debug|iPhoneSimulator.Build.0 = Debug|iPhoneSimulator
		{D324A662-6A67-4B41-A7C5-2D25B1D852B7}.Debug|iPhoneSimulator.Deploy.0 = Debug|iPhoneSimulator
		{D324A662-6A67-4B41-A7C5-2D25B1D852B7}.Debug|x64.ActiveCfg = Debug|iPhone
		{D324A662-6A67-4B41-A7C5-2D25B1D852B7}.Debug|x64.Build.0 = Debug|iPhone
		{D324A662-6A67-4B41-A7C5-2D25B1D852B7}.Debug|x64.Deploy.0 = Debug|iPhone
		{D324A662-6A67-4B41-A7C5-2D25B1D852B7}.Debug|x86.ActiveCfg = Debug|iPhone
		{D324A662-6A67-4B41-A7C5-2D25B1D852B7}.Debug|x86.Build.0 = Debug|iPhone
		{D324A662-6A67-4B41-A7C5-2D25B1D852B7}.Debug|x86.Deploy.0 = Debug|iPhone
		{D324A662-6A67-4B41-A7C5-2D25B1D852B7}.Release|Any CPU.ActiveCfg = Release|iPhone
		{D324A662-6A67-4B41-A7C5-2D25B1D852B7}.Release|Any CPU.Build.0 = Release|iPhone
		{D324A662-6A67-4B41-A7C5-2D25B1D852B7}.Release|Any CPU.Deploy.0 = Release|iPhone
		{D324A662-6A67-4B41-A7C5-2D25B1D852B7}.Release|ARM.ActiveCfg = Release|iPhone
		{D324A662-6A67-4B41-A7C5-2D25B1D852B7}.Release|ARM.Build.0 = Release|iPhone
		{D324A662-6A67-4B41-A7C5-2D25B1D852B7}.Release|ARM.Deploy.0 = Release|iPhone
		{D324A662-6A67-4B41-A7C5-2D25B1D852B7}.Release|iPhone.ActiveCfg = Release|iPhone
		{D324A662-6A67-4B41-A7C5-2D25B1D852B7}.Release|iPhone.Build.0 = Release|iPhone
		{D324A662-6A67-4B41-A7C5-2D25B1D852B7}.Release|iPhone.Deploy.0 = Release|iPhone
		{D324A662-6A67-4B41-A7C5-2D25B1D852B7}.Release|iPhoneSimulator.ActiveCfg = Release|iPhoneSimulator
		{D324A662-6A67-4B41-A7C5-2D25B1D852B7}.Release|iPhoneSimulator.Build.0 = Release|iPhoneSimulator
		{D324A662-6A67-4B41-A7C5-2D25B1D852B7}.Release|iPhoneSimulator.Deploy.0 = Release|iPhoneSimulator
		{D324A662-6A67-4B41-A7C5-2D25B1D852B7}.Release|x64.ActiveCfg = Release|iPhone
		{D324A662-6A67-4B41-A7C5-2D25B1D852B7}.Release|x64.Build.0 = Release|iPhone
		{D324A662-6A67-4B41-A7C5-2D25B1D852B7}.Release|x64.Deploy.0 = Release|iPhone
		{D324A662-6A67-4B41-A7C5-2D25B1D852B7}.Release|x86.ActiveCfg = Release|iPhone
		{D324A662-6A67-4B41-A7C5-2D25B1D852B7}.Release|x86.Build.0 = Release|iPhone
		{D324A662-6A67-4B41-A7C5-2D25B1D852B7}.Release|x86.Deploy.0 = Release|iPhone
		{04433BA9-9B55-4787-9A70-49A1B47D0636}.Ad-Hoc|Any CPU.ActiveCfg = Release|x86
		{04433BA9-9B55-4787-9A70-49A1B47D0636}.Ad-Hoc|Any CPU.Build.0 = Release|x86
		{04433BA9-9B55-4787-9A70-49A1B47D0636}.Ad-Hoc|Any CPU.Deploy.0 = Release|x86
		{04433BA9-9B55-4787-9A70-49A1B47D0636}.Ad-Hoc|ARM.ActiveCfg = Release|ARM
		{04433BA9-9B55-4787-9A70-49A1B47D0636}.Ad-Hoc|ARM.Build.0 = Release|ARM
		{04433BA9-9B55-4787-9A70-49A1B47D0636}.Ad-Hoc|ARM.Deploy.0 = Release|ARM
		{04433BA9-9B55-4787-9A70-49A1B47D0636}.Ad-Hoc|iPhone.ActiveCfg = Release|x86
		{04433BA9-9B55-4787-9A70-49A1B47D0636}.Ad-Hoc|iPhone.Build.0 = Release|x86
		{04433BA9-9B55-4787-9A70-49A1B47D0636}.Ad-Hoc|iPhone.Deploy.0 = Release|x86
		{04433BA9-9B55-4787-9A70-49A1B47D0636}.Ad-Hoc|iPhoneSimulator.ActiveCfg = Release|x86
		{04433BA9-9B55-4787-9A70-49A1B47D0636}.Ad-Hoc|iPhoneSimulator.Build.0 = Release|x86
		{04433BA9-9B55-4787-9A70-49A1B47D0636}.Ad-Hoc|iPhoneSimulator.Deploy.0 = Release|x86
		{04433BA9-9B55-4787-9A70-49A1B47D0636}.Ad-Hoc|x64.ActiveCfg = Release|x64
		{04433BA9-9B55-4787-9A70-49A1B47D0636}.Ad-Hoc|x64.Build.0 = Release|x64
		{04433BA9-9B55-4787-9A70-49A1B47D0636}.Ad-Hoc|x64.Deploy.0 = Release|x64
		{04433BA9-9B55-4787-9A70-49A1B47D0636}.Ad-Hoc|x86.ActiveCfg = Release|x86
		{04433BA9-9B55-4787-9A70-49A1B47D0636}.Ad-Hoc|x86.Build.0 = Release|x86
		{04433BA9-9B55-4787-9A70-49A1B47D0636}.Ad-Hoc|x86.Deploy.0 = Release|x86
		{04433BA9-9B55-4787-9A70-49A1B47D0636}.AppStore|Any CPU.ActiveCfg = Release|x86
		{04433BA9-9B55-4787-9A70-49A1B47D0636}.AppStore|Any CPU.Build.0 = Release|x86
		{04433BA9-9B55-4787-9A70-49A1B47D0636}.AppStore|Any CPU.Deploy.0 = Release|x86
		{04433BA9-9B55-4787-9A70-49A1B47D0636}.AppStore|ARM.ActiveCfg = Release|ARM
		{04433BA9-9B55-4787-9A70-49A1B47D0636}.AppStore|ARM.Build.0 = Release|ARM
		{04433BA9-9B55-4787-9A70-49A1B47D0636}.AppStore|ARM.Deploy.0 = Release|ARM
		{04433BA9-9B55-4787-9A70-49A1B47D0636}.AppStore|iPhone.ActiveCfg = Release|x86
		{04433BA9-9B55-4787-9A70-49A1B47D0636}.AppStore|iPhone.Build.0 = Release|x86
		{04433BA9-9B55-4787-9A70-49A1B47D0636}.AppStore|iPhone.Deploy.0 = Release|x86
		{04433BA9-9B55-4787-9A70-49A1B47D0636}.AppStore|iPhoneSimulator.ActiveCfg = Release|x86
		{04433BA9-9B55-4787-9A70-49A1B47D0636}.AppStore|iPhoneSimulator.Build.0 = Release|x86
		{04433BA9-9B55-4787-9A70-49A1B47D0636}.AppStore|iPhoneSimulator.Deploy.0 = Release|x86
		{04433BA9-9B55-4787-9A70-49A1B47D0636}.AppStore|x64.ActiveCfg = Release|x64
		{04433BA9-9B55-4787-9A70-49A1B47D0636}.AppStore|x64.Build.0 = Release|x64
		{04433BA9-9B55-4787-9A70-49A1B47D0636}.AppStore|x64.Deploy.0 = Release|x64
		{04433BA9-9B55-4787-9A70-49A1B47D0636}.AppStore|x86.ActiveCfg = Release|x86
		{04433BA9-9B55-4787-9A70-49A1B47D0636}.AppStore|x86.Build.0 = Release|x86
		{04433BA9-9B55-4787-9A70-49A1B47D0636}.AppStore|x86.Deploy.0 = Release|x86
		{04433BA9-9B55-4787-9A70-49A1B47D0636}.Debug|Any CPU.ActiveCfg = Debug|x86
		{04433BA9-9B55-4787-9A70-49A1B47D0636}.Debug|Any CPU.Build.0 = Debug|x86
		{04433BA9-9B55-4787-9A70-49A1B47D0636}.Debug|Any CPU.Deploy.0 = Debug|x86
		{04433BA9-9B55-4787-9A70-49A1B47D0636}.Debug|ARM.ActiveCfg = Debug|ARM
		{04433BA9-9B55-4787-9A70-49A1B47D0636}.Debug|ARM.Build.0 = Debug|ARM
		{04433BA9-9B55-4787-9A70-49A1B47D0636}.Debug|ARM.Deploy.0 = Debug|ARM
		{04433BA9-9B55-4787-9A70-49A1B47D0636}.Debug|iPhone.ActiveCfg = Debug|x86
		{04433BA9-9B55-4787-9A70-49A1B47D0636}.Debug|iPhone.Build.0 = Debug|x86
		{04433BA9-9B55-4787-9A70-49A1B47D0636}.Debug|iPhone.Deploy.0 = Debug|x86
		{04433BA9-9B55-4787-9A70-49A1B47D0636}.Debug|iPhoneSimulator.ActiveCfg = Debug|x86
		{04433BA9-9B55-4787-9A70-49A1B47D0636}.Debug|iPhoneSimulator.Build.0 = Debug|x86
		{04433BA9-9B55-4787-9A70-49A1B47D0636}.Debug|iPhoneSimulator.Deploy.0 = Debug|x86
		{04433BA9-9B55-4787-9A70-49A1B47D0636}.Debug|x64.ActiveCfg = Debug|x64
		{04433BA9-9B55-4787-9A70-49A1B47D0636}.Debug|x64.Build.0 = Debug|x64
		{04433BA9-9B55-4787-9A70-49A1B47D0636}.Debug|x64.Deploy.0 = Debug|x64
		{04433BA9-9B55-4787-9A70-49A1B47D0636}.Debug|x86.ActiveCfg = Debug|x86
		{04433BA9-9B55-4787-9A70-49A1B47D0636}.Debug|x86.Build.0 = Debug|x86
		{04433BA9-9B55-4787-9A70-49A1B47D0636}.Debug|x86.Deploy.0 = Debug|x86
		{04433BA9-9B55-4787-9A70-49A1B47D0636}.Release|Any CPU.ActiveCfg = Release|x86
		{04433BA9-9B55-4787-9A70-49A1B47D0636}.Release|Any CPU.Build.0 = Release|x86
		{04433BA9-9B55-4787-9A70-49A1B47D0636}.Release|Any CPU.Deploy.0 = Release|x86
		{04433BA9-9B55-4787-9A70-49A1B47D0636}.Release|ARM.ActiveCfg = Release|ARM
		{04433BA9-9B55-4787-9A70-49A1B47D0636}.Release|ARM.Build.0 = Release|ARM
		{04433BA9-9B55-4787-9A70-49A1B47D0636}.Release|ARM.Deploy.0 = Release|ARM
		{04433BA9-9B55-4787-9A70-49A1B47D0636}.Release|iPhone.ActiveCfg = Release|x86
		{04433BA9-9B55-4787-9A70-49A1B47D0636}.Release|iPhone.Build.0 = Release|x86
		{04433BA9-9B55-4787-9A70-49A1B47D0636}.Release|iPhone.Deploy.0 = Release|x86
		{04433BA9-9B55-4787-9A70-49A1B47D0636}.Release|iPhoneSimulator.ActiveCfg = Release|x86
		{04433BA9-9B55-4787-9A70-49A1B47D0636}.Release|iPhoneSimulator.Build.0 = Release|x86
		{04433BA9-9B55-4787-9A70-49A1B47D0636}.Release|iPhoneSimulator.Deploy.0 = Release|x86
		{04433BA9-9B55-4787-9A70-49A1B47D0636}.Release|x64.ActiveCfg = Release|x64
		{04433BA9-9B55-4787-9A70-49A1B47D0636}.Release|x64.Build.0 = Release|x64
		{04433BA9-9B55-4787-9A70-49A1B47D0636}.Release|x64.Deploy.0 = Release|x64
		{04433BA9-9B55-4787-9A70-49A1B47D0636}.Release|x86.ActiveCfg = Release|x86
		{04433BA9-9B55-4787-9A70-49A1B47D0636}.Release|x86.Build.0 = Release|x86
		{04433BA9-9B55-4787-9A70-49A1B47D0636}.Release|x86.Deploy.0 = Release|x86
		{AC94B9DA-AC71-470C-A9F2-853E73058303}.Ad-Hoc|Any CPU.ActiveCfg = Debug|Any CPU
		{AC94B9DA-AC71-470C-A9F2-853E73058303}.Ad-Hoc|Any CPU.Build.0 = Debug|Any CPU
		{AC94B9DA-AC71-470C-A9F2-853E73058303}.Ad-Hoc|Any CPU.Deploy.0 = Debug|Any CPU
		{AC94B9DA-AC71-470C-A9F2-853E73058303}.Ad-Hoc|ARM.ActiveCfg = Debug|Any CPU
		{AC94B9DA-AC71-470C-A9F2-853E73058303}.Ad-Hoc|ARM.Build.0 = Debug|Any CPU
		{AC94B9DA-AC71-470C-A9F2-853E73058303}.Ad-Hoc|ARM.Deploy.0 = Debug|Any CPU
		{AC94B9DA-AC71-470C-A9F2-853E73058303}.Ad-Hoc|iPhone.ActiveCfg = Debug|Any CPU
		{AC94B9DA-AC71-470C-A9F2-853E73058303}.Ad-Hoc|iPhone.Build.0 = Debug|Any CPU
		{AC94B9DA-AC71-470C-A9F2-853E73058303}.Ad-Hoc|iPhone.Deploy.0 = Debug|Any CPU
		{AC94B9DA-AC71-470C-A9F2-853E73058303}.Ad-Hoc|iPhoneSimulator.ActiveCfg = Debug|Any CPU
		{AC94B9DA-AC71-470C-A9F2-853E73058303}.Ad-Hoc|iPhoneSimulator.Build.0 = Debug|Any CPU
		{AC94B9DA-AC71-470C-A9F2-853E73058303}.Ad-Hoc|iPhoneSimulator.Deploy.0 = Debug|Any CPU
		{AC94B9DA-AC71-470C-A9F2-853E73058303}.Ad-Hoc|x64.ActiveCfg = Debug|Any CPU
		{AC94B9DA-AC71-470C-A9F2-853E73058303}.Ad-Hoc|x64.Build.0 = Debug|Any CPU
		{AC94B9DA-AC71-470C-A9F2-853E73058303}.Ad-Hoc|x64.Deploy.0 = Debug|Any CPU
		{AC94B9DA-AC71-470C-A9F2-853E73058303}.Ad-Hoc|x86.ActiveCfg = Debug|Any CPU
		{AC94B9DA-AC71-470C-A9F2-853E73058303}.Ad-Hoc|x86.Build.0 = Debug|Any CPU
		{AC94B9DA-AC71-470C-A9F2-853E73058303}.Ad-Hoc|x86.Deploy.0 = Debug|Any CPU
		{AC94B9DA-AC71-470C-A9F2-853E73058303}.AppStore|Any CPU.ActiveCfg = Debug|Any CPU
		{AC94B9DA-AC71-470C-A9F2-853E73058303}.AppStore|Any CPU.Build.0 = Debug|Any CPU
		{AC94B9DA-AC71-470C-A9F2-853E73058303}.AppStore|Any CPU.Deploy.0 = Debug|Any CPU
		{AC94B9DA-AC71-470C-A9F2-853E73058303}.AppStore|ARM.ActiveCfg = Debug|Any CPU
		{AC94B9DA-AC71-470C-A9F2-853E73058303}.AppStore|ARM.Build.0 = Debug|Any CPU
		{AC94B9DA-AC71-470C-A9F2-853E73058303}.AppStore|ARM.Deploy.0 = Debug|Any CPU
		{AC94B9DA-AC71-470C-A9F2-853E73058303}.AppStore|iPhone.ActiveCfg = Debug|Any CPU
		{AC94B9DA-AC71-470C-A9F2-853E73058303}.AppStore|iPhone.Build.0 = Debug|Any CPU
		{AC94B9DA-AC71-470C-A9F2-853E73058303}.AppStore|iPhone.Deploy.0 = Debug|Any CPU
		{AC94B9DA-AC71-470C-A9F2-853E73058303}.AppStore|iPhoneSimulator.ActiveCfg = Debug|Any CPU
		{AC94B9DA-AC71-470C-A9F2-853E73058303}.AppStore|iPhoneSimulator.Build.0 = Debug|Any CPU
		{AC94B9DA-AC71-470C-A9F2-853E73058303}.AppStore|iPhoneSimulator.Deploy.0 = Debug|Any CPU
		{AC94B9DA-AC71-470C-A9F2-853E73058303}.AppStore|x64.ActiveCfg = Debug|Any CPU
		{AC94B9DA-AC71-470C-A9F2-853E73058303}.AppStore|x64.Build.0 = Debug|Any CPU
		{AC94B9DA-AC71-470C-A9F2-853E73058303}.AppStore|x64.Deploy.0 = Debug|Any CPU
		{AC94B9DA-AC71-470C-A9F2-853E73058303}.AppStore|x86.ActiveCfg = Debug|Any CPU
		{AC94B9DA-AC71-470C-A9F2-853E73058303}.AppStore|x86.Build.0 = Debug|Any CPU
		{AC94B9DA-AC71-470C-A9F2-853E73058303}.AppStore|x86.Deploy.0 = Debug|Any CPU
		{AC94B9DA-AC71-470C-A9F2-853E73058303}.Debug|Any CPU.ActiveCfg = Debug|Any CPU
		{AC94B9DA-AC71-470C-A9F2-853E73058303}.Debug|Any CPU.Build.0 = Debug|Any CPU
		{AC94B9DA-AC71-470C-A9F2-853E73058303}.Debug|Any CPU.Deploy.0 = Debug|Any CPU
		{AC94B9DA-AC71-470C-A9F2-853E73058303}.Debug|ARM.ActiveCfg = Debug|Any CPU
		{AC94B9DA-AC71-470C-A9F2-853E73058303}.Debug|ARM.Build.0 = Debug|Any CPU
		{AC94B9DA-AC71-470C-A9F2-853E73058303}.Debug|ARM.Deploy.0 = Debug|Any CPU
		{AC94B9DA-AC71-470C-A9F2-853E73058303}.Debug|iPhone.ActiveCfg = Debug|Any CPU
		{AC94B9DA-AC71-470C-A9F2-853E73058303}.Debug|iPhone.Build.0 = Debug|Any CPU
		{AC94B9DA-AC71-470C-A9F2-853E73058303}.Debug|iPhone.Deploy.0 = Debug|Any CPU
		{AC94B9DA-AC71-470C-A9F2-853E73058303}.Debug|iPhoneSimulator.ActiveCfg = Debug|Any CPU
		{AC94B9DA-AC71-470C-A9F2-853E73058303}.Debug|iPhoneSimulator.Build.0 = Debug|Any CPU
		{AC94B9DA-AC71-470C-A9F2-853E73058303}.Debug|iPhoneSimulator.Deploy.0 = Debug|Any CPU
		{AC94B9DA-AC71-470C-A9F2-853E73058303}.Debug|x64.ActiveCfg = Debug|Any CPU
		{AC94B9DA-AC71-470C-A9F2-853E73058303}.Debug|x64.Build.0 = Debug|Any CPU
		{AC94B9DA-AC71-470C-A9F2-853E73058303}.Debug|x64.Deploy.0 = Debug|Any CPU
		{AC94B9DA-AC71-470C-A9F2-853E73058303}.Debug|x86.ActiveCfg = Debug|Any CPU
		{AC94B9DA-AC71-470C-A9F2-853E73058303}.Debug|x86.Build.0 = Debug|Any CPU
		{AC94B9DA-AC71-470C-A9F2-853E73058303}.Debug|x86.Deploy.0 = Debug|Any CPU
		{AC94B9DA-AC71-470C-A9F2-853E73058303}.Release|Any CPU.ActiveCfg = Release|Any CPU
		{AC94B9DA-AC71-470C-A9F2-853E73058303}.Release|Any CPU.Build.0 = Release|Any CPU
		{AC94B9DA-AC71-470C-A9F2-853E73058303}.Release|Any CPU.Deploy.0 = Release|Any CPU
		{AC94B9DA-AC71-470C-A9F2-853E73058303}.Release|ARM.ActiveCfg = Release|Any CPU
		{AC94B9DA-AC71-470C-A9F2-853E73058303}.Release|ARM.Build.0 = Release|Any CPU
		{AC94B9DA-AC71-470C-A9F2-853E73058303}.Release|ARM.Deploy.0 = Release|Any CPU
		{AC94B9DA-AC71-470C-A9F2-853E73058303}.Release|iPhone.ActiveCfg = Release|Any CPU
		{AC94B9DA-AC71-470C-A9F2-853E73058303}.Release|iPhone.Build.0 = Release|Any CPU
		{AC94B9DA-AC71-470C-A9F2-853E73058303}.Release|iPhone.Deploy.0 = Release|Any CPU
		{AC94B9DA-AC71-470C-A9F2-853E73058303}.Release|iPhoneSimulator.ActiveCfg = Release|Any CPU
		{AC94B9DA-AC71-470C-A9F2-853E73058303}.Release|iPhoneSimulator.Build.0 = Release|Any CPU
		{AC94B9DA-AC71-470C-A9F2-853E73058303}.Release|iPhoneSimulator.Deploy.0 = Release|Any CPU
		{AC94B9DA-AC71-470C-A9F2-853E73058303}.Release|x64.ActiveCfg = Release|Any CPU
		{AC94B9DA-AC71-470C-A9F2-853E73058303}.Release|x64.Build.0 = Release|Any CPU
		{AC94B9DA-AC71-470C-A9F2-853E73058303}.Release|x64.Deploy.0 = Release|Any CPU
		{AC94B9DA-AC71-470C-A9F2-853E73058303}.Release|x86.ActiveCfg = Release|Any CPU
		{AC94B9DA-AC71-470C-A9F2-853E73058303}.Release|x86.Build.0 = Release|Any CPU
		{AC94B9DA-AC71-470C-A9F2-853E73058303}.Release|x86.Deploy.0 = Release|Any CPU
	EndGlobalSection
	GlobalSection(SolutionProperties) = preSolution
		HideSolutionNode = FALSE
	EndGlobalSection
	GlobalSection(ExtensibilityGlobals) = postSolution
		SolutionGuid = {1B5526E2-5961-458D-A3D3-E9F8E869BF90}
	EndGlobalSection
EndGlobal
