
Microsoft Visual Studio Solution File, Format Version 12.00
# Visual Studio 15
VisualStudioVersion = 15.0.27703.2042
MinimumVisualStudioVersion = 10.0.40219.1
Project("{FAE04EC0-301F-11D3-BF4B-00C04F79EFBC}") = "App01_ConsultarCEP.Android", "App01_ConsultarCEP\App01_ConsultarCEP.Android\App01_ConsultarCEP.Android.csproj", "{CC805F37-0C7E-451B-A588-7AE2B8C65BA2}"
EndProject
Project("{FAE04EC0-301F-11D3-BF4B-00C04F79EFBC}") = "App01_ConsultarCEP.iOS", "App01_ConsultarCEP\App01_ConsultarCEP.iOS\App01_ConsultarCEP.iOS.csproj", "{76BAF16F-41DA-48CE-BAFA-A7F2909AD15C}"
EndProject
Project("{FAE04EC0-301F-11D3-BF4B-00C04F79EFBC}") = "App01_ConsultarCEP", "App01_ConsultarCEP\App01_ConsultarCEP\App01_ConsultarCEP.csproj", "{FA2738D4-516D-4496-96F9-71AF096BEC9F}"
EndProject
Global
	GlobalSection(SolutionConfigurationPlatforms) = preSolution
		Ad-Hoc|Any CPU = Ad-Hoc|Any CPU
		Ad-Hoc|iPhone = Ad-Hoc|iPhone
		Ad-Hoc|iPhoneSimulator = Ad-Hoc|iPhoneSimulator
		AppStore|Any CPU = AppStore|Any CPU
		AppStore|iPhone = AppStore|iPhone
		AppStore|iPhoneSimulator = AppStore|iPhoneSimulator
		Debug|Any CPU = Debug|Any CPU
		Debug|iPhone = Debug|iPhone
		Debug|iPhoneSimulator = Debug|iPhoneSimulator
		Release|Any CPU = Release|Any CPU
		Release|iPhone = Release|iPhone
		Release|iPhoneSimulator = Release|iPhoneSimulator
	EndGlobalSection
	GlobalSection(ProjectConfigurationPlatforms) = postSolution
		{CC805F37-0C7E-451B-A588-7AE2B8C65BA2}.Ad-Hoc|Any CPU.ActiveCfg = Release|Any CPU
		{CC805F37-0C7E-451B-A588-7AE2B8C65BA2}.Ad-Hoc|Any CPU.Build.0 = Release|Any CPU
		{CC805F37-0C7E-451B-A588-7AE2B8C65BA2}.Ad-Hoc|Any CPU.Deploy.0 = Release|Any CPU
		{CC805F37-0C7E-451B-A588-7AE2B8C65BA2}.Ad-Hoc|iPhone.ActiveCfg = Release|Any CPU
		{CC805F37-0C7E-451B-A588-7AE2B8C65BA2}.Ad-Hoc|iPhone.Build.0 = Release|Any CPU
		{CC805F37-0C7E-451B-A588-7AE2B8C65BA2}.Ad-Hoc|iPhone.Deploy.0 = Release|Any CPU
		{CC805F37-0C7E-451B-A588-7AE2B8C65BA2}.Ad-Hoc|iPhoneSimulator.ActiveCfg = Release|Any CPU
		{CC805F37-0C7E-451B-A588-7AE2B8C65BA2}.Ad-Hoc|iPhoneSimulator.Build.0 = Release|Any CPU
		{CC805F37-0C7E-451B-A588-7AE2B8C65BA2}.Ad-Hoc|iPhoneSimulator.Deploy.0 = Release|Any CPU
		{CC805F37-0C7E-451B-A588-7AE2B8C65BA2}.AppStore|Any CPU.ActiveCfg = Release|Any CPU
		{CC805F37-0C7E-451B-A588-7AE2B8C65BA2}.AppStore|Any CPU.Build.0 = Release|Any CPU
		{CC805F37-0C7E-451B-A588-7AE2B8C65BA2}.AppStore|Any CPU.Deploy.0 = Release|Any CPU
		{CC805F37-0C7E-451B-A588-7AE2B8C65BA2}.AppStore|iPhone.ActiveCfg = Release|Any CPU
		{CC805F37-0C7E-451B-A588-7AE2B8C65BA2}.AppStore|iPhone.Build.0 = Release|Any CPU
		{CC805F37-0C7E-451B-A588-7AE2B8C65BA2}.AppStore|iPhone.Deploy.0 = Release|Any CPU
		{CC805F37-0C7E-451B-A588-7AE2B8C65BA2}.AppStore|iPhoneSimulator.ActiveCfg = Release|Any CPU
		{CC805F37-0C7E-451B-A588-7AE2B8C65BA2}.AppStore|iPhoneSimulator.Build.0 = Release|Any CPU
		{CC805F37-0C7E-451B-A588-7AE2B8C65BA2}.AppStore|iPhoneSimulator.Deploy.0 = Release|Any CPU
		{CC805F37-0C7E-451B-A588-7AE2B8C65BA2}.Debug|Any CPU.ActiveCfg = Debug|Any CPU
		{CC805F37-0C7E-451B-A588-7AE2B8C65BA2}.Debug|Any CPU.Build.0 = Debug|Any CPU
		{CC805F37-0C7E-451B-A588-7AE2B8C65BA2}.Debug|Any CPU.Deploy.0 = Debug|Any CPU
		{CC805F37-0C7E-451B-A588-7AE2B8C65BA2}.Debug|iPhone.ActiveCfg = Debug|Any CPU
		{CC805F37-0C7E-451B-A588-7AE2B8C65BA2}.Debug|iPhone.Build.0 = Debug|Any CPU
		{CC805F37-0C7E-451B-A588-7AE2B8C65BA2}.Debug|iPhone.Deploy.0 = Debug|Any CPU
		{CC805F37-0C7E-451B-A588-7AE2B8C65BA2}.Debug|iPhoneSimulator.ActiveCfg = Debug|Any CPU
		{CC805F37-0C7E-451B-A588-7AE2B8C65BA2}.Debug|iPhoneSimulator.Build.0 = Debug|Any CPU
		{CC805F37-0C7E-451B-A588-7AE2B8C65BA2}.Debug|iPhoneSimulator.Deploy.0 = Debug|Any CPU
		{CC805F37-0C7E-451B-A588-7AE2B8C65BA2}.Release|Any CPU.ActiveCfg = Release|Any CPU
		{CC805F37-0C7E-451B-A588-7AE2B8C65BA2}.Release|Any CPU.Build.0 = Release|Any CPU
		{CC805F37-0C7E-451B-A588-7AE2B8C65BA2}.Release|Any CPU.Deploy.0 = Release|Any CPU
		{CC805F37-0C7E-451B-A588-7AE2B8C65BA2}.Release|iPhone.ActiveCfg = Release|Any CPU
		{CC805F37-0C7E-451B-A588-7AE2B8C65BA2}.Release|iPhone.Build.0 = Release|Any CPU
		{CC805F37-0C7E-451B-A588-7AE2B8C65BA2}.Release|iPhone.Deploy.0 = Release|Any CPU
		{CC805F37-0C7E-451B-A588-7AE2B8C65BA2}.Release|iPhoneSimulator.ActiveCfg = Release|Any CPU
		{CC805F37-0C7E-451B-A588-7AE2B8C65BA2}.Release|iPhoneSimulator.Build.0 = Release|Any CPU
		{CC805F37-0C7E-451B-A588-7AE2B8C65BA2}.Release|iPhoneSimulator.Deploy.0 = Release|Any CPU
		{76BAF16F-41DA-48CE-BAFA-A7F2909AD15C}.Ad-Hoc|Any CPU.ActiveCfg = Ad-Hoc|iPhone
		{76BAF16F-41DA-48CE-BAFA-A7F2909AD15C}.Ad-Hoc|Any CPU.Build.0 = Ad-Hoc|iPhone
		{76BAF16F-41DA-48CE-BAFA-A7F2909AD15C}.Ad-Hoc|Any CPU.Deploy.0 = Ad-Hoc|iPhone
		{76BAF16F-41DA-48CE-BAFA-A7F2909AD15C}.Ad-Hoc|iPhone.ActiveCfg = Ad-Hoc|iPhone
		{76BAF16F-41DA-48CE-BAFA-A7F2909AD15C}.Ad-Hoc|iPhone.Build.0 = Ad-Hoc|iPhone
		{76BAF16F-41DA-48CE-BAFA-A7F2909AD15C}.Ad-Hoc|iPhone.Deploy.0 = Ad-Hoc|iPhone
		{76BAF16F-41DA-48CE-BAFA-A7F2909AD15C}.Ad-Hoc|iPhoneSimulator.ActiveCfg = Ad-Hoc|iPhoneSimulator
		{76BAF16F-41DA-48CE-BAFA-A7F2909AD15C}.Ad-Hoc|iPhoneSimulator.Build.0 = Ad-Hoc|iPhoneSimulator
		{76BAF16F-41DA-48CE-BAFA-A7F2909AD15C}.Ad-Hoc|iPhoneSimulator.Deploy.0 = Ad-Hoc|iPhoneSimulator
		{76BAF16F-41DA-48CE-BAFA-A7F2909AD15C}.AppStore|Any CPU.ActiveCfg = AppStore|iPhone
		{76BAF16F-41DA-48CE-BAFA-A7F2909AD15C}.AppStore|Any CPU.Build.0 = AppStore|iPhone
		{76BAF16F-41DA-48CE-BAFA-A7F2909AD15C}.AppStore|Any CPU.Deploy.0 = AppStore|iPhone
		{76BAF16F-41DA-48CE-BAFA-A7F2909AD15C}.AppStore|iPhone.ActiveCfg = AppStore|iPhone
		{76BAF16F-41DA-48CE-BAFA-A7F2909AD15C}.AppStore|iPhone.Build.0 = AppStore|iPhone
		{76BAF16F-41DA-48CE-BAFA-A7F2909AD15C}.AppStore|iPhone.Deploy.0 = AppStore|iPhone
		{76BAF16F-41DA-48CE-BAFA-A7F2909AD15C}.AppStore|iPhoneSimulator.ActiveCfg = AppStore|iPhoneSimulator
		{76BAF16F-41DA-48CE-BAFA-A7F2909AD15C}.AppStore|iPhoneSimulator.Build.0 = AppStore|iPhoneSimulator
		{76BAF16F-41DA-48CE-BAFA-A7F2909AD15C}.AppStore|iPhoneSimulator.Deploy.0 = AppStore|iPhoneSimulator
		{76BAF16F-41DA-48CE-BAFA-A7F2909AD15C}.Debug|Any CPU.ActiveCfg = Debug|iPhoneSimulator
		{76BAF16F-41DA-48CE-BAFA-A7F2909AD15C}.Debug|Any CPU.Build.0 = Debug|iPhoneSimulator
		{76BAF16F-41DA-48CE-BAFA-A7F2909AD15C}.Debug|Any CPU.Deploy.0 = Debug|iPhoneSimulator
		{76BAF16F-41DA-48CE-BAFA-A7F2909AD15C}.Debug|iPhone.ActiveCfg = Debug|iPhone
		{76BAF16F-41DA-48CE-BAFA-A7F2909AD15C}.Debug|iPhone.Build.0 = Debug|iPhone
		{76BAF16F-41DA-48CE-BAFA-A7F2909AD15C}.Debug|iPhone.Deploy.0 = Debug|iPhone
		{76BAF16F-41DA-48CE-BAFA-A7F2909AD15C}.Debug|iPhoneSimulator.ActiveCfg = Debug|iPhoneSimulator
		{76BAF16F-41DA-48CE-BAFA-A7F2909AD15C}.Debug|iPhoneSimulator.Build.0 = Debug|iPhoneSimulator
		{76BAF16F-41DA-48CE-BAFA-A7F2909AD15C}.Debug|iPhoneSimulator.Deploy.0 = Debug|iPhoneSimulator
		{76BAF16F-41DA-48CE-BAFA-A7F2909AD15C}.Release|Any CPU.ActiveCfg = Release|iPhone
		{76BAF16F-41DA-48CE-BAFA-A7F2909AD15C}.Release|Any CPU.Build.0 = Release|iPhone
		{76BAF16F-41DA-48CE-BAFA-A7F2909AD15C}.Release|Any CPU.Deploy.0 = Release|iPhone
		{76BAF16F-41DA-48CE-BAFA-A7F2909AD15C}.Release|iPhone.ActiveCfg = Release|iPhone
		{76BAF16F-41DA-48CE-BAFA-A7F2909AD15C}.Release|iPhone.Build.0 = Release|iPhone
		{76BAF16F-41DA-48CE-BAFA-A7F2909AD15C}.Release|iPhone.Deploy.0 = Release|iPhone
		{76BAF16F-41DA-48CE-BAFA-A7F2909AD15C}.Release|iPhoneSimulator.ActiveCfg = Release|iPhoneSimulator
		{76BAF16F-41DA-48CE-BAFA-A7F2909AD15C}.Release|iPhoneSimulator.Build.0 = Release|iPhoneSimulator
		{76BAF16F-41DA-48CE-BAFA-A7F2909AD15C}.Release|iPhoneSimulator.Deploy.0 = Release|iPhoneSimulator
		{FA2738D4-516D-4496-96F9-71AF096BEC9F}.Ad-Hoc|Any CPU.ActiveCfg = Debug|Any CPU
		{FA2738D4-516D-4496-96F9-71AF096BEC9F}.Ad-Hoc|Any CPU.Build.0 = Debug|Any CPU
		{FA2738D4-516D-4496-96F9-71AF096BEC9F}.Ad-Hoc|Any CPU.Deploy.0 = Debug|Any CPU
		{FA2738D4-516D-4496-96F9-71AF096BEC9F}.Ad-Hoc|iPhone.ActiveCfg = Debug|Any CPU
		{FA2738D4-516D-4496-96F9-71AF096BEC9F}.Ad-Hoc|iPhone.Build.0 = Debug|Any CPU
		{FA2738D4-516D-4496-96F9-71AF096BEC9F}.Ad-Hoc|iPhone.Deploy.0 = Debug|Any CPU
		{FA2738D4-516D-4496-96F9-71AF096BEC9F}.Ad-Hoc|iPhoneSimulator.ActiveCfg = Debug|Any CPU
		{FA2738D4-516D-4496-96F9-71AF096BEC9F}.Ad-Hoc|iPhoneSimulator.Build.0 = Debug|Any CPU
		{FA2738D4-516D-4496-96F9-71AF096BEC9F}.Ad-Hoc|iPhoneSimulator.Deploy.0 = Debug|Any CPU
		{FA2738D4-516D-4496-96F9-71AF096BEC9F}.AppStore|Any CPU.ActiveCfg = Debug|Any CPU
		{FA2738D4-516D-4496-96F9-71AF096BEC9F}.AppStore|Any CPU.Build.0 = Debug|Any CPU
		{FA2738D4-516D-4496-96F9-71AF096BEC9F}.AppStore|Any CPU.Deploy.0 = Debug|Any CPU
		{FA2738D4-516D-4496-96F9-71AF096BEC9F}.AppStore|iPhone.ActiveCfg = Debug|Any CPU
		{FA2738D4-516D-4496-96F9-71AF096BEC9F}.AppStore|iPhone.Build.0 = Debug|Any CPU
		{FA2738D4-516D-4496-96F9-71AF096BEC9F}.AppStore|iPhone.Deploy.0 = Debug|Any CPU
		{FA2738D4-516D-4496-96F9-71AF096BEC9F}.AppStore|iPhoneSimulator.ActiveCfg = Debug|Any CPU
		{FA2738D4-516D-4496-96F9-71AF096BEC9F}.AppStore|iPhoneSimulator.Build.0 = Debug|Any CPU
		{FA2738D4-516D-4496-96F9-71AF096BEC9F}.AppStore|iPhoneSimulator.Deploy.0 = Debug|Any CPU
		{FA2738D4-516D-4496-96F9-71AF096BEC9F}.Debug|Any CPU.ActiveCfg = Debug|Any CPU
		{FA2738D4-516D-4496-96F9-71AF096BEC9F}.Debug|Any CPU.Build.0 = Debug|Any CPU
		{FA2738D4-516D-4496-96F9-71AF096BEC9F}.Debug|Any CPU.Deploy.0 = Debug|Any CPU
		{FA2738D4-516D-4496-96F9-71AF096BEC9F}.Debug|iPhone.ActiveCfg = Debug|Any CPU
		{FA2738D4-516D-4496-96F9-71AF096BEC9F}.Debug|iPhone.Build.0 = Debug|Any CPU
		{FA2738D4-516D-4496-96F9-71AF096BEC9F}.Debug|iPhone.Deploy.0 = Debug|Any CPU
		{FA2738D4-516D-4496-96F9-71AF096BEC9F}.Debug|iPhoneSimulator.ActiveCfg = Debug|Any CPU
		{FA2738D4-516D-4496-96F9-71AF096BEC9F}.Debug|iPhoneSimulator.Build.0 = Debug|Any CPU
		{FA2738D4-516D-4496-96F9-71AF096BEC9F}.Debug|iPhoneSimulator.Deploy.0 = Debug|Any CPU
		{FA2738D4-516D-4496-96F9-71AF096BEC9F}.Release|Any CPU.ActiveCfg = Release|Any CPU
		{FA2738D4-516D-4496-96F9-71AF096BEC9F}.Release|Any CPU.Build.0 = Release|Any CPU
		{FA2738D4-516D-4496-96F9-71AF096BEC9F}.Release|Any CPU.Deploy.0 = Release|Any CPU
		{FA2738D4-516D-4496-96F9-71AF096BEC9F}.Release|iPhone.ActiveCfg = Release|Any CPU
		{FA2738D4-516D-4496-96F9-71AF096BEC9F}.Release|iPhone.Build.0 = Release|Any CPU
		{FA2738D4-516D-4496-96F9-71AF096BEC9F}.Release|iPhone.Deploy.0 = Release|Any CPU
		{FA2738D4-516D-4496-96F9-71AF096BEC9F}.Release|iPhoneSimulator.ActiveCfg = Release|Any CPU
		{FA2738D4-516D-4496-96F9-71AF096BEC9F}.Release|iPhoneSimulator.Build.0 = Release|Any CPU
		{FA2738D4-516D-4496-96F9-71AF096BEC9F}.Release|iPhoneSimulator.Deploy.0 = Release|Any CPU
	EndGlobalSection
	GlobalSection(SolutionProperties) = preSolution
		HideSolutionNode = FALSE
	EndGlobalSection
	GlobalSection(ExtensibilityGlobals) = postSolution
		SolutionGuid = {A1846B9E-AFB7-4AA9-9D4E-6A00A72F79BF}
	EndGlobalSection
EndGlobal
