
Microsoft Visual Studio Solution File, Format Version 12.00
# Visual Studio 15
VisualStudioVersion = 15.0.28307.645
MinimumVisualStudioVersion = 10.0.40219.1
Project("{FAE04EC0-301F-11D3-BF4B-00C04F79EFBC}") = "Apps_ListaBrasil.Android", "Apps_ListaBrasil\Apps_ListaBrasil.Android\Apps_ListaBrasil.Android.csproj", "{B4712FEC-53EE-4E51-99D5-F627C41063AA}"
EndProject
Project("{FAE04EC0-301F-11D3-BF4B-00C04F79EFBC}") = "Apps_ListaBrasil.iOS", "Apps_ListaBrasil\Apps_ListaBrasil.iOS\Apps_ListaBrasil.iOS.csproj", "{275C2B6D-4EE0-4D39-8960-5AD2BB726F3C}"
EndProject
Project("{FAE04EC0-301F-11D3-BF4B-00C04F79EFBC}") = "Apps_ListaBrasil.UWP", "Apps_ListaBrasil\Apps_ListaBrasil.UWP\Apps_ListaBrasil.UWP.csproj", "{B8E1BC97-C759-43AB-A2C6-80F7B8F8DB3E}"
EndProject
Project("{FAE04EC0-301F-11D3-BF4B-00C04F79EFBC}") = "Apps_ListaBrasil", "Apps_ListaBrasil\Apps_ListaBrasil\Apps_ListaBrasil.csproj", "{73A8C1B3-2037-421F-B300-F37056443E61}"
EndProject
Global
	GlobalSection(SolutionConfigurationPlatforms) = preSolution
		Ad-Hoc|Any CPU = Ad-Hoc|Any CPU
		Ad-Hoc|ARM = Ad-Hoc|ARM
		Ad-Hoc|iPhone = Ad-Hoc|iPhone
		Ad-Hoc|iPhoneSimulator = Ad-Hoc|iPhoneSimulator
		Ad-Hoc|x64 = Ad-Hoc|x64
		Ad-Hoc|x86 = Ad-Hoc|x86
		AppStore|Any CPU = AppStore|Any CPU
		AppStore|ARM = AppStore|ARM
		AppStore|iPhone = AppStore|iPhone
		AppStore|iPhoneSimulator = AppStore|iPhoneSimulator
		AppStore|x64 = AppStore|x64
		AppStore|x86 = AppStore|x86
		Debug|Any CPU = Debug|Any CPU
		Debug|ARM = Debug|ARM
		Debug|iPhone = Debug|iPhone
		Debug|iPhoneSimulator = Debug|iPhoneSimulator
		Debug|x64 = Debug|x64
		Debug|x86 = Debug|x86
		Release|Any CPU = Release|Any CPU
		Release|ARM = Release|ARM
		Release|iPhone = Release|iPhone
		Release|iPhoneSimulator = Release|iPhoneSimulator
		Release|x64 = Release|x64
		Release|x86 = Release|x86
	EndGlobalSection
	GlobalSection(ProjectConfigurationPlatforms) = postSolution
		{B4712FEC-53EE-4E51-99D5-F627C41063AA}.Ad-Hoc|Any CPU.ActiveCfg = Release|Any CPU
		{B4712FEC-53EE-4E51-99D5-F627C41063AA}.Ad-Hoc|Any CPU.Build.0 = Release|Any CPU
		{B4712FEC-53EE-4E51-99D5-F627C41063AA}.Ad-Hoc|Any CPU.Deploy.0 = Release|Any CPU
		{B4712FEC-53EE-4E51-99D5-F627C41063AA}.Ad-Hoc|ARM.ActiveCfg = Release|Any CPU
		{B4712FEC-53EE-4E51-99D5-F627C41063AA}.Ad-Hoc|ARM.Build.0 = Release|Any CPU
		{B4712FEC-53EE-4E51-99D5-F627C41063AA}.Ad-Hoc|ARM.Deploy.0 = Release|Any CPU
		{B4712FEC-53EE-4E51-99D5-F627C41063AA}.Ad-Hoc|iPhone.ActiveCfg = Release|Any CPU
		{B4712FEC-53EE-4E51-99D5-F627C41063AA}.Ad-Hoc|iPhone.Build.0 = Release|Any CPU
		{B4712FEC-53EE-4E51-99D5-F627C41063AA}.Ad-Hoc|iPhone.Deploy.0 = Release|Any CPU
		{B4712FEC-53EE-4E51-99D5-F627C41063AA}.Ad-Hoc|iPhoneSimulator.ActiveCfg = Release|Any CPU
		{B4712FEC-53EE-4E51-99D5-F627C41063AA}.Ad-Hoc|iPhoneSimulator.Build.0 = Release|Any CPU
		{B4712FEC-53EE-4E51-99D5-F627C41063AA}.Ad-Hoc|iPhoneSimulator.Deploy.0 = Release|Any CPU
		{B4712FEC-53EE-4E51-99D5-F627C41063AA}.Ad-Hoc|x64.ActiveCfg = Release|Any CPU
		{B4712FEC-53EE-4E51-99D5-F627C41063AA}.Ad-Hoc|x64.Build.0 = Release|Any CPU
		{B4712FEC-53EE-4E51-99D5-F627C41063AA}.Ad-Hoc|x64.Deploy.0 = Release|Any CPU
		{B4712FEC-53EE-4E51-99D5-F627C41063AA}.Ad-Hoc|x86.ActiveCfg = Release|Any CPU
		{B4712FEC-53EE-4E51-99D5-F627C41063AA}.Ad-Hoc|x86.Build.0 = Release|Any CPU
		{B4712FEC-53EE-4E51-99D5-F627C41063AA}.Ad-Hoc|x86.Deploy.0 = Release|Any CPU
		{B4712FEC-53EE-4E51-99D5-F627C41063AA}.AppStore|Any CPU.ActiveCfg = Release|Any CPU
		{B4712FEC-53EE-4E51-99D5-F627C41063AA}.AppStore|Any CPU.Build.0 = Release|Any CPU
		{B4712FEC-53EE-4E51-99D5-F627C41063AA}.AppStore|Any CPU.Deploy.0 = Release|Any CPU
		{B4712FEC-53EE-4E51-99D5-F627C41063AA}.AppStore|ARM.ActiveCfg = Release|Any CPU
		{B4712FEC-53EE-4E51-99D5-F627C41063AA}.AppStore|ARM.Build.0 = Release|Any CPU
		{B4712FEC-53EE-4E51-99D5-F627C41063AA}.AppStore|ARM.Deploy.0 = Release|Any CPU
		{B4712FEC-53EE-4E51-99D5-F627C41063AA}.AppStore|iPhone.ActiveCfg = Release|Any CPU
		{B4712FEC-53EE-4E51-99D5-F627C41063AA}.AppStore|iPhone.Build.0 = Release|Any CPU
		{B4712FEC-53EE-4E51-99D5-F627C41063AA}.AppStore|iPhone.Deploy.0 = Release|Any CPU
		{B4712FEC-53EE-4E51-99D5-F627C41063AA}.AppStore|iPhoneSimulator.ActiveCfg = Release|Any CPU
		{B4712FEC-53EE-4E51-99D5-F627C41063AA}.AppStore|iPhoneSimulator.Build.0 = Release|Any CPU
		{B4712FEC-53EE-4E51-99D5-F627C41063AA}.AppStore|iPhoneSimulator.Deploy.0 = Release|Any CPU
		{B4712FEC-53EE-4E51-99D5-F627C41063AA}.AppStore|x64.ActiveCfg = Release|Any CPU
		{B4712FEC-53EE-4E51-99D5-F627C41063AA}.AppStore|x64.Build.0 = Release|Any CPU
		{B4712FEC-53EE-4E51-99D5-F627C41063AA}.AppStore|x64.Deploy.0 = Release|Any CPU
		{B4712FEC-53EE-4E51-99D5-F627C41063AA}.AppStore|x86.ActiveCfg = Release|Any CPU
		{B4712FEC-53EE-4E51-99D5-F627C41063AA}.AppStore|x86.Build.0 = Release|Any CPU
		{B4712FEC-53EE-4E51-99D5-F627C41063AA}.AppStore|x86.Deploy.0 = Release|Any CPU
		{B4712FEC-53EE-4E51-99D5-F627C41063AA}.Debug|Any CPU.ActiveCfg = Debug|Any CPU
		{B4712FEC-53EE-4E51-99D5-F627C41063AA}.Debug|Any CPU.Build.0 = Debug|Any CPU
		{B4712FEC-53EE-4E51-99D5-F627C41063AA}.Debug|Any CPU.Deploy.0 = Debug|Any CPU
		{B4712FEC-53EE-4E51-99D5-F627C41063AA}.Debug|ARM.ActiveCfg = Debug|Any CPU
		{B4712FEC-53EE-4E51-99D5-F627C41063AA}.Debug|ARM.Build.0 = Debug|Any CPU
		{B4712FEC-53EE-4E51-99D5-F627C41063AA}.Debug|ARM.Deploy.0 = Debug|Any CPU
		{B4712FEC-53EE-4E51-99D5-F627C41063AA}.Debug|iPhone.ActiveCfg = Debug|Any CPU
		{B4712FEC-53EE-4E51-99D5-F627C41063AA}.Debug|iPhone.Build.0 = Debug|Any CPU
		{B4712FEC-53EE-4E51-99D5-F627C41063AA}.Debug|iPhone.Deploy.0 = Debug|Any CPU
		{B4712FEC-53EE-4E51-99D5-F627C41063AA}.Debug|iPhoneSimulator.ActiveCfg = Debug|Any CPU
		{B4712FEC-53EE-4E51-99D5-F627C41063AA}.Debug|iPhoneSimulator.Build.0 = Debug|Any CPU
		{B4712FEC-53EE-4E51-99D5-F627C41063AA}.Debug|iPhoneSimulator.Deploy.0 = Debug|Any CPU
		{B4712FEC-53EE-4E51-99D5-F627C41063AA}.Debug|x64.ActiveCfg = Debug|Any CPU
		{B4712FEC-53EE-4E51-99D5-F627C41063AA}.Debug|x64.Build.0 = Debug|Any CPU
		{B4712FEC-53EE-4E51-99D5-F627C41063AA}.Debug|x64.Deploy.0 = Debug|Any CPU
		{B4712FEC-53EE-4E51-99D5-F627C41063AA}.Debug|x86.ActiveCfg = Debug|Any CPU
		{B4712FEC-53EE-4E51-99D5-F627C41063AA}.Debug|x86.Build.0 = Debug|Any CPU
		{B4712FEC-53EE-4E51-99D5-F627C41063AA}.Debug|x86.Deploy.0 = Debug|Any CPU
		{B4712FEC-53EE-4E51-99D5-F627C41063AA}.Release|Any CPU.ActiveCfg = Release|Any CPU
		{B4712FEC-53EE-4E51-99D5-F627C41063AA}.Release|Any CPU.Build.0 = Release|Any CPU
		{B4712FEC-53EE-4E51-99D5-F627C41063AA}.Release|Any CPU.Deploy.0 = Release|Any CPU
		{B4712FEC-53EE-4E51-99D5-F627C41063AA}.Release|ARM.ActiveCfg = Release|Any CPU
		{B4712FEC-53EE-4E51-99D5-F627C41063AA}.Release|ARM.Build.0 = Release|Any CPU
		{B4712FEC-53EE-4E51-99D5-F627C41063AA}.Release|ARM.Deploy.0 = Release|Any CPU
		{B4712FEC-53EE-4E51-99D5-F627C41063AA}.Release|iPhone.ActiveCfg = Release|Any CPU
		{B4712FEC-53EE-4E51-99D5-F627C41063AA}.Release|iPhone.Build.0 = Release|Any CPU
		{B4712FEC-53EE-4E51-99D5-F627C41063AA}.Release|iPhone.Deploy.0 = Release|Any CPU
		{B4712FEC-53EE-4E51-99D5-F627C41063AA}.Release|iPhoneSimulator.ActiveCfg = Release|Any CPU
		{B4712FEC-53EE-4E51-99D5-F627C41063AA}.Release|iPhoneSimulator.Build.0 = Release|Any CPU
		{B4712FEC-53EE-4E51-99D5-F627C41063AA}.Release|iPhoneSimulator.Deploy.0 = Release|Any CPU
		{B4712FEC-53EE-4E51-99D5-F627C41063AA}.Release|x64.ActiveCfg = Release|Any CPU
		{B4712FEC-53EE-4E51-99D5-F627C41063AA}.Release|x64.Build.0 = Release|Any CPU
		{B4712FEC-53EE-4E51-99D5-F627C41063AA}.Release|x64.Deploy.0 = Release|Any CPU
		{B4712FEC-53EE-4E51-99D5-F627C41063AA}.Release|x86.ActiveCfg = Release|Any CPU
		{B4712FEC-53EE-4E51-99D5-F627C41063AA}.Release|x86.Build.0 = Release|Any CPU
		{B4712FEC-53EE-4E51-99D5-F627C41063AA}.Release|x86.Deploy.0 = Release|Any CPU
		{275C2B6D-4EE0-4D39-8960-5AD2BB726F3C}.Ad-Hoc|Any CPU.ActiveCfg = Ad-Hoc|iPhone
		{275C2B6D-4EE0-4D39-8960-5AD2BB726F3C}.Ad-Hoc|Any CPU.Build.0 = Ad-Hoc|iPhone
		{275C2B6D-4EE0-4D39-8960-5AD2BB726F3C}.Ad-Hoc|Any CPU.Deploy.0 = Ad-Hoc|iPhone
		{275C2B6D-4EE0-4D39-8960-5AD2BB726F3C}.Ad-Hoc|ARM.ActiveCfg = Ad-Hoc|iPhone
		{275C2B6D-4EE0-4D39-8960-5AD2BB726F3C}.Ad-Hoc|ARM.Build.0 = Ad-Hoc|iPhone
		{275C2B6D-4EE0-4D39-8960-5AD2BB726F3C}.Ad-Hoc|ARM.Deploy.0 = Ad-Hoc|iPhone
		{275C2B6D-4EE0-4D39-8960-5AD2BB726F3C}.Ad-Hoc|iPhone.ActiveCfg = Ad-Hoc|iPhone
		{275C2B6D-4EE0-4D39-8960-5AD2BB726F3C}.Ad-Hoc|iPhone.Build.0 = Ad-Hoc|iPhone
		{275C2B6D-4EE0-4D39-8960-5AD2BB726F3C}.Ad-Hoc|iPhone.Deploy.0 = Ad-Hoc|iPhone
		{275C2B6D-4EE0-4D39-8960-5AD2BB726F3C}.Ad-Hoc|iPhoneSimulator.ActiveCfg = Ad-Hoc|iPhoneSimulator
		{275C2B6D-4EE0-4D39-8960-5AD2BB726F3C}.Ad-Hoc|iPhoneSimulator.Build.0 = Ad-Hoc|iPhoneSimulator
		{275C2B6D-4EE0-4D39-8960-5AD2BB726F3C}.Ad-Hoc|iPhoneSimulator.Deploy.0 = Ad-Hoc|iPhoneSimulator
		{275C2B6D-4EE0-4D39-8960-5AD2BB726F3C}.Ad-Hoc|x64.ActiveCfg = Ad-Hoc|iPhone
		{275C2B6D-4EE0-4D39-8960-5AD2BB726F3C}.Ad-Hoc|x64.Build.0 = Ad-Hoc|iPhone
		{275C2B6D-4EE0-4D39-8960-5AD2BB726F3C}.Ad-Hoc|x64.Deploy.0 = Ad-Hoc|iPhone
		{275C2B6D-4EE0-4D39-8960-5AD2BB726F3C}.Ad-Hoc|x86.ActiveCfg = Ad-Hoc|iPhone
		{275C2B6D-4EE0-4D39-8960-5AD2BB726F3C}.Ad-Hoc|x86.Build.0 = Ad-Hoc|iPhone
		{275C2B6D-4EE0-4D39-8960-5AD2BB726F3C}.Ad-Hoc|x86.Deploy.0 = Ad-Hoc|iPhone
		{275C2B6D-4EE0-4D39-8960-5AD2BB726F3C}.AppStore|Any CPU.ActiveCfg = AppStore|iPhone
		{275C2B6D-4EE0-4D39-8960-5AD2BB726F3C}.AppStore|Any CPU.Build.0 = AppStore|iPhone
		{275C2B6D-4EE0-4D39-8960-5AD2BB726F3C}.AppStore|Any CPU.Deploy.0 = AppStore|iPhone
		{275C2B6D-4EE0-4D39-8960-5AD2BB726F3C}.AppStore|ARM.ActiveCfg = AppStore|iPhone
		{275C2B6D-4EE0-4D39-8960-5AD2BB726F3C}.AppStore|ARM.Build.0 = AppStore|iPhone
		{275C2B6D-4EE0-4D39-8960-5AD2BB726F3C}.AppStore|ARM.Deploy.0 = AppStore|iPhone
		{275C2B6D-4EE0-4D39-8960-5AD2BB726F3C}.AppStore|iPhone.ActiveCfg = AppStore|iPhone
		{275C2B6D-4EE0-4D39-8960-5AD2BB726F3C}.AppStore|iPhone.Build.0 = AppStore|iPhone
		{275C2B6D-4EE0-4D39-8960-5AD2BB726F3C}.AppStore|iPhone.Deploy.0 = AppStore|iPhone
		{275C2B6D-4EE0-4D39-8960-5AD2BB726F3C}.AppStore|iPhoneSimulator.ActiveCfg = AppStore|iPhoneSimulator
		{275C2B6D-4EE0-4D39-8960-5AD2BB726F3C}.AppStore|iPhoneSimulator.Build.0 = AppStore|iPhoneSimulator
		{275C2B6D-4EE0-4D39-8960-5AD2BB726F3C}.AppStore|iPhoneSimulator.Deploy.0 = AppStore|iPhoneSimulator
		{275C2B6D-4EE0-4D39-8960-5AD2BB726F3C}.AppStore|x64.ActiveCfg = AppStore|iPhone
		{275C2B6D-4EE0-4D39-8960-5AD2BB726F3C}.AppStore|x64.Build.0 = AppStore|iPhone
		{275C2B6D-4EE0-4D39-8960-5AD2BB726F3C}.AppStore|x64.Deploy.0 = AppStore|iPhone
		{275C2B6D-4EE0-4D39-8960-5AD2BB726F3C}.AppStore|x86.ActiveCfg = AppStore|iPhone
		{275C2B6D-4EE0-4D39-8960-5AD2BB726F3C}.AppStore|x86.Build.0 = AppStore|iPhone
		{275C2B6D-4EE0-4D39-8960-5AD2BB726F3C}.AppStore|x86.Deploy.0 = AppStore|iPhone
		{275C2B6D-4EE0-4D39-8960-5AD2BB726F3C}.Debug|Any CPU.ActiveCfg = Debug|iPhoneSimulator
		{275C2B6D-4EE0-4D39-8960-5AD2BB726F3C}.Debug|Any CPU.Build.0 = Debug|iPhoneSimulator
		{275C2B6D-4EE0-4D39-8960-5AD2BB726F3C}.Debug|Any CPU.Deploy.0 = Debug|iPhoneSimulator
		{275C2B6D-4EE0-4D39-8960-5AD2BB726F3C}.Debug|ARM.ActiveCfg = Debug|iPhone
		{275C2B6D-4EE0-4D39-8960-5AD2BB726F3C}.Debug|ARM.Build.0 = Debug|iPhone
		{275C2B6D-4EE0-4D39-8960-5AD2BB726F3C}.Debug|ARM.Deploy.0 = Debug|iPhone
		{275C2B6D-4EE0-4D39-8960-5AD2BB726F3C}.Debug|iPhone.ActiveCfg = Debug|iPhone
		{275C2B6D-4EE0-4D39-8960-5AD2BB726F3C}.Debug|iPhone.Build.0 = Debug|iPhone
		{275C2B6D-4EE0-4D39-8960-5AD2BB726F3C}.Debug|iPhone.Deploy.0 = Debug|iPhone
		{275C2B6D-4EE0-4D39-8960-5AD2BB726F3C}.Debug|iPhoneSimulator.ActiveCfg = Debug|iPhoneSimulator
		{275C2B6D-4EE0-4D39-8960-5AD2BB726F3C}.Debug|iPhoneSimulator.Build.0 = Debug|iPhoneSimulator
		{275C2B6D-4EE0-4D39-8960-5AD2BB726F3C}.Debug|iPhoneSimulator.Deploy.0 = Debug|iPhoneSimulator
		{275C2B6D-4EE0-4D39-8960-5AD2BB726F3C}.Debug|x64.ActiveCfg = Debug|iPhone
		{275C2B6D-4EE0-4D39-8960-5AD2BB726F3C}.Debug|x64.Build.0 = Debug|iPhone
		{275C2B6D-4EE0-4D39-8960-5AD2BB726F3C}.Debug|x64.Deploy.0 = Debug|iPhone
		{275C2B6D-4EE0-4D39-8960-5AD2BB726F3C}.Debug|x86.ActiveCfg = Debug|iPhone
		{275C2B6D-4EE0-4D39-8960-5AD2BB726F3C}.Debug|x86.Build.0 = Debug|iPhone
		{275C2B6D-4EE0-4D39-8960-5AD2BB726F3C}.Debug|x86.Deploy.0 = Debug|iPhone
		{275C2B6D-4EE0-4D39-8960-5AD2BB726F3C}.Release|Any CPU.ActiveCfg = Release|iPhone
		{275C2B6D-4EE0-4D39-8960-5AD2BB726F3C}.Release|Any CPU.Build.0 = Release|iPhone
		{275C2B6D-4EE0-4D39-8960-5AD2BB726F3C}.Release|Any CPU.Deploy.0 = Release|iPhone
		{275C2B6D-4EE0-4D39-8960-5AD2BB726F3C}.Release|ARM.ActiveCfg = Release|iPhone
		{275C2B6D-4EE0-4D39-8960-5AD2BB726F3C}.Release|ARM.Build.0 = Release|iPhone
		{275C2B6D-4EE0-4D39-8960-5AD2BB726F3C}.Release|ARM.Deploy.0 = Release|iPhone
		{275C2B6D-4EE0-4D39-8960-5AD2BB726F3C}.Release|iPhone.ActiveCfg = Release|iPhone
		{275C2B6D-4EE0-4D39-8960-5AD2BB726F3C}.Release|iPhone.Build.0 = Release|iPhone
		{275C2B6D-4EE0-4D39-8960-5AD2BB726F3C}.Release|iPhone.Deploy.0 = Release|iPhone
		{275C2B6D-4EE0-4D39-8960-5AD2BB726F3C}.Release|iPhoneSimulator.ActiveCfg = Release|iPhoneSimulator
		{275C2B6D-4EE0-4D39-8960-5AD2BB726F3C}.Release|iPhoneSimulator.Build.0 = Release|iPhoneSimulator
		{275C2B6D-4EE0-4D39-8960-5AD2BB726F3C}.Release|iPhoneSimulator.Deploy.0 = Release|iPhoneSimulator
		{275C2B6D-4EE0-4D39-8960-5AD2BB726F3C}.Release|x64.ActiveCfg = Release|iPhone
		{275C2B6D-4EE0-4D39-8960-5AD2BB726F3C}.Release|x64.Build.0 = Release|iPhone
		{275C2B6D-4EE0-4D39-8960-5AD2BB726F3C}.Release|x64.Deploy.0 = Release|iPhone
		{275C2B6D-4EE0-4D39-8960-5AD2BB726F3C}.Release|x86.ActiveCfg = Release|iPhone
		{275C2B6D-4EE0-4D39-8960-5AD2BB726F3C}.Release|x86.Build.0 = Release|iPhone
		{275C2B6D-4EE0-4D39-8960-5AD2BB726F3C}.Release|x86.Deploy.0 = Release|iPhone
		{B8E1BC97-C759-43AB-A2C6-80F7B8F8DB3E}.Ad-Hoc|Any CPU.ActiveCfg = Release|x86
		{B8E1BC97-C759-43AB-A2C6-80F7B8F8DB3E}.Ad-Hoc|Any CPU.Build.0 = Release|x86
		{B8E1BC97-C759-43AB-A2C6-80F7B8F8DB3E}.Ad-Hoc|Any CPU.Deploy.0 = Release|x86
		{B8E1BC97-C759-43AB-A2C6-80F7B8F8DB3E}.Ad-Hoc|ARM.ActiveCfg = Release|ARM
		{B8E1BC97-C759-43AB-A2C6-80F7B8F8DB3E}.Ad-Hoc|ARM.Build.0 = Release|ARM
		{B8E1BC97-C759-43AB-A2C6-80F7B8F8DB3E}.Ad-Hoc|ARM.Deploy.0 = Release|ARM
		{B8E1BC97-C759-43AB-A2C6-80F7B8F8DB3E}.Ad-Hoc|iPhone.ActiveCfg = Release|x86
		{B8E1BC97-C759-43AB-A2C6-80F7B8F8DB3E}.Ad-Hoc|iPhone.Build.0 = Release|x86
		{B8E1BC97-C759-43AB-A2C6-80F7B8F8DB3E}.Ad-Hoc|iPhone.Deploy.0 = Release|x86
		{B8E1BC97-C759-43AB-A2C6-80F7B8F8DB3E}.Ad-Hoc|iPhoneSimulator.ActiveCfg = Release|x86
		{B8E1BC97-C759-43AB-A2C6-80F7B8F8DB3E}.Ad-Hoc|iPhoneSimulator.Build.0 = Release|x86
		{B8E1BC97-C759-43AB-A2C6-80F7B8F8DB3E}.Ad-Hoc|iPhoneSimulator.Deploy.0 = Release|x86
		{B8E1BC97-C759-43AB-A2C6-80F7B8F8DB3E}.Ad-Hoc|x64.ActiveCfg = Release|x64
		{B8E1BC97-C759-43AB-A2C6-80F7B8F8DB3E}.Ad-Hoc|x64.Build.0 = Release|x64
		{B8E1BC97-C759-43AB-A2C6-80F7B8F8DB3E}.Ad-Hoc|x64.Deploy.0 = Release|x64
		{B8E1BC97-C759-43AB-A2C6-80F7B8F8DB3E}.Ad-Hoc|x86.ActiveCfg = Release|x86
		{B8E1BC97-C759-43AB-A2C6-80F7B8F8DB3E}.Ad-Hoc|x86.Build.0 = Release|x86
		{B8E1BC97-C759-43AB-A2C6-80F7B8F8DB3E}.Ad-Hoc|x86.Deploy.0 = Release|x86
		{B8E1BC97-C759-43AB-A2C6-80F7B8F8DB3E}.AppStore|Any CPU.ActiveCfg = Release|x86
		{B8E1BC97-C759-43AB-A2C6-80F7B8F8DB3E}.AppStore|Any CPU.Build.0 = Release|x86
		{B8E1BC97-C759-43AB-A2C6-80F7B8F8DB3E}.AppStore|Any CPU.Deploy.0 = Release|x86
		{B8E1BC97-C759-43AB-A2C6-80F7B8F8DB3E}.AppStore|ARM.ActiveCfg = Release|ARM
		{B8E1BC97-C759-43AB-A2C6-80F7B8F8DB3E}.AppStore|ARM.Build.0 = Release|ARM
		{B8E1BC97-C759-43AB-A2C6-80F7B8F8DB3E}.AppStore|ARM.Deploy.0 = Release|ARM
		{B8E1BC97-C759-43AB-A2C6-80F7B8F8DB3E}.AppStore|iPhone.ActiveCfg = Release|x86
		{B8E1BC97-C759-43AB-A2C6-80F7B8F8DB3E}.AppStore|iPhone.Build.0 = Release|x86
		{B8E1BC97-C759-43AB-A2C6-80F7B8F8DB3E}.AppStore|iPhone.Deploy.0 = Release|x86
		{B8E1BC97-C759-43AB-A2C6-80F7B8F8DB3E}.AppStore|iPhoneSimulator.ActiveCfg = Release|x86
		{B8E1BC97-C759-43AB-A2C6-80F7B8F8DB3E}.AppStore|iPhoneSimulator.Build.0 = Release|x86
		{B8E1BC97-C759-43AB-A2C6-80F7B8F8DB3E}.AppStore|iPhoneSimulator.Deploy.0 = Release|x86
		{B8E1BC97-C759-43AB-A2C6-80F7B8F8DB3E}.AppStore|x64.ActiveCfg = Release|x64
		{B8E1BC97-C759-43AB-A2C6-80F7B8F8DB3E}.AppStore|x64.Build.0 = Release|x64
		{B8E1BC97-C759-43AB-A2C6-80F7B8F8DB3E}.AppStore|x64.Deploy.0 = Release|x64
		{B8E1BC97-C759-43AB-A2C6-80F7B8F8DB3E}.AppStore|x86.ActiveCfg = Release|x86
		{B8E1BC97-C759-43AB-A2C6-80F7B8F8DB3E}.AppStore|x86.Build.0 = Release|x86
		{B8E1BC97-C759-43AB-A2C6-80F7B8F8DB3E}.AppStore|x86.Deploy.0 = Release|x86
		{B8E1BC97-C759-43AB-A2C6-80F7B8F8DB3E}.Debug|Any CPU.ActiveCfg = Debug|x86
		{B8E1BC97-C759-43AB-A2C6-80F7B8F8DB3E}.Debug|Any CPU.Build.0 = Debug|x86
		{B8E1BC97-C759-43AB-A2C6-80F7B8F8DB3E}.Debug|Any CPU.Deploy.0 = Debug|x86
		{B8E1BC97-C759-43AB-A2C6-80F7B8F8DB3E}.Debug|ARM.ActiveCfg = Debug|ARM
		{B8E1BC97-C759-43AB-A2C6-80F7B8F8DB3E}.Debug|ARM.Build.0 = Debug|ARM
		{B8E1BC97-C759-43AB-A2C6-80F7B8F8DB3E}.Debug|ARM.Deploy.0 = Debug|ARM
		{B8E1BC97-C759-43AB-A2C6-80F7B8F8DB3E}.Debug|iPhone.ActiveCfg = Debug|x86
		{B8E1BC97-C759-43AB-A2C6-80F7B8F8DB3E}.Debug|iPhone.Build.0 = Debug|x86
		{B8E1BC97-C759-43AB-A2C6-80F7B8F8DB3E}.Debug|iPhone.Deploy.0 = Debug|x86
		{B8E1BC97-C759-43AB-A2C6-80F7B8F8DB3E}.Debug|iPhoneSimulator.ActiveCfg = Debug|x86
		{B8E1BC97-C759-43AB-A2C6-80F7B8F8DB3E}.Debug|iPhoneSimulator.Build.0 = Debug|x86
		{B8E1BC97-C759-43AB-A2C6-80F7B8F8DB3E}.Debug|iPhoneSimulator.Deploy.0 = Debug|x86
		{B8E1BC97-C759-43AB-A2C6-80F7B8F8DB3E}.Debug|x64.ActiveCfg = Debug|x64
		{B8E1BC97-C759-43AB-A2C6-80F7B8F8DB3E}.Debug|x64.Build.0 = Debug|x64
		{B8E1BC97-C759-43AB-A2C6-80F7B8F8DB3E}.Debug|x64.Deploy.0 = Debug|x64
		{B8E1BC97-C759-43AB-A2C6-80F7B8F8DB3E}.Debug|x86.ActiveCfg = Debug|x86
		{B8E1BC97-C759-43AB-A2C6-80F7B8F8DB3E}.Debug|x86.Build.0 = Debug|x86
		{B8E1BC97-C759-43AB-A2C6-80F7B8F8DB3E}.Debug|x86.Deploy.0 = Debug|x86
		{B8E1BC97-C759-43AB-A2C6-80F7B8F8DB3E}.Release|Any CPU.ActiveCfg = Release|x86
		{B8E1BC97-C759-43AB-A2C6-80F7B8F8DB3E}.Release|Any CPU.Build.0 = Release|x86
		{B8E1BC97-C759-43AB-A2C6-80F7B8F8DB3E}.Release|Any CPU.Deploy.0 = Release|x86
		{B8E1BC97-C759-43AB-A2C6-80F7B8F8DB3E}.Release|ARM.ActiveCfg = Release|ARM
		{B8E1BC97-C759-43AB-A2C6-80F7B8F8DB3E}.Release|ARM.Build.0 = Release|ARM
		{B8E1BC97-C759-43AB-A2C6-80F7B8F8DB3E}.Release|ARM.Deploy.0 = Release|ARM
		{B8E1BC97-C759-43AB-A2C6-80F7B8F8DB3E}.Release|iPhone.ActiveCfg = Release|x86
		{B8E1BC97-C759-43AB-A2C6-80F7B8F8DB3E}.Release|iPhone.Build.0 = Release|x86
		{B8E1BC97-C759-43AB-A2C6-80F7B8F8DB3E}.Release|iPhone.Deploy.0 = Release|x86
		{B8E1BC97-C759-43AB-A2C6-80F7B8F8DB3E}.Release|iPhoneSimulator.ActiveCfg = Release|x86
		{B8E1BC97-C759-43AB-A2C6-80F7B8F8DB3E}.Release|iPhoneSimulator.Build.0 = Release|x86
		{B8E1BC97-C759-43AB-A2C6-80F7B8F8DB3E}.Release|iPhoneSimulator.Deploy.0 = Release|x86
		{B8E1BC97-C759-43AB-A2C6-80F7B8F8DB3E}.Release|x64.ActiveCfg = Release|x64
		{B8E1BC97-C759-43AB-A2C6-80F7B8F8DB3E}.Release|x64.Build.0 = Release|x64
		{B8E1BC97-C759-43AB-A2C6-80F7B8F8DB3E}.Release|x64.Deploy.0 = Release|x64
		{B8E1BC97-C759-43AB-A2C6-80F7B8F8DB3E}.Release|x86.ActiveCfg = Release|x86
		{B8E1BC97-C759-43AB-A2C6-80F7B8F8DB3E}.Release|x86.Build.0 = Release|x86
		{B8E1BC97-C759-43AB-A2C6-80F7B8F8DB3E}.Release|x86.Deploy.0 = Release|x86
		{73A8C1B3-2037-421F-B300-F37056443E61}.Ad-Hoc|Any CPU.ActiveCfg = Debug|Any CPU
		{73A8C1B3-2037-421F-B300-F37056443E61}.Ad-Hoc|Any CPU.Build.0 = Debug|Any CPU
		{73A8C1B3-2037-421F-B300-F37056443E61}.Ad-Hoc|Any CPU.Deploy.0 = Debug|Any CPU
		{73A8C1B3-2037-421F-B300-F37056443E61}.Ad-Hoc|ARM.ActiveCfg = Debug|Any CPU
		{73A8C1B3-2037-421F-B300-F37056443E61}.Ad-Hoc|ARM.Build.0 = Debug|Any CPU
		{73A8C1B3-2037-421F-B300-F37056443E61}.Ad-Hoc|ARM.Deploy.0 = Debug|Any CPU
		{73A8C1B3-2037-421F-B300-F37056443E61}.Ad-Hoc|iPhone.ActiveCfg = Debug|Any CPU
		{73A8C1B3-2037-421F-B300-F37056443E61}.Ad-Hoc|iPhone.Build.0 = Debug|Any CPU
		{73A8C1B3-2037-421F-B300-F37056443E61}.Ad-Hoc|iPhone.Deploy.0 = Debug|Any CPU
		{73A8C1B3-2037-421F-B300-F37056443E61}.Ad-Hoc|iPhoneSimulator.ActiveCfg = Debug|Any CPU
		{73A8C1B3-2037-421F-B300-F37056443E61}.Ad-Hoc|iPhoneSimulator.Build.0 = Debug|Any CPU
		{73A8C1B3-2037-421F-B300-F37056443E61}.Ad-Hoc|iPhoneSimulator.Deploy.0 = Debug|Any CPU
		{73A8C1B3-2037-421F-B300-F37056443E61}.Ad-Hoc|x64.ActiveCfg = Debug|Any CPU
		{73A8C1B3-2037-421F-B300-F37056443E61}.Ad-Hoc|x64.Build.0 = Debug|Any CPU
		{73A8C1B3-2037-421F-B300-F37056443E61}.Ad-Hoc|x64.Deploy.0 = Debug|Any CPU
		{73A8C1B3-2037-421F-B300-F37056443E61}.Ad-Hoc|x86.ActiveCfg = Debug|Any CPU
		{73A8C1B3-2037-421F-B300-F37056443E61}.Ad-Hoc|x86.Build.0 = Debug|Any CPU
		{73A8C1B3-2037-421F-B300-F37056443E61}.Ad-Hoc|x86.Deploy.0 = Debug|Any CPU
		{73A8C1B3-2037-421F-B300-F37056443E61}.AppStore|Any CPU.ActiveCfg = Debug|Any CPU
		{73A8C1B3-2037-421F-B300-F37056443E61}.AppStore|Any CPU.Build.0 = Debug|Any CPU
		{73A8C1B3-2037-421F-B300-F37056443E61}.AppStore|Any CPU.Deploy.0 = Debug|Any CPU
		{73A8C1B3-2037-421F-B300-F37056443E61}.AppStore|ARM.ActiveCfg = Debug|Any CPU
		{73A8C1B3-2037-421F-B300-F37056443E61}.AppStore|ARM.Build.0 = Debug|Any CPU
		{73A8C1B3-2037-421F-B300-F37056443E61}.AppStore|ARM.Deploy.0 = Debug|Any CPU
		{73A8C1B3-2037-421F-B300-F37056443E61}.AppStore|iPhone.ActiveCfg = Debug|Any CPU
		{73A8C1B3-2037-421F-B300-F37056443E61}.AppStore|iPhone.Build.0 = Debug|Any CPU
		{73A8C1B3-2037-421F-B300-F37056443E61}.AppStore|iPhone.Deploy.0 = Debug|Any CPU
		{73A8C1B3-2037-421F-B300-F37056443E61}.AppStore|iPhoneSimulator.ActiveCfg = Debug|Any CPU
		{73A8C1B3-2037-421F-B300-F37056443E61}.AppStore|iPhoneSimulator.Build.0 = Debug|Any CPU
		{73A8C1B3-2037-421F-B300-F37056443E61}.AppStore|iPhoneSimulator.Deploy.0 = Debug|Any CPU
		{73A8C1B3-2037-421F-B300-F37056443E61}.AppStore|x64.ActiveCfg = Debug|Any CPU
		{73A8C1B3-2037-421F-B300-F37056443E61}.AppStore|x64.Build.0 = Debug|Any CPU
		{73A8C1B3-2037-421F-B300-F37056443E61}.AppStore|x64.Deploy.0 = Debug|Any CPU
		{73A8C1B3-2037-421F-B300-F37056443E61}.AppStore|x86.ActiveCfg = Debug|Any CPU
		{73A8C1B3-2037-421F-B300-F37056443E61}.AppStore|x86.Build.0 = Debug|Any CPU
		{73A8C1B3-2037-421F-B300-F37056443E61}.AppStore|x86.Deploy.0 = Debug|Any CPU
		{73A8C1B3-2037-421F-B300-F37056443E61}.Debug|Any CPU.ActiveCfg = Debug|Any CPU
		{73A8C1B3-2037-421F-B300-F37056443E61}.Debug|Any CPU.Build.0 = Debug|Any CPU
		{73A8C1B3-2037-421F-B300-F37056443E61}.Debug|Any CPU.Deploy.0 = Debug|Any CPU
		{73A8C1B3-2037-421F-B300-F37056443E61}.Debug|ARM.ActiveCfg = Debug|Any CPU
		{73A8C1B3-2037-421F-B300-F37056443E61}.Debug|ARM.Build.0 = Debug|Any CPU
		{73A8C1B3-2037-421F-B300-F37056443E61}.Debug|ARM.Deploy.0 = Debug|Any CPU
		{73A8C1B3-2037-421F-B300-F37056443E61}.Debug|iPhone.ActiveCfg = Debug|Any CPU
		{73A8C1B3-2037-421F-B300-F37056443E61}.Debug|iPhone.Build.0 = Debug|Any CPU
		{73A8C1B3-2037-421F-B300-F37056443E61}.Debug|iPhone.Deploy.0 = Debug|Any CPU
		{73A8C1B3-2037-421F-B300-F37056443E61}.Debug|iPhoneSimulator.ActiveCfg = Debug|Any CPU
		{73A8C1B3-2037-421F-B300-F37056443E61}.Debug|iPhoneSimulator.Build.0 = Debug|Any CPU
		{73A8C1B3-2037-421F-B300-F37056443E61}.Debug|iPhoneSimulator.Deploy.0 = Debug|Any CPU
		{73A8C1B3-2037-421F-B300-F37056443E61}.Debug|x64.ActiveCfg = Debug|Any CPU
		{73A8C1B3-2037-421F-B300-F37056443E61}.Debug|x64.Build.0 = Debug|Any CPU
		{73A8C1B3-2037-421F-B300-F37056443E61}.Debug|x64.Deploy.0 = Debug|Any CPU
		{73A8C1B3-2037-421F-B300-F37056443E61}.Debug|x86.ActiveCfg = Debug|Any CPU
		{73A8C1B3-2037-421F-B300-F37056443E61}.Debug|x86.Build.0 = Debug|Any CPU
		{73A8C1B3-2037-421F-B300-F37056443E61}.Debug|x86.Deploy.0 = Debug|Any CPU
		{73A8C1B3-2037-421F-B300-F37056443E61}.Release|Any CPU.ActiveCfg = Release|Any CPU
		{73A8C1B3-2037-421F-B300-F37056443E61}.Release|Any CPU.Build.0 = Release|Any CPU
		{73A8C1B3-2037-421F-B300-F37056443E61}.Release|Any CPU.Deploy.0 = Release|Any CPU
		{73A8C1B3-2037-421F-B300-F37056443E61}.Release|ARM.ActiveCfg = Release|Any CPU
		{73A8C1B3-2037-421F-B300-F37056443E61}.Release|ARM.Build.0 = Release|Any CPU
		{73A8C1B3-2037-421F-B300-F37056443E61}.Release|ARM.Deploy.0 = Release|Any CPU
		{73A8C1B3-2037-421F-B300-F37056443E61}.Release|iPhone.ActiveCfg = Release|Any CPU
		{73A8C1B3-2037-421F-B300-F37056443E61}.Release|iPhone.Build.0 = Release|Any CPU
		{73A8C1B3-2037-421F-B300-F37056443E61}.Release|iPhone.Deploy.0 = Release|Any CPU
		{73A8C1B3-2037-421F-B300-F37056443E61}.Release|iPhoneSimulator.ActiveCfg = Release|Any CPU
		{73A8C1B3-2037-421F-B300-F37056443E61}.Release|iPhoneSimulator.Build.0 = Release|Any CPU
		{73A8C1B3-2037-421F-B300-F37056443E61}.Release|iPhoneSimulator.Deploy.0 = Release|Any CPU
		{73A8C1B3-2037-421F-B300-F37056443E61}.Release|x64.ActiveCfg = Release|Any CPU
		{73A8C1B3-2037-421F-B300-F37056443E61}.Release|x64.Build.0 = Release|Any CPU
		{73A8C1B3-2037-421F-B300-F37056443E61}.Release|x64.Deploy.0 = Release|Any CPU
		{73A8C1B3-2037-421F-B300-F37056443E61}.Release|x86.ActiveCfg = Release|Any CPU
		{73A8C1B3-2037-421F-B300-F37056443E61}.Release|x86.Build.0 = Release|Any CPU
		{73A8C1B3-2037-421F-B300-F37056443E61}.Release|x86.Deploy.0 = Release|Any CPU
	EndGlobalSection
	GlobalSection(SolutionProperties) = preSolution
		HideSolutionNode = FALSE
	EndGlobalSection
	GlobalSection(ExtensibilityGlobals) = postSolution
		SolutionGuid = {4D68144F-2BDE-4C73-B816-770A16828C7E}
	EndGlobalSection
EndGlobal
