
Microsoft Visual Studio Solution File, Format Version 12.00
# Visual Studio 15
VisualStudioVersion = 15.0.27703.2042
MinimumVisualStudioVersion = 10.0.40219.1
Project("{FAE04EC0-301F-11D3-BF4B-00C04F79EFBC}") = "App2_ListaBrasil.Android", "App2_ListaBrasil\App2_ListaBrasil.Android\App2_ListaBrasil.Android.csproj", "{579653AE-98DC-4D03-B473-D629E856A7C0}"
EndProject
Project("{FAE04EC0-301F-11D3-BF4B-00C04F79EFBC}") = "App2_ListaBrasil.iOS", "App2_ListaBrasil\App2_ListaBrasil.iOS\App2_ListaBrasil.iOS.csproj", "{910BEA9F-814E-4CFE-AA39-1A0B6F276B04}"
EndProject
Project("{FAE04EC0-301F-11D3-BF4B-00C04F79EFBC}") = "App2_ListaBrasil.UWP", "App2_ListaBrasil\App2_ListaBrasil.UWP\App2_ListaBrasil.UWP.csproj", "{3FEB1BB6-6B28-45CB-8016-C42EA042B842}"
EndProject
Project("{FAE04EC0-301F-11D3-BF4B-00C04F79EFBC}") = "App2_ListaBrasil", "App2_ListaBrasil\App2_ListaBrasil\App2_ListaBrasil.csproj", "{33E6C895-64E0-4BB9-9F5C-77A5FB1B9184}"
EndProject
Global
	GlobalSection(SolutionConfigurationPlatforms) = preSolution
		Ad-Hoc|Any CPU = Ad-Hoc|Any CPU
		Ad-Hoc|ARM = Ad-Hoc|ARM
		Ad-Hoc|iPhone = Ad-Hoc|iPhone
		Ad-Hoc|iPhoneSimulator = Ad-Hoc|iPhoneSimulator
		Ad-Hoc|x64 = Ad-Hoc|x64
		Ad-Hoc|x86 = Ad-Hoc|x86
		AppStore|Any CPU = AppStore|Any CPU
		AppStore|ARM = AppStore|ARM
		AppStore|iPhone = AppStore|iPhone
		AppStore|iPhoneSimulator = AppStore|iPhoneSimulator
		AppStore|x64 = AppStore|x64
		AppStore|x86 = AppStore|x86
		Debug|Any CPU = Debug|Any CPU
		Debug|ARM = Debug|ARM
		Debug|iPhone = Debug|iPhone
		Debug|iPhoneSimulator = Debug|iPhoneSimulator
		Debug|x64 = Debug|x64
		Debug|x86 = Debug|x86
		Release|Any CPU = Release|Any CPU
		Release|ARM = Release|ARM
		Release|iPhone = Release|iPhone
		Release|iPhoneSimulator = Release|iPhoneSimulator
		Release|x64 = Release|x64
		Release|x86 = Release|x86
	EndGlobalSection
	GlobalSection(ProjectConfigurationPlatforms) = postSolution
		{579653AE-98DC-4D03-B473-D629E856A7C0}.Ad-Hoc|Any CPU.ActiveCfg = Release|Any CPU
		{579653AE-98DC-4D03-B473-D629E856A7C0}.Ad-Hoc|Any CPU.Build.0 = Release|Any CPU
		{579653AE-98DC-4D03-B473-D629E856A7C0}.Ad-Hoc|Any CPU.Deploy.0 = Release|Any CPU
		{579653AE-98DC-4D03-B473-D629E856A7C0}.Ad-Hoc|ARM.ActiveCfg = Release|Any CPU
		{579653AE-98DC-4D03-B473-D629E856A7C0}.Ad-Hoc|ARM.Build.0 = Release|Any CPU
		{579653AE-98DC-4D03-B473-D629E856A7C0}.Ad-Hoc|ARM.Deploy.0 = Release|Any CPU
		{579653AE-98DC-4D03-B473-D629E856A7C0}.Ad-Hoc|iPhone.ActiveCfg = Release|Any CPU
		{579653AE-98DC-4D03-B473-D629E856A7C0}.Ad-Hoc|iPhone.Build.0 = Release|Any CPU
		{579653AE-98DC-4D03-B473-D629E856A7C0}.Ad-Hoc|iPhone.Deploy.0 = Release|Any CPU
		{579653AE-98DC-4D03-B473-D629E856A7C0}.Ad-Hoc|iPhoneSimulator.ActiveCfg = Release|Any CPU
		{579653AE-98DC-4D03-B473-D629E856A7C0}.Ad-Hoc|iPhoneSimulator.Build.0 = Release|Any CPU
		{579653AE-98DC-4D03-B473-D629E856A7C0}.Ad-Hoc|iPhoneSimulator.Deploy.0 = Release|Any CPU
		{579653AE-98DC-4D03-B473-D629E856A7C0}.Ad-Hoc|x64.ActiveCfg = Release|Any CPU
		{579653AE-98DC-4D03-B473-D629E856A7C0}.Ad-Hoc|x64.Build.0 = Release|Any CPU
		{579653AE-98DC-4D03-B473-D629E856A7C0}.Ad-Hoc|x64.Deploy.0 = Release|Any CPU
		{579653AE-98DC-4D03-B473-D629E856A7C0}.Ad-Hoc|x86.ActiveCfg = Release|Any CPU
		{579653AE-98DC-4D03-B473-D629E856A7C0}.Ad-Hoc|x86.Build.0 = Release|Any CPU
		{579653AE-98DC-4D03-B473-D629E856A7C0}.Ad-Hoc|x86.Deploy.0 = Release|Any CPU
		{579653AE-98DC-4D03-B473-D629E856A7C0}.AppStore|Any CPU.ActiveCfg = Release|Any CPU
		{579653AE-98DC-4D03-B473-D629E856A7C0}.AppStore|Any CPU.Build.0 = Release|Any CPU
		{579653AE-98DC-4D03-B473-D629E856A7C0}.AppStore|Any CPU.Deploy.0 = Release|Any CPU
		{579653AE-98DC-4D03-B473-D629E856A7C0}.AppStore|ARM.ActiveCfg = Release|Any CPU
		{579653AE-98DC-4D03-B473-D629E856A7C0}.AppStore|ARM.Build.0 = Release|Any CPU
		{579653AE-98DC-4D03-B473-D629E856A7C0}.AppStore|ARM.Deploy.0 = Release|Any CPU
		{579653AE-98DC-4D03-B473-D629E856A7C0}.AppStore|iPhone.ActiveCfg = Release|Any CPU
		{579653AE-98DC-4D03-B473-D629E856A7C0}.AppStore|iPhone.Build.0 = Release|Any CPU
		{579653AE-98DC-4D03-B473-D629E856A7C0}.AppStore|iPhone.Deploy.0 = Release|Any CPU
		{579653AE-98DC-4D03-B473-D629E856A7C0}.AppStore|iPhoneSimulator.ActiveCfg = Release|Any CPU
		{579653AE-98DC-4D03-B473-D629E856A7C0}.AppStore|iPhoneSimulator.Build.0 = Release|Any CPU
		{579653AE-98DC-4D03-B473-D629E856A7C0}.AppStore|iPhoneSimulator.Deploy.0 = Release|Any CPU
		{579653AE-98DC-4D03-B473-D629E856A7C0}.AppStore|x64.ActiveCfg = Release|Any CPU
		{579653AE-98DC-4D03-B473-D629E856A7C0}.AppStore|x64.Build.0 = Release|Any CPU
		{579653AE-98DC-4D03-B473-D629E856A7C0}.AppStore|x64.Deploy.0 = Release|Any CPU
		{579653AE-98DC-4D03-B473-D629E856A7C0}.AppStore|x86.ActiveCfg = Release|Any CPU
		{579653AE-98DC-4D03-B473-D629E856A7C0}.AppStore|x86.Build.0 = Release|Any CPU
		{579653AE-98DC-4D03-B473-D629E856A7C0}.AppStore|x86.Deploy.0 = Release|Any CPU
		{579653AE-98DC-4D03-B473-D629E856A7C0}.Debug|Any CPU.ActiveCfg = Debug|Any CPU
		{579653AE-98DC-4D03-B473-D629E856A7C0}.Debug|Any CPU.Build.0 = Debug|Any CPU
		{579653AE-98DC-4D03-B473-D629E856A7C0}.Debug|Any CPU.Deploy.0 = Debug|Any CPU
		{579653AE-98DC-4D03-B473-D629E856A7C0}.Debug|ARM.ActiveCfg = Debug|Any CPU
		{579653AE-98DC-4D03-B473-D629E856A7C0}.Debug|ARM.Build.0 = Debug|Any CPU
		{579653AE-98DC-4D03-B473-D629E856A7C0}.Debug|ARM.Deploy.0 = Debug|Any CPU
		{579653AE-98DC-4D03-B473-D629E856A7C0}.Debug|iPhone.ActiveCfg = Debug|Any CPU
		{579653AE-98DC-4D03-B473-D629E856A7C0}.Debug|iPhone.Build.0 = Debug|Any CPU
		{579653AE-98DC-4D03-B473-D629E856A7C0}.Debug|iPhone.Deploy.0 = Debug|Any CPU
		{579653AE-98DC-4D03-B473-D629E856A7C0}.Debug|iPhoneSimulator.ActiveCfg = Debug|Any CPU
		{579653AE-98DC-4D03-B473-D629E856A7C0}.Debug|iPhoneSimulator.Build.0 = Debug|Any CPU
		{579653AE-98DC-4D03-B473-D629E856A7C0}.Debug|iPhoneSimulator.Deploy.0 = Debug|Any CPU
		{579653AE-98DC-4D03-B473-D629E856A7C0}.Debug|x64.ActiveCfg = Debug|Any CPU
		{579653AE-98DC-4D03-B473-D629E856A7C0}.Debug|x64.Build.0 = Debug|Any CPU
		{579653AE-98DC-4D03-B473-D629E856A7C0}.Debug|x64.Deploy.0 = Debug|Any CPU
		{579653AE-98DC-4D03-B473-D629E856A7C0}.Debug|x86.ActiveCfg = Debug|Any CPU
		{579653AE-98DC-4D03-B473-D629E856A7C0}.Debug|x86.Build.0 = Debug|Any CPU
		{579653AE-98DC-4D03-B473-D629E856A7C0}.Debug|x86.Deploy.0 = Debug|Any CPU
		{579653AE-98DC-4D03-B473-D629E856A7C0}.Release|Any CPU.ActiveCfg = Release|Any CPU
		{579653AE-98DC-4D03-B473-D629E856A7C0}.Release|Any CPU.Build.0 = Release|Any CPU
		{579653AE-98DC-4D03-B473-D629E856A7C0}.Release|Any CPU.Deploy.0 = Release|Any CPU
		{579653AE-98DC-4D03-B473-D629E856A7C0}.Release|ARM.ActiveCfg = Release|Any CPU
		{579653AE-98DC-4D03-B473-D629E856A7C0}.Release|ARM.Build.0 = Release|Any CPU
		{579653AE-98DC-4D03-B473-D629E856A7C0}.Release|ARM.Deploy.0 = Release|Any CPU
		{579653AE-98DC-4D03-B473-D629E856A7C0}.Release|iPhone.ActiveCfg = Release|Any CPU
		{579653AE-98DC-4D03-B473-D629E856A7C0}.Release|iPhone.Build.0 = Release|Any CPU
		{579653AE-98DC-4D03-B473-D629E856A7C0}.Release|iPhone.Deploy.0 = Release|Any CPU
		{579653AE-98DC-4D03-B473-D629E856A7C0}.Release|iPhoneSimulator.ActiveCfg = Release|Any CPU
		{579653AE-98DC-4D03-B473-D629E856A7C0}.Release|iPhoneSimulator.Build.0 = Release|Any CPU
		{579653AE-98DC-4D03-B473-D629E856A7C0}.Release|iPhoneSimulator.Deploy.0 = Release|Any CPU
		{579653AE-98DC-4D03-B473-D629E856A7C0}.Release|x64.ActiveCfg = Release|Any CPU
		{579653AE-98DC-4D03-B473-D629E856A7C0}.Release|x64.Build.0 = Release|Any CPU
		{579653AE-98DC-4D03-B473-D629E856A7C0}.Release|x64.Deploy.0 = Release|Any CPU
		{579653AE-98DC-4D03-B473-D629E856A7C0}.Release|x86.ActiveCfg = Release|Any CPU
		{579653AE-98DC-4D03-B473-D629E856A7C0}.Release|x86.Build.0 = Release|Any CPU
		{579653AE-98DC-4D03-B473-D629E856A7C0}.Release|x86.Deploy.0 = Release|Any CPU
		{910BEA9F-814E-4CFE-AA39-1A0B6F276B04}.Ad-Hoc|Any CPU.ActiveCfg = Ad-Hoc|iPhone
		{910BEA9F-814E-4CFE-AA39-1A0B6F276B04}.Ad-Hoc|Any CPU.Build.0 = Ad-Hoc|iPhone
		{910BEA9F-814E-4CFE-AA39-1A0B6F276B04}.Ad-Hoc|Any CPU.Deploy.0 = Ad-Hoc|iPhone
		{910BEA9F-814E-4CFE-AA39-1A0B6F276B04}.Ad-Hoc|ARM.ActiveCfg = Ad-Hoc|iPhone
		{910BEA9F-814E-4CFE-AA39-1A0B6F276B04}.Ad-Hoc|ARM.Build.0 = Ad-Hoc|iPhone
		{910BEA9F-814E-4CFE-AA39-1A0B6F276B04}.Ad-Hoc|ARM.Deploy.0 = Ad-Hoc|iPhone
		{910BEA9F-814E-4CFE-AA39-1A0B6F276B04}.Ad-Hoc|iPhone.ActiveCfg = Ad-Hoc|iPhone
		{910BEA9F-814E-4CFE-AA39-1A0B6F276B04}.Ad-Hoc|iPhone.Build.0 = Ad-Hoc|iPhone
		{910BEA9F-814E-4CFE-AA39-1A0B6F276B04}.Ad-Hoc|iPhone.Deploy.0 = Ad-Hoc|iPhone
		{910BEA9F-814E-4CFE-AA39-1A0B6F276B04}.Ad-Hoc|iPhoneSimulator.ActiveCfg = Ad-Hoc|iPhoneSimulator
		{910BEA9F-814E-4CFE-AA39-1A0B6F276B04}.Ad-Hoc|iPhoneSimulator.Build.0 = Ad-Hoc|iPhoneSimulator
		{910BEA9F-814E-4CFE-AA39-1A0B6F276B04}.Ad-Hoc|iPhoneSimulator.Deploy.0 = Ad-Hoc|iPhoneSimulator
		{910BEA9F-814E-4CFE-AA39-1A0B6F276B04}.Ad-Hoc|x64.ActiveCfg = Ad-Hoc|iPhone
		{910BEA9F-814E-4CFE-AA39-1A0B6F276B04}.Ad-Hoc|x64.Build.0 = Ad-Hoc|iPhone
		{910BEA9F-814E-4CFE-AA39-1A0B6F276B04}.Ad-Hoc|x64.Deploy.0 = Ad-Hoc|iPhone
		{910BEA9F-814E-4CFE-AA39-1A0B6F276B04}.Ad-Hoc|x86.ActiveCfg = Ad-Hoc|iPhone
		{910BEA9F-814E-4CFE-AA39-1A0B6F276B04}.Ad-Hoc|x86.Build.0 = Ad-Hoc|iPhone
		{910BEA9F-814E-4CFE-AA39-1A0B6F276B04}.Ad-Hoc|x86.Deploy.0 = Ad-Hoc|iPhone
		{910BEA9F-814E-4CFE-AA39-1A0B6F276B04}.AppStore|Any CPU.ActiveCfg = AppStore|iPhone
		{910BEA9F-814E-4CFE-AA39-1A0B6F276B04}.AppStore|Any CPU.Build.0 = AppStore|iPhone
		{910BEA9F-814E-4CFE-AA39-1A0B6F276B04}.AppStore|Any CPU.Deploy.0 = AppStore|iPhone
		{910BEA9F-814E-4CFE-AA39-1A0B6F276B04}.AppStore|ARM.ActiveCfg = AppStore|iPhone
		{910BEA9F-814E-4CFE-AA39-1A0B6F276B04}.AppStore|ARM.Build.0 = AppStore|iPhone
		{910BEA9F-814E-4CFE-AA39-1A0B6F276B04}.AppStore|ARM.Deploy.0 = AppStore|iPhone
		{910BEA9F-814E-4CFE-AA39-1A0B6F276B04}.AppStore|iPhone.ActiveCfg = AppStore|iPhone
		{910BEA9F-814E-4CFE-AA39-1A0B6F276B04}.AppStore|iPhone.Build.0 = AppStore|iPhone
		{910BEA9F-814E-4CFE-AA39-1A0B6F276B04}.AppStore|iPhone.Deploy.0 = AppStore|iPhone
		{910BEA9F-814E-4CFE-AA39-1A0B6F276B04}.AppStore|iPhoneSimulator.ActiveCfg = AppStore|iPhoneSimulator
		{910BEA9F-814E-4CFE-AA39-1A0B6F276B04}.AppStore|iPhoneSimulator.Build.0 = AppStore|iPhoneSimulator
		{910BEA9F-814E-4CFE-AA39-1A0B6F276B04}.AppStore|iPhoneSimulator.Deploy.0 = AppStore|iPhoneSimulator
		{910BEA9F-814E-4CFE-AA39-1A0B6F276B04}.AppStore|x64.ActiveCfg = AppStore|iPhone
		{910BEA9F-814E-4CFE-AA39-1A0B6F276B04}.AppStore|x64.Build.0 = AppStore|iPhone
		{910BEA9F-814E-4CFE-AA39-1A0B6F276B04}.AppStore|x64.Deploy.0 = AppStore|iPhone
		{910BEA9F-814E-4CFE-AA39-1A0B6F276B04}.AppStore|x86.ActiveCfg = AppStore|iPhone
		{910BEA9F-814E-4CFE-AA39-1A0B6F276B04}.AppStore|x86.Build.0 = AppStore|iPhone
		{910BEA9F-814E-4CFE-AA39-1A0B6F276B04}.AppStore|x86.Deploy.0 = AppStore|iPhone
		{910BEA9F-814E-4CFE-AA39-1A0B6F276B04}.Debug|Any CPU.ActiveCfg = Debug|iPhoneSimulator
		{910BEA9F-814E-4CFE-AA39-1A0B6F276B04}.Debug|Any CPU.Build.0 = Debug|iPhoneSimulator
		{910BEA9F-814E-4CFE-AA39-1A0B6F276B04}.Debug|Any CPU.Deploy.0 = Debug|iPhoneSimulator
		{910BEA9F-814E-4CFE-AA39-1A0B6F276B04}.Debug|ARM.ActiveCfg = Debug|iPhone
		{910BEA9F-814E-4CFE-AA39-1A0B6F276B04}.Debug|ARM.Build.0 = Debug|iPhone
		{910BEA9F-814E-4CFE-AA39-1A0B6F276B04}.Debug|ARM.Deploy.0 = Debug|iPhone
		{910BEA9F-814E-4CFE-AA39-1A0B6F276B04}.Debug|iPhone.ActiveCfg = Debug|iPhone
		{910BEA9F-814E-4CFE-AA39-1A0B6F276B04}.Debug|iPhone.Build.0 = Debug|iPhone
		{910BEA9F-814E-4CFE-AA39-1A0B6F276B04}.Debug|iPhone.Deploy.0 = Debug|iPhone
		{910BEA9F-814E-4CFE-AA39-1A0B6F276B04}.Debug|iPhoneSimulator.ActiveCfg = Debug|iPhoneSimulator
		{910BEA9F-814E-4CFE-AA39-1A0B6F276B04}.Debug|iPhoneSimulator.Build.0 = Debug|iPhoneSimulator
		{910BEA9F-814E-4CFE-AA39-1A0B6F276B04}.Debug|iPhoneSimulator.Deploy.0 = Debug|iPhoneSimulator
		{910BEA9F-814E-4CFE-AA39-1A0B6F276B04}.Debug|x64.ActiveCfg = Debug|iPhone
		{910BEA9F-814E-4CFE-AA39-1A0B6F276B04}.Debug|x64.Build.0 = Debug|iPhone
		{910BEA9F-814E-4CFE-AA39-1A0B6F276B04}.Debug|x64.Deploy.0 = Debug|iPhone
		{910BEA9F-814E-4CFE-AA39-1A0B6F276B04}.Debug|x86.ActiveCfg = Debug|iPhone
		{910BEA9F-814E-4CFE-AA39-1A0B6F276B04}.Debug|x86.Build.0 = Debug|iPhone
		{910BEA9F-814E-4CFE-AA39-1A0B6F276B04}.Debug|x86.Deploy.0 = Debug|iPhone
		{910BEA9F-814E-4CFE-AA39-1A0B6F276B04}.Release|Any CPU.ActiveCfg = Release|iPhone
		{910BEA9F-814E-4CFE-AA39-1A0B6F276B04}.Release|Any CPU.Build.0 = Release|iPhone
		{910BEA9F-814E-4CFE-AA39-1A0B6F276B04}.Release|Any CPU.Deploy.0 = Release|iPhone
		{910BEA9F-814E-4CFE-AA39-1A0B6F276B04}.Release|ARM.ActiveCfg = Release|iPhone
		{910BEA9F-814E-4CFE-AA39-1A0B6F276B04}.Release|ARM.Build.0 = Release|iPhone
		{910BEA9F-814E-4CFE-AA39-1A0B6F276B04}.Release|ARM.Deploy.0 = Release|iPhone
		{910BEA9F-814E-4CFE-AA39-1A0B6F276B04}.Release|iPhone.ActiveCfg = Release|iPhone
		{910BEA9F-814E-4CFE-AA39-1A0B6F276B04}.Release|iPhone.Build.0 = Release|iPhone
		{910BEA9F-814E-4CFE-AA39-1A0B6F276B04}.Release|iPhone.Deploy.0 = Release|iPhone
		{910BEA9F-814E-4CFE-AA39-1A0B6F276B04}.Release|iPhoneSimulator.ActiveCfg = Release|iPhoneSimulator
		{910BEA9F-814E-4CFE-AA39-1A0B6F276B04}.Release|iPhoneSimulator.Build.0 = Release|iPhoneSimulator
		{910BEA9F-814E-4CFE-AA39-1A0B6F276B04}.Release|iPhoneSimulator.Deploy.0 = Release|iPhoneSimulator
		{910BEA9F-814E-4CFE-AA39-1A0B6F276B04}.Release|x64.ActiveCfg = Release|iPhone
		{910BEA9F-814E-4CFE-AA39-1A0B6F276B04}.Release|x64.Build.0 = Release|iPhone
		{910BEA9F-814E-4CFE-AA39-1A0B6F276B04}.Release|x64.Deploy.0 = Release|iPhone
		{910BEA9F-814E-4CFE-AA39-1A0B6F276B04}.Release|x86.ActiveCfg = Release|iPhone
		{910BEA9F-814E-4CFE-AA39-1A0B6F276B04}.Release|x86.Build.0 = Release|iPhone
		{910BEA9F-814E-4CFE-AA39-1A0B6F276B04}.Release|x86.Deploy.0 = Release|iPhone
		{3FEB1BB6-6B28-45CB-8016-C42EA042B842}.Ad-Hoc|Any CPU.ActiveCfg = Release|x86
		{3FEB1BB6-6B28-45CB-8016-C42EA042B842}.Ad-Hoc|Any CPU.Build.0 = Release|x86
		{3FEB1BB6-6B28-45CB-8016-C42EA042B842}.Ad-Hoc|Any CPU.Deploy.0 = Release|x86
		{3FEB1BB6-6B28-45CB-8016-C42EA042B842}.Ad-Hoc|ARM.ActiveCfg = Release|ARM
		{3FEB1BB6-6B28-45CB-8016-C42EA042B842}.Ad-Hoc|ARM.Build.0 = Release|ARM
		{3FEB1BB6-6B28-45CB-8016-C42EA042B842}.Ad-Hoc|ARM.Deploy.0 = Release|ARM
		{3FEB1BB6-6B28-45CB-8016-C42EA042B842}.Ad-Hoc|iPhone.ActiveCfg = Release|x86
		{3FEB1BB6-6B28-45CB-8016-C42EA042B842}.Ad-Hoc|iPhone.Build.0 = Release|x86
		{3FEB1BB6-6B28-45CB-8016-C42EA042B842}.Ad-Hoc|iPhone.Deploy.0 = Release|x86
		{3FEB1BB6-6B28-45CB-8016-C42EA042B842}.Ad-Hoc|iPhoneSimulator.ActiveCfg = Release|x86
		{3FEB1BB6-6B28-45CB-8016-C42EA042B842}.Ad-Hoc|iPhoneSimulator.Build.0 = Release|x86
		{3FEB1BB6-6B28-45CB-8016-C42EA042B842}.Ad-Hoc|iPhoneSimulator.Deploy.0 = Release|x86
		{3FEB1BB6-6B28-45CB-8016-C42EA042B842}.Ad-Hoc|x64.ActiveCfg = Release|x64
		{3FEB1BB6-6B28-45CB-8016-C42EA042B842}.Ad-Hoc|x64.Build.0 = Release|x64
		{3FEB1BB6-6B28-45CB-8016-C42EA042B842}.Ad-Hoc|x64.Deploy.0 = Release|x64
		{3FEB1BB6-6B28-45CB-8016-C42EA042B842}.Ad-Hoc|x86.ActiveCfg = Release|x86
		{3FEB1BB6-6B28-45CB-8016-C42EA042B842}.Ad-Hoc|x86.Build.0 = Release|x86
		{3FEB1BB6-6B28-45CB-8016-C42EA042B842}.Ad-Hoc|x86.Deploy.0 = Release|x86
		{3FEB1BB6-6B28-45CB-8016-C42EA042B842}.AppStore|Any CPU.ActiveCfg = Release|x86
		{3FEB1BB6-6B28-45CB-8016-C42EA042B842}.AppStore|Any CPU.Build.0 = Release|x86
		{3FEB1BB6-6B28-45CB-8016-C42EA042B842}.AppStore|Any CPU.Deploy.0 = Release|x86
		{3FEB1BB6-6B28-45CB-8016-C42EA042B842}.AppStore|ARM.ActiveCfg = Release|ARM
		{3FEB1BB6-6B28-45CB-8016-C42EA042B842}.AppStore|ARM.Build.0 = Release|ARM
		{3FEB1BB6-6B28-45CB-8016-C42EA042B842}.AppStore|ARM.Deploy.0 = Release|ARM
		{3FEB1BB6-6B28-45CB-8016-C42EA042B842}.AppStore|iPhone.ActiveCfg = Release|x86
		{3FEB1BB6-6B28-45CB-8016-C42EA042B842}.AppStore|iPhone.Build.0 = Release|x86
		{3FEB1BB6-6B28-45CB-8016-C42EA042B842}.AppStore|iPhone.Deploy.0 = Release|x86
		{3FEB1BB6-6B28-45CB-8016-C42EA042B842}.AppStore|iPhoneSimulator.ActiveCfg = Release|x86
		{3FEB1BB6-6B28-45CB-8016-C42EA042B842}.AppStore|iPhoneSimulator.Build.0 = Release|x86
		{3FEB1BB6-6B28-45CB-8016-C42EA042B842}.AppStore|iPhoneSimulator.Deploy.0 = Release|x86
		{3FEB1BB6-6B28-45CB-8016-C42EA042B842}.AppStore|x64.ActiveCfg = Release|x64
		{3FEB1BB6-6B28-45CB-8016-C42EA042B842}.AppStore|x64.Build.0 = Release|x64
		{3FEB1BB6-6B28-45CB-8016-C42EA042B842}.AppStore|x64.Deploy.0 = Release|x64
		{3FEB1BB6-6B28-45CB-8016-C42EA042B842}.AppStore|x86.ActiveCfg = Release|x86
		{3FEB1BB6-6B28-45CB-8016-C42EA042B842}.AppStore|x86.Build.0 = Release|x86
		{3FEB1BB6-6B28-45CB-8016-C42EA042B842}.AppStore|x86.Deploy.0 = Release|x86
		{3FEB1BB6-6B28-45CB-8016-C42EA042B842}.Debug|Any CPU.ActiveCfg = Debug|x86
		{3FEB1BB6-6B28-45CB-8016-C42EA042B842}.Debug|Any CPU.Build.0 = Debug|x86
		{3FEB1BB6-6B28-45CB-8016-C42EA042B842}.Debug|Any CPU.Deploy.0 = Debug|x86
		{3FEB1BB6-6B28-45CB-8016-C42EA042B842}.Debug|ARM.ActiveCfg = Debug|ARM
		{3FEB1BB6-6B28-45CB-8016-C42EA042B842}.Debug|ARM.Build.0 = Debug|ARM
		{3FEB1BB6-6B28-45CB-8016-C42EA042B842}.Debug|ARM.Deploy.0 = Debug|ARM
		{3FEB1BB6-6B28-45CB-8016-C42EA042B842}.Debug|iPhone.ActiveCfg = Debug|x86
		{3FEB1BB6-6B28-45CB-8016-C42EA042B842}.Debug|iPhone.Build.0 = Debug|x86
		{3FEB1BB6-6B28-45CB-8016-C42EA042B842}.Debug|iPhone.Deploy.0 = Debug|x86
		{3FEB1BB6-6B28-45CB-8016-C42EA042B842}.Debug|iPhoneSimulator.ActiveCfg = Debug|x86
		{3FEB1BB6-6B28-45CB-8016-C42EA042B842}.Debug|iPhoneSimulator.Build.0 = Debug|x86
		{3FEB1BB6-6B28-45CB-8016-C42EA042B842}.Debug|iPhoneSimulator.Deploy.0 = Debug|x86
		{3FEB1BB6-6B28-45CB-8016-C42EA042B842}.Debug|x64.ActiveCfg = Debug|x64
		{3FEB1BB6-6B28-45CB-8016-C42EA042B842}.Debug|x64.Build.0 = Debug|x64
		{3FEB1BB6-6B28-45CB-8016-C42EA042B842}.Debug|x64.Deploy.0 = Debug|x64
		{3FEB1BB6-6B28-45CB-8016-C42EA042B842}.Debug|x86.ActiveCfg = Debug|x86
		{3FEB1BB6-6B28-45CB-8016-C42EA042B842}.Debug|x86.Build.0 = Debug|x86
		{3FEB1BB6-6B28-45CB-8016-C42EA042B842}.Debug|x86.Deploy.0 = Debug|x86
		{3FEB1BB6-6B28-45CB-8016-C42EA042B842}.Release|Any CPU.ActiveCfg = Release|x86
		{3FEB1BB6-6B28-45CB-8016-C42EA042B842}.Release|Any CPU.Build.0 = Release|x86
		{3FEB1BB6-6B28-45CB-8016-C42EA042B842}.Release|Any CPU.Deploy.0 = Release|x86
		{3FEB1BB6-6B28-45CB-8016-C42EA042B842}.Release|ARM.ActiveCfg = Release|ARM
		{3FEB1BB6-6B28-45CB-8016-C42EA042B842}.Release|ARM.Build.0 = Release|ARM
		{3FEB1BB6-6B28-45CB-8016-C42EA042B842}.Release|ARM.Deploy.0 = Release|ARM
		{3FEB1BB6-6B28-45CB-8016-C42EA042B842}.Release|iPhone.ActiveCfg = Release|x86
		{3FEB1BB6-6B28-45CB-8016-C42EA042B842}.Release|iPhone.Build.0 = Release|x86
		{3FEB1BB6-6B28-45CB-8016-C42EA042B842}.Release|iPhone.Deploy.0 = Release|x86
		{3FEB1BB6-6B28-45CB-8016-C42EA042B842}.Release|iPhoneSimulator.ActiveCfg = Release|x86
		{3FEB1BB6-6B28-45CB-8016-C42EA042B842}.Release|iPhoneSimulator.Build.0 = Release|x86
		{3FEB1BB6-6B28-45CB-8016-C42EA042B842}.Release|iPhoneSimulator.Deploy.0 = Release|x86
		{3FEB1BB6-6B28-45CB-8016-C42EA042B842}.Release|x64.ActiveCfg = Release|x64
		{3FEB1BB6-6B28-45CB-8016-C42EA042B842}.Release|x64.Build.0 = Release|x64
		{3FEB1BB6-6B28-45CB-8016-C42EA042B842}.Release|x64.Deploy.0 = Release|x64
		{3FEB1BB6-6B28-45CB-8016-C42EA042B842}.Release|x86.ActiveCfg = Release|x86
		{3FEB1BB6-6B28-45CB-8016-C42EA042B842}.Release|x86.Build.0 = Release|x86
		{3FEB1BB6-6B28-45CB-8016-C42EA042B842}.Release|x86.Deploy.0 = Release|x86
		{33E6C895-64E0-4BB9-9F5C-77A5FB1B9184}.Ad-Hoc|Any CPU.ActiveCfg = Debug|Any CPU
		{33E6C895-64E0-4BB9-9F5C-77A5FB1B9184}.Ad-Hoc|Any CPU.Build.0 = Debug|Any CPU
		{33E6C895-64E0-4BB9-9F5C-77A5FB1B9184}.Ad-Hoc|Any CPU.Deploy.0 = Debug|Any CPU
		{33E6C895-64E0-4BB9-9F5C-77A5FB1B9184}.Ad-Hoc|ARM.ActiveCfg = Debug|Any CPU
		{33E6C895-64E0-4BB9-9F5C-77A5FB1B9184}.Ad-Hoc|ARM.Build.0 = Debug|Any CPU
		{33E6C895-64E0-4BB9-9F5C-77A5FB1B9184}.Ad-Hoc|ARM.Deploy.0 = Debug|Any CPU
		{33E6C895-64E0-4BB9-9F5C-77A5FB1B9184}.Ad-Hoc|iPhone.ActiveCfg = Debug|Any CPU
		{33E6C895-64E0-4BB9-9F5C-77A5FB1B9184}.Ad-Hoc|iPhone.Build.0 = Debug|Any CPU
		{33E6C895-64E0-4BB9-9F5C-77A5FB1B9184}.Ad-Hoc|iPhone.Deploy.0 = Debug|Any CPU
		{33E6C895-64E0-4BB9-9F5C-77A5FB1B9184}.Ad-Hoc|iPhoneSimulator.ActiveCfg = Debug|Any CPU
		{33E6C895-64E0-4BB9-9F5C-77A5FB1B9184}.Ad-Hoc|iPhoneSimulator.Build.0 = Debug|Any CPU
		{33E6C895-64E0-4BB9-9F5C-77A5FB1B9184}.Ad-Hoc|iPhoneSimulator.Deploy.0 = Debug|Any CPU
		{33E6C895-64E0-4BB9-9F5C-77A5FB1B9184}.Ad-Hoc|x64.ActiveCfg = Debug|Any CPU
		{33E6C895-64E0-4BB9-9F5C-77A5FB1B9184}.Ad-Hoc|x64.Build.0 = Debug|Any CPU
		{33E6C895-64E0-4BB9-9F5C-77A5FB1B9184}.Ad-Hoc|x64.Deploy.0 = Debug|Any CPU
		{33E6C895-64E0-4BB9-9F5C-77A5FB1B9184}.Ad-Hoc|x86.ActiveCfg = Debug|Any CPU
		{33E6C895-64E0-4BB9-9F5C-77A5FB1B9184}.Ad-Hoc|x86.Build.0 = Debug|Any CPU
		{33E6C895-64E0-4BB9-9F5C-77A5FB1B9184}.Ad-Hoc|x86.Deploy.0 = Debug|Any CPU
		{33E6C895-64E0-4BB9-9F5C-77A5FB1B9184}.AppStore|Any CPU.ActiveCfg = Debug|Any CPU
		{33E6C895-64E0-4BB9-9F5C-77A5FB1B9184}.AppStore|Any CPU.Build.0 = Debug|Any CPU
		{33E6C895-64E0-4BB9-9F5C-77A5FB1B9184}.AppStore|Any CPU.Deploy.0 = Debug|Any CPU
		{33E6C895-64E0-4BB9-9F5C-77A5FB1B9184}.AppStore|ARM.ActiveCfg = Debug|Any CPU
		{33E6C895-64E0-4BB9-9F5C-77A5FB1B9184}.AppStore|ARM.Build.0 = Debug|Any CPU
		{33E6C895-64E0-4BB9-9F5C-77A5FB1B9184}.AppStore|ARM.Deploy.0 = Debug|Any CPU
		{33E6C895-64E0-4BB9-9F5C-77A5FB1B9184}.AppStore|iPhone.ActiveCfg = Debug|Any CPU
		{33E6C895-64E0-4BB9-9F5C-77A5FB1B9184}.AppStore|iPhone.Build.0 = Debug|Any CPU
		{33E6C895-64E0-4BB9-9F5C-77A5FB1B9184}.AppStore|iPhone.Deploy.0 = Debug|Any CPU
		{33E6C895-64E0-4BB9-9F5C-77A5FB1B9184}.AppStore|iPhoneSimulator.ActiveCfg = Debug|Any CPU
		{33E6C895-64E0-4BB9-9F5C-77A5FB1B9184}.AppStore|iPhoneSimulator.Build.0 = Debug|Any CPU
		{33E6C895-64E0-4BB9-9F5C-77A5FB1B9184}.AppStore|iPhoneSimulator.Deploy.0 = Debug|Any CPU
		{33E6C895-64E0-4BB9-9F5C-77A5FB1B9184}.AppStore|x64.ActiveCfg = Debug|Any CPU
		{33E6C895-64E0-4BB9-9F5C-77A5FB1B9184}.AppStore|x64.Build.0 = Debug|Any CPU
		{33E6C895-64E0-4BB9-9F5C-77A5FB1B9184}.AppStore|x64.Deploy.0 = Debug|Any CPU
		{33E6C895-64E0-4BB9-9F5C-77A5FB1B9184}.AppStore|x86.ActiveCfg = Debug|Any CPU
		{33E6C895-64E0-4BB9-9F5C-77A5FB1B9184}.AppStore|x86.Build.0 = Debug|Any CPU
		{33E6C895-64E0-4BB9-9F5C-77A5FB1B9184}.AppStore|x86.Deploy.0 = Debug|Any CPU
		{33E6C895-64E0-4BB9-9F5C-77A5FB1B9184}.Debug|Any CPU.ActiveCfg = Debug|Any CPU
		{33E6C895-64E0-4BB9-9F5C-77A5FB1B9184}.Debug|Any CPU.Build.0 = Debug|Any CPU
		{33E6C895-64E0-4BB9-9F5C-77A5FB1B9184}.Debug|Any CPU.Deploy.0 = Debug|Any CPU
		{33E6C895-64E0-4BB9-9F5C-77A5FB1B9184}.Debug|ARM.ActiveCfg = Debug|Any CPU
		{33E6C895-64E0-4BB9-9F5C-77A5FB1B9184}.Debug|ARM.Build.0 = Debug|Any CPU
		{33E6C895-64E0-4BB9-9F5C-77A5FB1B9184}.Debug|ARM.Deploy.0 = Debug|Any CPU
		{33E6C895-64E0-4BB9-9F5C-77A5FB1B9184}.Debug|iPhone.ActiveCfg = Debug|Any CPU
		{33E6C895-64E0-4BB9-9F5C-77A5FB1B9184}.Debug|iPhone.Build.0 = Debug|Any CPU
		{33E6C895-64E0-4BB9-9F5C-77A5FB1B9184}.Debug|iPhone.Deploy.0 = Debug|Any CPU
		{33E6C895-64E0-4BB9-9F5C-77A5FB1B9184}.Debug|iPhoneSimulator.ActiveCfg = Debug|Any CPU
		{33E6C895-64E0-4BB9-9F5C-77A5FB1B9184}.Debug|iPhoneSimulator.Build.0 = Debug|Any CPU
		{33E6C895-64E0-4BB9-9F5C-77A5FB1B9184}.Debug|iPhoneSimulator.Deploy.0 = Debug|Any CPU
		{33E6C895-64E0-4BB9-9F5C-77A5FB1B9184}.Debug|x64.ActiveCfg = Debug|Any CPU
		{33E6C895-64E0-4BB9-9F5C-77A5FB1B9184}.Debug|x64.Build.0 = Debug|Any CPU
		{33E6C895-64E0-4BB9-9F5C-77A5FB1B9184}.Debug|x64.Deploy.0 = Debug|Any CPU
		{33E6C895-64E0-4BB9-9F5C-77A5FB1B9184}.Debug|x86.ActiveCfg = Debug|Any CPU
		{33E6C895-64E0-4BB9-9F5C-77A5FB1B9184}.Debug|x86.Build.0 = Debug|Any CPU
		{33E6C895-64E0-4BB9-9F5C-77A5FB1B9184}.Debug|x86.Deploy.0 = Debug|Any CPU
		{33E6C895-64E0-4BB9-9F5C-77A5FB1B9184}.Release|Any CPU.ActiveCfg = Release|Any CPU
		{33E6C895-64E0-4BB9-9F5C-77A5FB1B9184}.Release|Any CPU.Build.0 = Release|Any CPU
		{33E6C895-64E0-4BB9-9F5C-77A5FB1B9184}.Release|Any CPU.Deploy.0 = Release|Any CPU
		{33E6C895-64E0-4BB9-9F5C-77A5FB1B9184}.Release|ARM.ActiveCfg = Release|Any CPU
		{33E6C895-64E0-4BB9-9F5C-77A5FB1B9184}.Release|ARM.Build.0 = Release|Any CPU
		{33E6C895-64E0-4BB9-9F5C-77A5FB1B9184}.Release|ARM.Deploy.0 = Release|Any CPU
		{33E6C895-64E0-4BB9-9F5C-77A5FB1B9184}.Release|iPhone.ActiveCfg = Release|Any CPU
		{33E6C895-64E0-4BB9-9F5C-77A5FB1B9184}.Release|iPhone.Build.0 = Release|Any CPU
		{33E6C895-64E0-4BB9-9F5C-77A5FB1B9184}.Release|iPhone.Deploy.0 = Release|Any CPU
		{33E6C895-64E0-4BB9-9F5C-77A5FB1B9184}.Release|iPhoneSimulator.ActiveCfg = Release|Any CPU
		{33E6C895-64E0-4BB9-9F5C-77A5FB1B9184}.Release|iPhoneSimulator.Build.0 = Release|Any CPU
		{33E6C895-64E0-4BB9-9F5C-77A5FB1B9184}.Release|iPhoneSimulator.Deploy.0 = Release|Any CPU
		{33E6C895-64E0-4BB9-9F5C-77A5FB1B9184}.Release|x64.ActiveCfg = Release|Any CPU
		{33E6C895-64E0-4BB9-9F5C-77A5FB1B9184}.Release|x64.Build.0 = Release|Any CPU
		{33E6C895-64E0-4BB9-9F5C-77A5FB1B9184}.Release|x64.Deploy.0 = Release|Any CPU
		{33E6C895-64E0-4BB9-9F5C-77A5FB1B9184}.Release|x86.ActiveCfg = Release|Any CPU
		{33E6C895-64E0-4BB9-9F5C-77A5FB1B9184}.Release|x86.Build.0 = Release|Any CPU
		{33E6C895-64E0-4BB9-9F5C-77A5FB1B9184}.Release|x86.Deploy.0 = Release|Any CPU
	EndGlobalSection
	GlobalSection(SolutionProperties) = preSolution
		HideSolutionNode = FALSE
	EndGlobalSection
	GlobalSection(ExtensibilityGlobals) = postSolution
		SolutionGuid = {BCF25B0C-092B-444C-ACF7-158705E16367}
	EndGlobalSection
EndGlobal
