
Microsoft Visual Studio Solution File, Format Version 12.00
# Visual Studio 15
VisualStudioVersion = 15.0.27703.2042
MinimumVisualStudioVersion = 10.0.40219.1
Project("{FAE04EC0-301F-11D3-BF4B-00C04F79EFBC}") = "App2_Tarefas.Android", "App2_Tarefas\App2_Tarefas.Android\App2_Tarefas.Android.csproj", "{A400D6A7-7396-4DDA-8D75-8E5E589AC707}"
EndProject
Project("{FAE04EC0-301F-11D3-BF4B-00C04F79EFBC}") = "App2_Tarefas.iOS", "App2_Tarefas\App2_Tarefas.iOS\App2_Tarefas.iOS.csproj", "{AD126753-7379-442D-B99A-C508F71ABA01}"
EndProject
Project("{FAE04EC0-301F-11D3-BF4B-00C04F79EFBC}") = "App2_Tarefas.UWP", "App2_Tarefas\App2_Tarefas.UWP\App2_Tarefas.UWP.csproj", "{7C1A97A1-BD77-4A82-AC88-E911D6FDF730}"
EndProject
Project("{FAE04EC0-301F-11D3-BF4B-00C04F79EFBC}") = "App2_Tarefas", "App2_Tarefas\App2_Tarefas\App2_Tarefas.csproj", "{7AA8B224-2E9C-4F17-A880-3D220DF8CC79}"
EndProject
Global
	GlobalSection(SolutionConfigurationPlatforms) = preSolution
		Ad-Hoc|Any CPU = Ad-Hoc|Any CPU
		Ad-Hoc|ARM = Ad-Hoc|ARM
		Ad-Hoc|iPhone = Ad-Hoc|iPhone
		Ad-Hoc|iPhoneSimulator = Ad-Hoc|iPhoneSimulator
		Ad-Hoc|x64 = Ad-Hoc|x64
		Ad-Hoc|x86 = Ad-Hoc|x86
		AppStore|Any CPU = AppStore|Any CPU
		AppStore|ARM = AppStore|ARM
		AppStore|iPhone = AppStore|iPhone
		AppStore|iPhoneSimulator = AppStore|iPhoneSimulator
		AppStore|x64 = AppStore|x64
		AppStore|x86 = AppStore|x86
		Debug|Any CPU = Debug|Any CPU
		Debug|ARM = Debug|ARM
		Debug|iPhone = Debug|iPhone
		Debug|iPhoneSimulator = Debug|iPhoneSimulator
		Debug|x64 = Debug|x64
		Debug|x86 = Debug|x86
		Release|Any CPU = Release|Any CPU
		Release|ARM = Release|ARM
		Release|iPhone = Release|iPhone
		Release|iPhoneSimulator = Release|iPhoneSimulator
		Release|x64 = Release|x64
		Release|x86 = Release|x86
	EndGlobalSection
	GlobalSection(ProjectConfigurationPlatforms) = postSolution
		{A400D6A7-7396-4DDA-8D75-8E5E589AC707}.Ad-Hoc|Any CPU.ActiveCfg = Release|Any CPU
		{A400D6A7-7396-4DDA-8D75-8E5E589AC707}.Ad-Hoc|Any CPU.Build.0 = Release|Any CPU
		{A400D6A7-7396-4DDA-8D75-8E5E589AC707}.Ad-Hoc|Any CPU.Deploy.0 = Release|Any CPU
		{A400D6A7-7396-4DDA-8D75-8E5E589AC707}.Ad-Hoc|ARM.ActiveCfg = Release|Any CPU
		{A400D6A7-7396-4DDA-8D75-8E5E589AC707}.Ad-Hoc|ARM.Build.0 = Release|Any CPU
		{A400D6A7-7396-4DDA-8D75-8E5E589AC707}.Ad-Hoc|ARM.Deploy.0 = Release|Any CPU
		{A400D6A7-7396-4DDA-8D75-8E5E589AC707}.Ad-Hoc|iPhone.ActiveCfg = Release|Any CPU
		{A400D6A7-7396-4DDA-8D75-8E5E589AC707}.Ad-Hoc|iPhone.Build.0 = Release|Any CPU
		{A400D6A7-7396-4DDA-8D75-8E5E589AC707}.Ad-Hoc|iPhone.Deploy.0 = Release|Any CPU
		{A400D6A7-7396-4DDA-8D75-8E5E589AC707}.Ad-Hoc|iPhoneSimulator.ActiveCfg = Release|Any CPU
		{A400D6A7-7396-4DDA-8D75-8E5E589AC707}.Ad-Hoc|iPhoneSimulator.Build.0 = Release|Any CPU
		{A400D6A7-7396-4DDA-8D75-8E5E589AC707}.Ad-Hoc|iPhoneSimulator.Deploy.0 = Release|Any CPU
		{A400D6A7-7396-4DDA-8D75-8E5E589AC707}.Ad-Hoc|x64.ActiveCfg = Release|Any CPU
		{A400D6A7-7396-4DDA-8D75-8E5E589AC707}.Ad-Hoc|x64.Build.0 = Release|Any CPU
		{A400D6A7-7396-4DDA-8D75-8E5E589AC707}.Ad-Hoc|x64.Deploy.0 = Release|Any CPU
		{A400D6A7-7396-4DDA-8D75-8E5E589AC707}.Ad-Hoc|x86.ActiveCfg = Release|Any CPU
		{A400D6A7-7396-4DDA-8D75-8E5E589AC707}.Ad-Hoc|x86.Build.0 = Release|Any CPU
		{A400D6A7-7396-4DDA-8D75-8E5E589AC707}.Ad-Hoc|x86.Deploy.0 = Release|Any CPU
		{A400D6A7-7396-4DDA-8D75-8E5E589AC707}.AppStore|Any CPU.ActiveCfg = Release|Any CPU
		{A400D6A7-7396-4DDA-8D75-8E5E589AC707}.AppStore|Any CPU.Build.0 = Release|Any CPU
		{A400D6A7-7396-4DDA-8D75-8E5E589AC707}.AppStore|Any CPU.Deploy.0 = Release|Any CPU
		{A400D6A7-7396-4DDA-8D75-8E5E589AC707}.AppStore|ARM.ActiveCfg = Release|Any CPU
		{A400D6A7-7396-4DDA-8D75-8E5E589AC707}.AppStore|ARM.Build.0 = Release|Any CPU
		{A400D6A7-7396-4DDA-8D75-8E5E589AC707}.AppStore|ARM.Deploy.0 = Release|Any CPU
		{A400D6A7-7396-4DDA-8D75-8E5E589AC707}.AppStore|iPhone.ActiveCfg = Release|Any CPU
		{A400D6A7-7396-4DDA-8D75-8E5E589AC707}.AppStore|iPhone.Build.0 = Release|Any CPU
		{A400D6A7-7396-4DDA-8D75-8E5E589AC707}.AppStore|iPhone.Deploy.0 = Release|Any CPU
		{A400D6A7-7396-4DDA-8D75-8E5E589AC707}.AppStore|iPhoneSimulator.ActiveCfg = Release|Any CPU
		{A400D6A7-7396-4DDA-8D75-8E5E589AC707}.AppStore|iPhoneSimulator.Build.0 = Release|Any CPU
		{A400D6A7-7396-4DDA-8D75-8E5E589AC707}.AppStore|iPhoneSimulator.Deploy.0 = Release|Any CPU
		{A400D6A7-7396-4DDA-8D75-8E5E589AC707}.AppStore|x64.ActiveCfg = Release|Any CPU
		{A400D6A7-7396-4DDA-8D75-8E5E589AC707}.AppStore|x64.Build.0 = Release|Any CPU
		{A400D6A7-7396-4DDA-8D75-8E5E589AC707}.AppStore|x64.Deploy.0 = Release|Any CPU
		{A400D6A7-7396-4DDA-8D75-8E5E589AC707}.AppStore|x86.ActiveCfg = Release|Any CPU
		{A400D6A7-7396-4DDA-8D75-8E5E589AC707}.AppStore|x86.Build.0 = Release|Any CPU
		{A400D6A7-7396-4DDA-8D75-8E5E589AC707}.AppStore|x86.Deploy.0 = Release|Any CPU
		{A400D6A7-7396-4DDA-8D75-8E5E589AC707}.Debug|Any CPU.ActiveCfg = Debug|Any CPU
		{A400D6A7-7396-4DDA-8D75-8E5E589AC707}.Debug|Any CPU.Build.0 = Debug|Any CPU
		{A400D6A7-7396-4DDA-8D75-8E5E589AC707}.Debug|Any CPU.Deploy.0 = Debug|Any CPU
		{A400D6A7-7396-4DDA-8D75-8E5E589AC707}.Debug|ARM.ActiveCfg = Debug|Any CPU
		{A400D6A7-7396-4DDA-8D75-8E5E589AC707}.Debug|ARM.Build.0 = Debug|Any CPU
		{A400D6A7-7396-4DDA-8D75-8E5E589AC707}.Debug|ARM.Deploy.0 = Debug|Any CPU
		{A400D6A7-7396-4DDA-8D75-8E5E589AC707}.Debug|iPhone.ActiveCfg = Debug|Any CPU
		{A400D6A7-7396-4DDA-8D75-8E5E589AC707}.Debug|iPhone.Build.0 = Debug|Any CPU
		{A400D6A7-7396-4DDA-8D75-8E5E589AC707}.Debug|iPhone.Deploy.0 = Debug|Any CPU
		{A400D6A7-7396-4DDA-8D75-8E5E589AC707}.Debug|iPhoneSimulator.ActiveCfg = Debug|Any CPU
		{A400D6A7-7396-4DDA-8D75-8E5E589AC707}.Debug|iPhoneSimulator.Build.0 = Debug|Any CPU
		{A400D6A7-7396-4DDA-8D75-8E5E589AC707}.Debug|iPhoneSimulator.Deploy.0 = Debug|Any CPU
		{A400D6A7-7396-4DDA-8D75-8E5E589AC707}.Debug|x64.ActiveCfg = Debug|Any CPU
		{A400D6A7-7396-4DDA-8D75-8E5E589AC707}.Debug|x64.Build.0 = Debug|Any CPU
		{A400D6A7-7396-4DDA-8D75-8E5E589AC707}.Debug|x64.Deploy.0 = Debug|Any CPU
		{A400D6A7-7396-4DDA-8D75-8E5E589AC707}.Debug|x86.ActiveCfg = Debug|Any CPU
		{A400D6A7-7396-4DDA-8D75-8E5E589AC707}.Debug|x86.Build.0 = Debug|Any CPU
		{A400D6A7-7396-4DDA-8D75-8E5E589AC707}.Debug|x86.Deploy.0 = Debug|Any CPU
		{A400D6A7-7396-4DDA-8D75-8E5E589AC707}.Release|Any CPU.ActiveCfg = Release|Any CPU
		{A400D6A7-7396-4DDA-8D75-8E5E589AC707}.Release|Any CPU.Build.0 = Release|Any CPU
		{A400D6A7-7396-4DDA-8D75-8E5E589AC707}.Release|Any CPU.Deploy.0 = Release|Any CPU
		{A400D6A7-7396-4DDA-8D75-8E5E589AC707}.Release|ARM.ActiveCfg = Release|Any CPU
		{A400D6A7-7396-4DDA-8D75-8E5E589AC707}.Release|ARM.Build.0 = Release|Any CPU
		{A400D6A7-7396-4DDA-8D75-8E5E589AC707}.Release|ARM.Deploy.0 = Release|Any CPU
		{A400D6A7-7396-4DDA-8D75-8E5E589AC707}.Release|iPhone.ActiveCfg = Release|Any CPU
		{A400D6A7-7396-4DDA-8D75-8E5E589AC707}.Release|iPhone.Build.0 = Release|Any CPU
		{A400D6A7-7396-4DDA-8D75-8E5E589AC707}.Release|iPhone.Deploy.0 = Release|Any CPU
		{A400D6A7-7396-4DDA-8D75-8E5E589AC707}.Release|iPhoneSimulator.ActiveCfg = Release|Any CPU
		{A400D6A7-7396-4DDA-8D75-8E5E589AC707}.Release|iPhoneSimulator.Build.0 = Release|Any CPU
		{A400D6A7-7396-4DDA-8D75-8E5E589AC707}.Release|iPhoneSimulator.Deploy.0 = Release|Any CPU
		{A400D6A7-7396-4DDA-8D75-8E5E589AC707}.Release|x64.ActiveCfg = Release|Any CPU
		{A400D6A7-7396-4DDA-8D75-8E5E589AC707}.Release|x64.Build.0 = Release|Any CPU
		{A400D6A7-7396-4DDA-8D75-8E5E589AC707}.Release|x64.Deploy.0 = Release|Any CPU
		{A400D6A7-7396-4DDA-8D75-8E5E589AC707}.Release|x86.ActiveCfg = Release|Any CPU
		{A400D6A7-7396-4DDA-8D75-8E5E589AC707}.Release|x86.Build.0 = Release|Any CPU
		{A400D6A7-7396-4DDA-8D75-8E5E589AC707}.Release|x86.Deploy.0 = Release|Any CPU
		{AD126753-7379-442D-B99A-C508F71ABA01}.Ad-Hoc|Any CPU.ActiveCfg = Ad-Hoc|iPhone
		{AD126753-7379-442D-B99A-C508F71ABA01}.Ad-Hoc|Any CPU.Build.0 = Ad-Hoc|iPhone
		{AD126753-7379-442D-B99A-C508F71ABA01}.Ad-Hoc|Any CPU.Deploy.0 = Ad-Hoc|iPhone
		{AD126753-7379-442D-B99A-C508F71ABA01}.Ad-Hoc|ARM.ActiveCfg = Ad-Hoc|iPhone
		{AD126753-7379-442D-B99A-C508F71ABA01}.Ad-Hoc|ARM.Build.0 = Ad-Hoc|iPhone
		{AD126753-7379-442D-B99A-C508F71ABA01}.Ad-Hoc|ARM.Deploy.0 = Ad-Hoc|iPhone
		{AD126753-7379-442D-B99A-C508F71ABA01}.Ad-Hoc|iPhone.ActiveCfg = Ad-Hoc|iPhone
		{AD126753-7379-442D-B99A-C508F71ABA01}.Ad-Hoc|iPhone.Build.0 = Ad-Hoc|iPhone
		{AD126753-7379-442D-B99A-C508F71ABA01}.Ad-Hoc|iPhone.Deploy.0 = Ad-Hoc|iPhone
		{AD126753-7379-442D-B99A-C508F71ABA01}.Ad-Hoc|iPhoneSimulator.ActiveCfg = Ad-Hoc|iPhoneSimulator
		{AD126753-7379-442D-B99A-C508F71ABA01}.Ad-Hoc|iPhoneSimulator.Build.0 = Ad-Hoc|iPhoneSimulator
		{AD126753-7379-442D-B99A-C508F71ABA01}.Ad-Hoc|iPhoneSimulator.Deploy.0 = Ad-Hoc|iPhoneSimulator
		{AD126753-7379-442D-B99A-C508F71ABA01}.Ad-Hoc|x64.ActiveCfg = Ad-Hoc|iPhone
		{AD126753-7379-442D-B99A-C508F71ABA01}.Ad-Hoc|x64.Build.0 = Ad-Hoc|iPhone
		{AD126753-7379-442D-B99A-C508F71ABA01}.Ad-Hoc|x64.Deploy.0 = Ad-Hoc|iPhone
		{AD126753-7379-442D-B99A-C508F71ABA01}.Ad-Hoc|x86.ActiveCfg = Ad-Hoc|iPhone
		{AD126753-7379-442D-B99A-C508F71ABA01}.Ad-Hoc|x86.Build.0 = Ad-Hoc|iPhone
		{AD126753-7379-442D-B99A-C508F71ABA01}.Ad-Hoc|x86.Deploy.0 = Ad-Hoc|iPhone
		{AD126753-7379-442D-B99A-C508F71ABA01}.AppStore|Any CPU.ActiveCfg = AppStore|iPhone
		{AD126753-7379-442D-B99A-C508F71ABA01}.AppStore|Any CPU.Build.0 = AppStore|iPhone
		{AD126753-7379-442D-B99A-C508F71ABA01}.AppStore|Any CPU.Deploy.0 = AppStore|iPhone
		{AD126753-7379-442D-B99A-C508F71ABA01}.AppStore|ARM.ActiveCfg = AppStore|iPhone
		{AD126753-7379-442D-B99A-C508F71ABA01}.AppStore|ARM.Build.0 = AppStore|iPhone
		{AD126753-7379-442D-B99A-C508F71ABA01}.AppStore|ARM.Deploy.0 = AppStore|iPhone
		{AD126753-7379-442D-B99A-C508F71ABA01}.AppStore|iPhone.ActiveCfg = AppStore|iPhone
		{AD126753-7379-442D-B99A-C508F71ABA01}.AppStore|iPhone.Build.0 = AppStore|iPhone
		{AD126753-7379-442D-B99A-C508F71ABA01}.AppStore|iPhone.Deploy.0 = AppStore|iPhone
		{AD126753-7379-442D-B99A-C508F71ABA01}.AppStore|iPhoneSimulator.ActiveCfg = AppStore|iPhoneSimulator
		{AD126753-7379-442D-B99A-C508F71ABA01}.AppStore|iPhoneSimulator.Build.0 = AppStore|iPhoneSimulator
		{AD126753-7379-442D-B99A-C508F71ABA01}.AppStore|iPhoneSimulator.Deploy.0 = AppStore|iPhoneSimulator
		{AD126753-7379-442D-B99A-C508F71ABA01}.AppStore|x64.ActiveCfg = AppStore|iPhone
		{AD126753-7379-442D-B99A-C508F71ABA01}.AppStore|x64.Build.0 = AppStore|iPhone
		{AD126753-7379-442D-B99A-C508F71ABA01}.AppStore|x64.Deploy.0 = AppStore|iPhone
		{AD126753-7379-442D-B99A-C508F71ABA01}.AppStore|x86.ActiveCfg = AppStore|iPhone
		{AD126753-7379-442D-B99A-C508F71ABA01}.AppStore|x86.Build.0 = AppStore|iPhone
		{AD126753-7379-442D-B99A-C508F71ABA01}.AppStore|x86.Deploy.0 = AppStore|iPhone
		{AD126753-7379-442D-B99A-C508F71ABA01}.Debug|Any CPU.ActiveCfg = Debug|iPhoneSimulator
		{AD126753-7379-442D-B99A-C508F71ABA01}.Debug|Any CPU.Build.0 = Debug|iPhoneSimulator
		{AD126753-7379-442D-B99A-C508F71ABA01}.Debug|Any CPU.Deploy.0 = Debug|iPhoneSimulator
		{AD126753-7379-442D-B99A-C508F71ABA01}.Debug|ARM.ActiveCfg = Debug|iPhone
		{AD126753-7379-442D-B99A-C508F71ABA01}.Debug|ARM.Build.0 = Debug|iPhone
		{AD126753-7379-442D-B99A-C508F71ABA01}.Debug|ARM.Deploy.0 = Debug|iPhone
		{AD126753-7379-442D-B99A-C508F71ABA01}.Debug|iPhone.ActiveCfg = Debug|iPhone
		{AD126753-7379-442D-B99A-C508F71ABA01}.Debug|iPhone.Build.0 = Debug|iPhone
		{AD126753-7379-442D-B99A-C508F71ABA01}.Debug|iPhone.Deploy.0 = Debug|iPhone
		{AD126753-7379-442D-B99A-C508F71ABA01}.Debug|iPhoneSimulator.ActiveCfg = Debug|iPhoneSimulator
		{AD126753-7379-442D-B99A-C508F71ABA01}.Debug|iPhoneSimulator.Build.0 = Debug|iPhoneSimulator
		{AD126753-7379-442D-B99A-C508F71ABA01}.Debug|iPhoneSimulator.Deploy.0 = Debug|iPhoneSimulator
		{AD126753-7379-442D-B99A-C508F71ABA01}.Debug|x64.ActiveCfg = Debug|iPhone
		{AD126753-7379-442D-B99A-C508F71ABA01}.Debug|x64.Build.0 = Debug|iPhone
		{AD126753-7379-442D-B99A-C508F71ABA01}.Debug|x64.Deploy.0 = Debug|iPhone
		{AD126753-7379-442D-B99A-C508F71ABA01}.Debug|x86.ActiveCfg = Debug|iPhone
		{AD126753-7379-442D-B99A-C508F71ABA01}.Debug|x86.Build.0 = Debug|iPhone
		{AD126753-7379-442D-B99A-C508F71ABA01}.Debug|x86.Deploy.0 = Debug|iPhone
		{AD126753-7379-442D-B99A-C508F71ABA01}.Release|Any CPU.ActiveCfg = Release|iPhone
		{AD126753-7379-442D-B99A-C508F71ABA01}.Release|Any CPU.Build.0 = Release|iPhone
		{AD126753-7379-442D-B99A-C508F71ABA01}.Release|Any CPU.Deploy.0 = Release|iPhone
		{AD126753-7379-442D-B99A-C508F71ABA01}.Release|ARM.ActiveCfg = Release|iPhone
		{AD126753-7379-442D-B99A-C508F71ABA01}.Release|ARM.Build.0 = Release|iPhone
		{AD126753-7379-442D-B99A-C508F71ABA01}.Release|ARM.Deploy.0 = Release|iPhone
		{AD126753-7379-442D-B99A-C508F71ABA01}.Release|iPhone.ActiveCfg = Release|iPhone
		{AD126753-7379-442D-B99A-C508F71ABA01}.Release|iPhone.Build.0 = Release|iPhone
		{AD126753-7379-442D-B99A-C508F71ABA01}.Release|iPhone.Deploy.0 = Release|iPhone
		{AD126753-7379-442D-B99A-C508F71ABA01}.Release|iPhoneSimulator.ActiveCfg = Release|iPhoneSimulator
		{AD126753-7379-442D-B99A-C508F71ABA01}.Release|iPhoneSimulator.Build.0 = Release|iPhoneSimulator
		{AD126753-7379-442D-B99A-C508F71ABA01}.Release|iPhoneSimulator.Deploy.0 = Release|iPhoneSimulator
		{AD126753-7379-442D-B99A-C508F71ABA01}.Release|x64.ActiveCfg = Release|iPhone
		{AD126753-7379-442D-B99A-C508F71ABA01}.Release|x64.Build.0 = Release|iPhone
		{AD126753-7379-442D-B99A-C508F71ABA01}.Release|x64.Deploy.0 = Release|iPhone
		{AD126753-7379-442D-B99A-C508F71ABA01}.Release|x86.ActiveCfg = Release|iPhone
		{AD126753-7379-442D-B99A-C508F71ABA01}.Release|x86.Build.0 = Release|iPhone
		{AD126753-7379-442D-B99A-C508F71ABA01}.Release|x86.Deploy.0 = Release|iPhone
		{7C1A97A1-BD77-4A82-AC88-E911D6FDF730}.Ad-Hoc|Any CPU.ActiveCfg = Release|x86
		{7C1A97A1-BD77-4A82-AC88-E911D6FDF730}.Ad-Hoc|Any CPU.Build.0 = Release|x86
		{7C1A97A1-BD77-4A82-AC88-E911D6FDF730}.Ad-Hoc|Any CPU.Deploy.0 = Release|x86
		{7C1A97A1-BD77-4A82-AC88-E911D6FDF730}.Ad-Hoc|ARM.ActiveCfg = Release|ARM
		{7C1A97A1-BD77-4A82-AC88-E911D6FDF730}.Ad-Hoc|ARM.Build.0 = Release|ARM
		{7C1A97A1-BD77-4A82-AC88-E911D6FDF730}.Ad-Hoc|ARM.Deploy.0 = Release|ARM
		{7C1A97A1-BD77-4A82-AC88-E911D6FDF730}.Ad-Hoc|iPhone.ActiveCfg = Release|x86
		{7C1A97A1-BD77-4A82-AC88-E911D6FDF730}.Ad-Hoc|iPhone.Build.0 = Release|x86
		{7C1A97A1-BD77-4A82-AC88-E911D6FDF730}.Ad-Hoc|iPhone.Deploy.0 = Release|x86
		{7C1A97A1-BD77-4A82-AC88-E911D6FDF730}.Ad-Hoc|iPhoneSimulator.ActiveCfg = Release|x86
		{7C1A97A1-BD77-4A82-AC88-E911D6FDF730}.Ad-Hoc|iPhoneSimulator.Build.0 = Release|x86
		{7C1A97A1-BD77-4A82-AC88-E911D6FDF730}.Ad-Hoc|iPhoneSimulator.Deploy.0 = Release|x86
		{7C1A97A1-BD77-4A82-AC88-E911D6FDF730}.Ad-Hoc|x64.ActiveCfg = Release|x64
		{7C1A97A1-BD77-4A82-AC88-E911D6FDF730}.Ad-Hoc|x64.Build.0 = Release|x64
		{7C1A97A1-BD77-4A82-AC88-E911D6FDF730}.Ad-Hoc|x64.Deploy.0 = Release|x64
		{7C1A97A1-BD77-4A82-AC88-E911D6FDF730}.Ad-Hoc|x86.ActiveCfg = Release|x86
		{7C1A97A1-BD77-4A82-AC88-E911D6FDF730}.Ad-Hoc|x86.Build.0 = Release|x86
		{7C1A97A1-BD77-4A82-AC88-E911D6FDF730}.Ad-Hoc|x86.Deploy.0 = Release|x86
		{7C1A97A1-BD77-4A82-AC88-E911D6FDF730}.AppStore|Any CPU.ActiveCfg = Release|x86
		{7C1A97A1-BD77-4A82-AC88-E911D6FDF730}.AppStore|Any CPU.Build.0 = Release|x86
		{7C1A97A1-BD77-4A82-AC88-E911D6FDF730}.AppStore|Any CPU.Deploy.0 = Release|x86
		{7C1A97A1-BD77-4A82-AC88-E911D6FDF730}.AppStore|ARM.ActiveCfg = Release|ARM
		{7C1A97A1-BD77-4A82-AC88-E911D6FDF730}.AppStore|ARM.Build.0 = Release|ARM
		{7C1A97A1-BD77-4A82-AC88-E911D6FDF730}.AppStore|ARM.Deploy.0 = Release|ARM
		{7C1A97A1-BD77-4A82-AC88-E911D6FDF730}.AppStore|iPhone.ActiveCfg = Release|x86
		{7C1A97A1-BD77-4A82-AC88-E911D6FDF730}.AppStore|iPhone.Build.0 = Release|x86
		{7C1A97A1-BD77-4A82-AC88-E911D6FDF730}.AppStore|iPhone.Deploy.0 = Release|x86
		{7C1A97A1-BD77-4A82-AC88-E911D6FDF730}.AppStore|iPhoneSimulator.ActiveCfg = Release|x86
		{7C1A97A1-BD77-4A82-AC88-E911D6FDF730}.AppStore|iPhoneSimulator.Build.0 = Release|x86
		{7C1A97A1-BD77-4A82-AC88-E911D6FDF730}.AppStore|iPhoneSimulator.Deploy.0 = Release|x86
		{7C1A97A1-BD77-4A82-AC88-E911D6FDF730}.AppStore|x64.ActiveCfg = Release|x64
		{7C1A97A1-BD77-4A82-AC88-E911D6FDF730}.AppStore|x64.Build.0 = Release|x64
		{7C1A97A1-BD77-4A82-AC88-E911D6FDF730}.AppStore|x64.Deploy.0 = Release|x64
		{7C1A97A1-BD77-4A82-AC88-E911D6FDF730}.AppStore|x86.ActiveCfg = Release|x86
		{7C1A97A1-BD77-4A82-AC88-E911D6FDF730}.AppStore|x86.Build.0 = Release|x86
		{7C1A97A1-BD77-4A82-AC88-E911D6FDF730}.AppStore|x86.Deploy.0 = Release|x86
		{7C1A97A1-BD77-4A82-AC88-E911D6FDF730}.Debug|Any CPU.ActiveCfg = Debug|x86
		{7C1A97A1-BD77-4A82-AC88-E911D6FDF730}.Debug|Any CPU.Build.0 = Debug|x86
		{7C1A97A1-BD77-4A82-AC88-E911D6FDF730}.Debug|Any CPU.Deploy.0 = Debug|x86
		{7C1A97A1-BD77-4A82-AC88-E911D6FDF730}.Debug|ARM.ActiveCfg = Debug|ARM
		{7C1A97A1-BD77-4A82-AC88-E911D6FDF730}.Debug|ARM.Build.0 = Debug|ARM
		{7C1A97A1-BD77-4A82-AC88-E911D6FDF730}.Debug|ARM.Deploy.0 = Debug|ARM
		{7C1A97A1-BD77-4A82-AC88-E911D6FDF730}.Debug|iPhone.ActiveCfg = Debug|x86
		{7C1A97A1-BD77-4A82-AC88-E911D6FDF730}.Debug|iPhone.Build.0 = Debug|x86
		{7C1A97A1-BD77-4A82-AC88-E911D6FDF730}.Debug|iPhone.Deploy.0 = Debug|x86
		{7C1A97A1-BD77-4A82-AC88-E911D6FDF730}.Debug|iPhoneSimulator.ActiveCfg = Debug|x86
		{7C1A97A1-BD77-4A82-AC88-E911D6FDF730}.Debug|iPhoneSimulator.Build.0 = Debug|x86
		{7C1A97A1-BD77-4A82-AC88-E911D6FDF730}.Debug|iPhoneSimulator.Deploy.0 = Debug|x86
		{7C1A97A1-BD77-4A82-AC88-E911D6FDF730}.Debug|x64.ActiveCfg = Debug|x64
		{7C1A97A1-BD77-4A82-AC88-E911D6FDF730}.Debug|x64.Build.0 = Debug|x64
		{7C1A97A1-BD77-4A82-AC88-E911D6FDF730}.Debug|x64.Deploy.0 = Debug|x64
		{7C1A97A1-BD77-4A82-AC88-E911D6FDF730}.Debug|x86.ActiveCfg = Debug|x86
		{7C1A97A1-BD77-4A82-AC88-E911D6FDF730}.Debug|x86.Build.0 = Debug|x86
		{7C1A97A1-BD77-4A82-AC88-E911D6FDF730}.Debug|x86.Deploy.0 = Debug|x86
		{7C1A97A1-BD77-4A82-AC88-E911D6FDF730}.Release|Any CPU.ActiveCfg = Release|x86
		{7C1A97A1-BD77-4A82-AC88-E911D6FDF730}.Release|Any CPU.Build.0 = Release|x86
		{7C1A97A1-BD77-4A82-AC88-E911D6FDF730}.Release|Any CPU.Deploy.0 = Release|x86
		{7C1A97A1-BD77-4A82-AC88-E911D6FDF730}.Release|ARM.ActiveCfg = Release|ARM
		{7C1A97A1-BD77-4A82-AC88-E911D6FDF730}.Release|ARM.Build.0 = Release|ARM
		{7C1A97A1-BD77-4A82-AC88-E911D6FDF730}.Release|ARM.Deploy.0 = Release|ARM
		{7C1A97A1-BD77-4A82-AC88-E911D6FDF730}.Release|iPhone.ActiveCfg = Release|x86
		{7C1A97A1-BD77-4A82-AC88-E911D6FDF730}.Release|iPhone.Build.0 = Release|x86
		{7C1A97A1-BD77-4A82-AC88-E911D6FDF730}.Release|iPhone.Deploy.0 = Release|x86
		{7C1A97A1-BD77-4A82-AC88-E911D6FDF730}.Release|iPhoneSimulator.ActiveCfg = Release|x86
		{7C1A97A1-BD77-4A82-AC88-E911D6FDF730}.Release|iPhoneSimulator.Build.0 = Release|x86
		{7C1A97A1-BD77-4A82-AC88-E911D6FDF730}.Release|iPhoneSimulator.Deploy.0 = Release|x86
		{7C1A97A1-BD77-4A82-AC88-E911D6FDF730}.Release|x64.ActiveCfg = Release|x64
		{7C1A97A1-BD77-4A82-AC88-E911D6FDF730}.Release|x64.Build.0 = Release|x64
		{7C1A97A1-BD77-4A82-AC88-E911D6FDF730}.Release|x64.Deploy.0 = Release|x64
		{7C1A97A1-BD77-4A82-AC88-E911D6FDF730}.Release|x86.ActiveCfg = Release|x86
		{7C1A97A1-BD77-4A82-AC88-E911D6FDF730}.Release|x86.Build.0 = Release|x86
		{7C1A97A1-BD77-4A82-AC88-E911D6FDF730}.Release|x86.Deploy.0 = Release|x86
		{7AA8B224-2E9C-4F17-A880-3D220DF8CC79}.Ad-Hoc|Any CPU.ActiveCfg = Debug|Any CPU
		{7AA8B224-2E9C-4F17-A880-3D220DF8CC79}.Ad-Hoc|Any CPU.Build.0 = Debug|Any CPU
		{7AA8B224-2E9C-4F17-A880-3D220DF8CC79}.Ad-Hoc|Any CPU.Deploy.0 = Debug|Any CPU
		{7AA8B224-2E9C-4F17-A880-3D220DF8CC79}.Ad-Hoc|ARM.ActiveCfg = Debug|Any CPU
		{7AA8B224-2E9C-4F17-A880-3D220DF8CC79}.Ad-Hoc|ARM.Build.0 = Debug|Any CPU
		{7AA8B224-2E9C-4F17-A880-3D220DF8CC79}.Ad-Hoc|ARM.Deploy.0 = Debug|Any CPU
		{7AA8B224-2E9C-4F17-A880-3D220DF8CC79}.Ad-Hoc|iPhone.ActiveCfg = Debug|Any CPU
		{7AA8B224-2E9C-4F17-A880-3D220DF8CC79}.Ad-Hoc|iPhone.Build.0 = Debug|Any CPU
		{7AA8B224-2E9C-4F17-A880-3D220DF8CC79}.Ad-Hoc|iPhone.Deploy.0 = Debug|Any CPU
		{7AA8B224-2E9C-4F17-A880-3D220DF8CC79}.Ad-Hoc|iPhoneSimulator.ActiveCfg = Debug|Any CPU
		{7AA8B224-2E9C-4F17-A880-3D220DF8CC79}.Ad-Hoc|iPhoneSimulator.Build.0 = Debug|Any CPU
		{7AA8B224-2E9C-4F17-A880-3D220DF8CC79}.Ad-Hoc|iPhoneSimulator.Deploy.0 = Debug|Any CPU
		{7AA8B224-2E9C-4F17-A880-3D220DF8CC79}.Ad-Hoc|x64.ActiveCfg = Debug|Any CPU
		{7AA8B224-2E9C-4F17-A880-3D220DF8CC79}.Ad-Hoc|x64.Build.0 = Debug|Any CPU
		{7AA8B224-2E9C-4F17-A880-3D220DF8CC79}.Ad-Hoc|x64.Deploy.0 = Debug|Any CPU
		{7AA8B224-2E9C-4F17-A880-3D220DF8CC79}.Ad-Hoc|x86.ActiveCfg = Debug|Any CPU
		{7AA8B224-2E9C-4F17-A880-3D220DF8CC79}.Ad-Hoc|x86.Build.0 = Debug|Any CPU
		{7AA8B224-2E9C-4F17-A880-3D220DF8CC79}.Ad-Hoc|x86.Deploy.0 = Debug|Any CPU
		{7AA8B224-2E9C-4F17-A880-3D220DF8CC79}.AppStore|Any CPU.ActiveCfg = Debug|Any CPU
		{7AA8B224-2E9C-4F17-A880-3D220DF8CC79}.AppStore|Any CPU.Build.0 = Debug|Any CPU
		{7AA8B224-2E9C-4F17-A880-3D220DF8CC79}.AppStore|Any CPU.Deploy.0 = Debug|Any CPU
		{7AA8B224-2E9C-4F17-A880-3D220DF8CC79}.AppStore|ARM.ActiveCfg = Debug|Any CPU
		{7AA8B224-2E9C-4F17-A880-3D220DF8CC79}.AppStore|ARM.Build.0 = Debug|Any CPU
		{7AA8B224-2E9C-4F17-A880-3D220DF8CC79}.AppStore|ARM.Deploy.0 = Debug|Any CPU
		{7AA8B224-2E9C-4F17-A880-3D220DF8CC79}.AppStore|iPhone.ActiveCfg = Debug|Any CPU
		{7AA8B224-2E9C-4F17-A880-3D220DF8CC79}.AppStore|iPhone.Build.0 = Debug|Any CPU
		{7AA8B224-2E9C-4F17-A880-3D220DF8CC79}.AppStore|iPhone.Deploy.0 = Debug|Any CPU
		{7AA8B224-2E9C-4F17-A880-3D220DF8CC79}.AppStore|iPhoneSimulator.ActiveCfg = Debug|Any CPU
		{7AA8B224-2E9C-4F17-A880-3D220DF8CC79}.AppStore|iPhoneSimulator.Build.0 = Debug|Any CPU
		{7AA8B224-2E9C-4F17-A880-3D220DF8CC79}.AppStore|iPhoneSimulator.Deploy.0 = Debug|Any CPU
		{7AA8B224-2E9C-4F17-A880-3D220DF8CC79}.AppStore|x64.ActiveCfg = Debug|Any CPU
		{7AA8B224-2E9C-4F17-A880-3D220DF8CC79}.AppStore|x64.Build.0 = Debug|Any CPU
		{7AA8B224-2E9C-4F17-A880-3D220DF8CC79}.AppStore|x64.Deploy.0 = Debug|Any CPU
		{7AA8B224-2E9C-4F17-A880-3D220DF8CC79}.AppStore|x86.ActiveCfg = Debug|Any CPU
		{7AA8B224-2E9C-4F17-A880-3D220DF8CC79}.AppStore|x86.Build.0 = Debug|Any CPU
		{7AA8B224-2E9C-4F17-A880-3D220DF8CC79}.AppStore|x86.Deploy.0 = Debug|Any CPU
		{7AA8B224-2E9C-4F17-A880-3D220DF8CC79}.Debug|Any CPU.ActiveCfg = Debug|Any CPU
		{7AA8B224-2E9C-4F17-A880-3D220DF8CC79}.Debug|Any CPU.Build.0 = Debug|Any CPU
		{7AA8B224-2E9C-4F17-A880-3D220DF8CC79}.Debug|Any CPU.Deploy.0 = Debug|Any CPU
		{7AA8B224-2E9C-4F17-A880-3D220DF8CC79}.Debug|ARM.ActiveCfg = Debug|Any CPU
		{7AA8B224-2E9C-4F17-A880-3D220DF8CC79}.Debug|ARM.Build.0 = Debug|Any CPU
		{7AA8B224-2E9C-4F17-A880-3D220DF8CC79}.Debug|ARM.Deploy.0 = Debug|Any CPU
		{7AA8B224-2E9C-4F17-A880-3D220DF8CC79}.Debug|iPhone.ActiveCfg = Debug|Any CPU
		{7AA8B224-2E9C-4F17-A880-3D220DF8CC79}.Debug|iPhone.Build.0 = Debug|Any CPU
		{7AA8B224-2E9C-4F17-A880-3D220DF8CC79}.Debug|iPhone.Deploy.0 = Debug|Any CPU
		{7AA8B224-2E9C-4F17-A880-3D220DF8CC79}.Debug|iPhoneSimulator.ActiveCfg = Debug|Any CPU
		{7AA8B224-2E9C-4F17-A880-3D220DF8CC79}.Debug|iPhoneSimulator.Build.0 = Debug|Any CPU
		{7AA8B224-2E9C-4F17-A880-3D220DF8CC79}.Debug|iPhoneSimulator.Deploy.0 = Debug|Any CPU
		{7AA8B224-2E9C-4F17-A880-3D220DF8CC79}.Debug|x64.ActiveCfg = Debug|Any CPU
		{7AA8B224-2E9C-4F17-A880-3D220DF8CC79}.Debug|x64.Build.0 = Debug|Any CPU
		{7AA8B224-2E9C-4F17-A880-3D220DF8CC79}.Debug|x64.Deploy.0 = Debug|Any CPU
		{7AA8B224-2E9C-4F17-A880-3D220DF8CC79}.Debug|x86.ActiveCfg = Debug|Any CPU
		{7AA8B224-2E9C-4F17-A880-3D220DF8CC79}.Debug|x86.Build.0 = Debug|Any CPU
		{7AA8B224-2E9C-4F17-A880-3D220DF8CC79}.Debug|x86.Deploy.0 = Debug|Any CPU
		{7AA8B224-2E9C-4F17-A880-3D220DF8CC79}.Release|Any CPU.ActiveCfg = Release|Any CPU
		{7AA8B224-2E9C-4F17-A880-3D220DF8CC79}.Release|Any CPU.Build.0 = Release|Any CPU
		{7AA8B224-2E9C-4F17-A880-3D220DF8CC79}.Release|Any CPU.Deploy.0 = Release|Any CPU
		{7AA8B224-2E9C-4F17-A880-3D220DF8CC79}.Release|ARM.ActiveCfg = Release|Any CPU
		{7AA8B224-2E9C-4F17-A880-3D220DF8CC79}.Release|ARM.Build.0 = Release|Any CPU
		{7AA8B224-2E9C-4F17-A880-3D220DF8CC79}.Release|ARM.Deploy.0 = Release|Any CPU
		{7AA8B224-2E9C-4F17-A880-3D220DF8CC79}.Release|iPhone.ActiveCfg = Release|Any CPU
		{7AA8B224-2E9C-4F17-A880-3D220DF8CC79}.Release|iPhone.Build.0 = Release|Any CPU
		{7AA8B224-2E9C-4F17-A880-3D220DF8CC79}.Release|iPhone.Deploy.0 = Release|Any CPU
		{7AA8B224-2E9C-4F17-A880-3D220DF8CC79}.Release|iPhoneSimulator.ActiveCfg = Release|Any CPU
		{7AA8B224-2E9C-4F17-A880-3D220DF8CC79}.Release|iPhoneSimulator.Build.0 = Release|Any CPU
		{7AA8B224-2E9C-4F17-A880-3D220DF8CC79}.Release|iPhoneSimulator.Deploy.0 = Release|Any CPU
		{7AA8B224-2E9C-4F17-A880-3D220DF8CC79}.Release|x64.ActiveCfg = Release|Any CPU
		{7AA8B224-2E9C-4F17-A880-3D220DF8CC79}.Release|x64.Build.0 = Release|Any CPU
		{7AA8B224-2E9C-4F17-A880-3D220DF8CC79}.Release|x64.Deploy.0 = Release|Any CPU
		{7AA8B224-2E9C-4F17-A880-3D220DF8CC79}.Release|x86.ActiveCfg = Release|Any CPU
		{7AA8B224-2E9C-4F17-A880-3D220DF8CC79}.Release|x86.Build.0 = Release|Any CPU
		{7AA8B224-2E9C-4F17-A880-3D220DF8CC79}.Release|x86.Deploy.0 = Release|Any CPU
	EndGlobalSection
	GlobalSection(SolutionProperties) = preSolution
		HideSolutionNode = FALSE
	EndGlobalSection
	GlobalSection(ExtensibilityGlobals) = postSolution
		SolutionGuid = {280C5FDB-8A05-449F-97D7-751E58D01D59}
	EndGlobalSection
EndGlobal
