
Microsoft Visual Studio Solution File, Format Version 12.00
# Visual Studio 15
VisualStudioVersion = 15.0.27703.2042
MinimumVisualStudioVersion = 10.0.40219.1
Project("{FAE04EC0-301F-11D3-BF4B-00C04F79EFBC}") = "App2_TipoPaginaXF.Android", "App2_TipoPaginaXF\App2_TipoPaginaXF.Android\App2_TipoPaginaXF.Android.csproj", "{6904E89C-CB6A-4467-AE83-EBD832E1283D}"
EndProject
Project("{FAE04EC0-301F-11D3-BF4B-00C04F79EFBC}") = "App2_TipoPaginaXF.iOS", "App2_TipoPaginaXF\App2_TipoPaginaXF.iOS\App2_TipoPaginaXF.iOS.csproj", "{AD668A38-F8E7-4BEB-9F98-307AD953BF34}"
EndProject
Project("{FAE04EC0-301F-11D3-BF4B-00C04F79EFBC}") = "App2_TipoPaginaXF.UWP", "App2_TipoPaginaXF\App2_TipoPaginaXF.UWP\App2_TipoPaginaXF.UWP.csproj", "{A13FEC77-3D22-4D5B-B858-6A721FE79F93}"
EndProject
Project("{FAE04EC0-301F-11D3-BF4B-00C04F79EFBC}") = "App2_TipoPaginaXF", "App2_TipoPaginaXF\App2_TipoPaginaXF\App2_TipoPaginaXF.csproj", "{47F9665A-C78D-433E-82D4-609CF6787598}"
EndProject
Global
	GlobalSection(SolutionConfigurationPlatforms) = preSolution
		Ad-Hoc|Any CPU = Ad-Hoc|Any CPU
		Ad-Hoc|ARM = Ad-Hoc|ARM
		Ad-Hoc|iPhone = Ad-Hoc|iPhone
		Ad-Hoc|iPhoneSimulator = Ad-Hoc|iPhoneSimulator
		Ad-Hoc|x64 = Ad-Hoc|x64
		Ad-Hoc|x86 = Ad-Hoc|x86
		AppStore|Any CPU = AppStore|Any CPU
		AppStore|ARM = AppStore|ARM
		AppStore|iPhone = AppStore|iPhone
		AppStore|iPhoneSimulator = AppStore|iPhoneSimulator
		AppStore|x64 = AppStore|x64
		AppStore|x86 = AppStore|x86
		Debug|Any CPU = Debug|Any CPU
		Debug|ARM = Debug|ARM
		Debug|iPhone = Debug|iPhone
		Debug|iPhoneSimulator = Debug|iPhoneSimulator
		Debug|x64 = Debug|x64
		Debug|x86 = Debug|x86
		Release|Any CPU = Release|Any CPU
		Release|ARM = Release|ARM
		Release|iPhone = Release|iPhone
		Release|iPhoneSimulator = Release|iPhoneSimulator
		Release|x64 = Release|x64
		Release|x86 = Release|x86
	EndGlobalSection
	GlobalSection(ProjectConfigurationPlatforms) = postSolution
		{6904E89C-CB6A-4467-AE83-EBD832E1283D}.Ad-Hoc|Any CPU.ActiveCfg = Release|Any CPU
		{6904E89C-CB6A-4467-AE83-EBD832E1283D}.Ad-Hoc|Any CPU.Build.0 = Release|Any CPU
		{6904E89C-CB6A-4467-AE83-EBD832E1283D}.Ad-Hoc|Any CPU.Deploy.0 = Release|Any CPU
		{6904E89C-CB6A-4467-AE83-EBD832E1283D}.Ad-Hoc|ARM.ActiveCfg = Release|Any CPU
		{6904E89C-CB6A-4467-AE83-EBD832E1283D}.Ad-Hoc|ARM.Build.0 = Release|Any CPU
		{6904E89C-CB6A-4467-AE83-EBD832E1283D}.Ad-Hoc|ARM.Deploy.0 = Release|Any CPU
		{6904E89C-CB6A-4467-AE83-EBD832E1283D}.Ad-Hoc|iPhone.ActiveCfg = Release|Any CPU
		{6904E89C-CB6A-4467-AE83-EBD832E1283D}.Ad-Hoc|iPhone.Build.0 = Release|Any CPU
		{6904E89C-CB6A-4467-AE83-EBD832E1283D}.Ad-Hoc|iPhone.Deploy.0 = Release|Any CPU
		{6904E89C-CB6A-4467-AE83-EBD832E1283D}.Ad-Hoc|iPhoneSimulator.ActiveCfg = Release|Any CPU
		{6904E89C-CB6A-4467-AE83-EBD832E1283D}.Ad-Hoc|iPhoneSimulator.Build.0 = Release|Any CPU
		{6904E89C-CB6A-4467-AE83-EBD832E1283D}.Ad-Hoc|iPhoneSimulator.Deploy.0 = Release|Any CPU
		{6904E89C-CB6A-4467-AE83-EBD832E1283D}.Ad-Hoc|x64.ActiveCfg = Release|Any CPU
		{6904E89C-CB6A-4467-AE83-EBD832E1283D}.Ad-Hoc|x64.Build.0 = Release|Any CPU
		{6904E89C-CB6A-4467-AE83-EBD832E1283D}.Ad-Hoc|x64.Deploy.0 = Release|Any CPU
		{6904E89C-CB6A-4467-AE83-EBD832E1283D}.Ad-Hoc|x86.ActiveCfg = Release|Any CPU
		{6904E89C-CB6A-4467-AE83-EBD832E1283D}.Ad-Hoc|x86.Build.0 = Release|Any CPU
		{6904E89C-CB6A-4467-AE83-EBD832E1283D}.Ad-Hoc|x86.Deploy.0 = Release|Any CPU
		{6904E89C-CB6A-4467-AE83-EBD832E1283D}.AppStore|Any CPU.ActiveCfg = Release|Any CPU
		{6904E89C-CB6A-4467-AE83-EBD832E1283D}.AppStore|Any CPU.Build.0 = Release|Any CPU
		{6904E89C-CB6A-4467-AE83-EBD832E1283D}.AppStore|Any CPU.Deploy.0 = Release|Any CPU
		{6904E89C-CB6A-4467-AE83-EBD832E1283D}.AppStore|ARM.ActiveCfg = Release|Any CPU
		{6904E89C-CB6A-4467-AE83-EBD832E1283D}.AppStore|ARM.Build.0 = Release|Any CPU
		{6904E89C-CB6A-4467-AE83-EBD832E1283D}.AppStore|ARM.Deploy.0 = Release|Any CPU
		{6904E89C-CB6A-4467-AE83-EBD832E1283D}.AppStore|iPhone.ActiveCfg = Release|Any CPU
		{6904E89C-CB6A-4467-AE83-EBD832E1283D}.AppStore|iPhone.Build.0 = Release|Any CPU
		{6904E89C-CB6A-4467-AE83-EBD832E1283D}.AppStore|iPhone.Deploy.0 = Release|Any CPU
		{6904E89C-CB6A-4467-AE83-EBD832E1283D}.AppStore|iPhoneSimulator.ActiveCfg = Release|Any CPU
		{6904E89C-CB6A-4467-AE83-EBD832E1283D}.AppStore|iPhoneSimulator.Build.0 = Release|Any CPU
		{6904E89C-CB6A-4467-AE83-EBD832E1283D}.AppStore|iPhoneSimulator.Deploy.0 = Release|Any CPU
		{6904E89C-CB6A-4467-AE83-EBD832E1283D}.AppStore|x64.ActiveCfg = Release|Any CPU
		{6904E89C-CB6A-4467-AE83-EBD832E1283D}.AppStore|x64.Build.0 = Release|Any CPU
		{6904E89C-CB6A-4467-AE83-EBD832E1283D}.AppStore|x64.Deploy.0 = Release|Any CPU
		{6904E89C-CB6A-4467-AE83-EBD832E1283D}.AppStore|x86.ActiveCfg = Release|Any CPU
		{6904E89C-CB6A-4467-AE83-EBD832E1283D}.AppStore|x86.Build.0 = Release|Any CPU
		{6904E89C-CB6A-4467-AE83-EBD832E1283D}.AppStore|x86.Deploy.0 = Release|Any CPU
		{6904E89C-CB6A-4467-AE83-EBD832E1283D}.Debug|Any CPU.ActiveCfg = Debug|Any CPU
		{6904E89C-CB6A-4467-AE83-EBD832E1283D}.Debug|Any CPU.Build.0 = Debug|Any CPU
		{6904E89C-CB6A-4467-AE83-EBD832E1283D}.Debug|Any CPU.Deploy.0 = Debug|Any CPU
		{6904E89C-CB6A-4467-AE83-EBD832E1283D}.Debug|ARM.ActiveCfg = Debug|Any CPU
		{6904E89C-CB6A-4467-AE83-EBD832E1283D}.Debug|ARM.Build.0 = Debug|Any CPU
		{6904E89C-CB6A-4467-AE83-EBD832E1283D}.Debug|ARM.Deploy.0 = Debug|Any CPU
		{6904E89C-CB6A-4467-AE83-EBD832E1283D}.Debug|iPhone.ActiveCfg = Debug|Any CPU
		{6904E89C-CB6A-4467-AE83-EBD832E1283D}.Debug|iPhone.Build.0 = Debug|Any CPU
		{6904E89C-CB6A-4467-AE83-EBD832E1283D}.Debug|iPhone.Deploy.0 = Debug|Any CPU
		{6904E89C-CB6A-4467-AE83-EBD832E1283D}.Debug|iPhoneSimulator.ActiveCfg = Debug|Any CPU
		{6904E89C-CB6A-4467-AE83-EBD832E1283D}.Debug|iPhoneSimulator.Build.0 = Debug|Any CPU
		{6904E89C-CB6A-4467-AE83-EBD832E1283D}.Debug|iPhoneSimulator.Deploy.0 = Debug|Any CPU
		{6904E89C-CB6A-4467-AE83-EBD832E1283D}.Debug|x64.ActiveCfg = Debug|Any CPU
		{6904E89C-CB6A-4467-AE83-EBD832E1283D}.Debug|x64.Build.0 = Debug|Any CPU
		{6904E89C-CB6A-4467-AE83-EBD832E1283D}.Debug|x64.Deploy.0 = Debug|Any CPU
		{6904E89C-CB6A-4467-AE83-EBD832E1283D}.Debug|x86.ActiveCfg = Debug|Any CPU
		{6904E89C-CB6A-4467-AE83-EBD832E1283D}.Debug|x86.Build.0 = Debug|Any CPU
		{6904E89C-CB6A-4467-AE83-EBD832E1283D}.Debug|x86.Deploy.0 = Debug|Any CPU
		{6904E89C-CB6A-4467-AE83-EBD832E1283D}.Release|Any CPU.ActiveCfg = Release|Any CPU
		{6904E89C-CB6A-4467-AE83-EBD832E1283D}.Release|Any CPU.Build.0 = Release|Any CPU
		{6904E89C-CB6A-4467-AE83-EBD832E1283D}.Release|Any CPU.Deploy.0 = Release|Any CPU
		{6904E89C-CB6A-4467-AE83-EBD832E1283D}.Release|ARM.ActiveCfg = Release|Any CPU
		{6904E89C-CB6A-4467-AE83-EBD832E1283D}.Release|ARM.Build.0 = Release|Any CPU
		{6904E89C-CB6A-4467-AE83-EBD832E1283D}.Release|ARM.Deploy.0 = Release|Any CPU
		{6904E89C-CB6A-4467-AE83-EBD832E1283D}.Release|iPhone.ActiveCfg = Release|Any CPU
		{6904E89C-CB6A-4467-AE83-EBD832E1283D}.Release|iPhone.Build.0 = Release|Any CPU
		{6904E89C-CB6A-4467-AE83-EBD832E1283D}.Release|iPhone.Deploy.0 = Release|Any CPU
		{6904E89C-CB6A-4467-AE83-EBD832E1283D}.Release|iPhoneSimulator.ActiveCfg = Release|Any CPU
		{6904E89C-CB6A-4467-AE83-EBD832E1283D}.Release|iPhoneSimulator.Build.0 = Release|Any CPU
		{6904E89C-CB6A-4467-AE83-EBD832E1283D}.Release|iPhoneSimulator.Deploy.0 = Release|Any CPU
		{6904E89C-CB6A-4467-AE83-EBD832E1283D}.Release|x64.ActiveCfg = Release|Any CPU
		{6904E89C-CB6A-4467-AE83-EBD832E1283D}.Release|x64.Build.0 = Release|Any CPU
		{6904E89C-CB6A-4467-AE83-EBD832E1283D}.Release|x64.Deploy.0 = Release|Any CPU
		{6904E89C-CB6A-4467-AE83-EBD832E1283D}.Release|x86.ActiveCfg = Release|Any CPU
		{6904E89C-CB6A-4467-AE83-EBD832E1283D}.Release|x86.Build.0 = Release|Any CPU
		{6904E89C-CB6A-4467-AE83-EBD832E1283D}.Release|x86.Deploy.0 = Release|Any CPU
		{AD668A38-F8E7-4BEB-9F98-307AD953BF34}.Ad-Hoc|Any CPU.ActiveCfg = Ad-Hoc|iPhone
		{AD668A38-F8E7-4BEB-9F98-307AD953BF34}.Ad-Hoc|Any CPU.Build.0 = Ad-Hoc|iPhone
		{AD668A38-F8E7-4BEB-9F98-307AD953BF34}.Ad-Hoc|Any CPU.Deploy.0 = Ad-Hoc|iPhone
		{AD668A38-F8E7-4BEB-9F98-307AD953BF34}.Ad-Hoc|ARM.ActiveCfg = Ad-Hoc|iPhone
		{AD668A38-F8E7-4BEB-9F98-307AD953BF34}.Ad-Hoc|ARM.Build.0 = Ad-Hoc|iPhone
		{AD668A38-F8E7-4BEB-9F98-307AD953BF34}.Ad-Hoc|ARM.Deploy.0 = Ad-Hoc|iPhone
		{AD668A38-F8E7-4BEB-9F98-307AD953BF34}.Ad-Hoc|iPhone.ActiveCfg = Ad-Hoc|iPhone
		{AD668A38-F8E7-4BEB-9F98-307AD953BF34}.Ad-Hoc|iPhone.Build.0 = Ad-Hoc|iPhone
		{AD668A38-F8E7-4BEB-9F98-307AD953BF34}.Ad-Hoc|iPhone.Deploy.0 = Ad-Hoc|iPhone
		{AD668A38-F8E7-4BEB-9F98-307AD953BF34}.Ad-Hoc|iPhoneSimulator.ActiveCfg = Ad-Hoc|iPhoneSimulator
		{AD668A38-F8E7-4BEB-9F98-307AD953BF34}.Ad-Hoc|iPhoneSimulator.Build.0 = Ad-Hoc|iPhoneSimulator
		{AD668A38-F8E7-4BEB-9F98-307AD953BF34}.Ad-Hoc|iPhoneSimulator.Deploy.0 = Ad-Hoc|iPhoneSimulator
		{AD668A38-F8E7-4BEB-9F98-307AD953BF34}.Ad-Hoc|x64.ActiveCfg = Ad-Hoc|iPhone
		{AD668A38-F8E7-4BEB-9F98-307AD953BF34}.Ad-Hoc|x64.Build.0 = Ad-Hoc|iPhone
		{AD668A38-F8E7-4BEB-9F98-307AD953BF34}.Ad-Hoc|x64.Deploy.0 = Ad-Hoc|iPhone
		{AD668A38-F8E7-4BEB-9F98-307AD953BF34}.Ad-Hoc|x86.ActiveCfg = Ad-Hoc|iPhone
		{AD668A38-F8E7-4BEB-9F98-307AD953BF34}.Ad-Hoc|x86.Build.0 = Ad-Hoc|iPhone
		{AD668A38-F8E7-4BEB-9F98-307AD953BF34}.Ad-Hoc|x86.Deploy.0 = Ad-Hoc|iPhone
		{AD668A38-F8E7-4BEB-9F98-307AD953BF34}.AppStore|Any CPU.ActiveCfg = AppStore|iPhone
		{AD668A38-F8E7-4BEB-9F98-307AD953BF34}.AppStore|Any CPU.Build.0 = AppStore|iPhone
		{AD668A38-F8E7-4BEB-9F98-307AD953BF34}.AppStore|Any CPU.Deploy.0 = AppStore|iPhone
		{AD668A38-F8E7-4BEB-9F98-307AD953BF34}.AppStore|ARM.ActiveCfg = AppStore|iPhone
		{AD668A38-F8E7-4BEB-9F98-307AD953BF34}.AppStore|ARM.Build.0 = AppStore|iPhone
		{AD668A38-F8E7-4BEB-9F98-307AD953BF34}.AppStore|ARM.Deploy.0 = AppStore|iPhone
		{AD668A38-F8E7-4BEB-9F98-307AD953BF34}.AppStore|iPhone.ActiveCfg = AppStore|iPhone
		{AD668A38-F8E7-4BEB-9F98-307AD953BF34}.AppStore|iPhone.Build.0 = AppStore|iPhone
		{AD668A38-F8E7-4BEB-9F98-307AD953BF34}.AppStore|iPhone.Deploy.0 = AppStore|iPhone
		{AD668A38-F8E7-4BEB-9F98-307AD953BF34}.AppStore|iPhoneSimulator.ActiveCfg = AppStore|iPhoneSimulator
		{AD668A38-F8E7-4BEB-9F98-307AD953BF34}.AppStore|iPhoneSimulator.Build.0 = AppStore|iPhoneSimulator
		{AD668A38-F8E7-4BEB-9F98-307AD953BF34}.AppStore|iPhoneSimulator.Deploy.0 = AppStore|iPhoneSimulator
		{AD668A38-F8E7-4BEB-9F98-307AD953BF34}.AppStore|x64.ActiveCfg = AppStore|iPhone
		{AD668A38-F8E7-4BEB-9F98-307AD953BF34}.AppStore|x64.Build.0 = AppStore|iPhone
		{AD668A38-F8E7-4BEB-9F98-307AD953BF34}.AppStore|x64.Deploy.0 = AppStore|iPhone
		{AD668A38-F8E7-4BEB-9F98-307AD953BF34}.AppStore|x86.ActiveCfg = AppStore|iPhone
		{AD668A38-F8E7-4BEB-9F98-307AD953BF34}.AppStore|x86.Build.0 = AppStore|iPhone
		{AD668A38-F8E7-4BEB-9F98-307AD953BF34}.AppStore|x86.Deploy.0 = AppStore|iPhone
		{AD668A38-F8E7-4BEB-9F98-307AD953BF34}.Debug|Any CPU.ActiveCfg = Debug|iPhoneSimulator
		{AD668A38-F8E7-4BEB-9F98-307AD953BF34}.Debug|Any CPU.Build.0 = Debug|iPhoneSimulator
		{AD668A38-F8E7-4BEB-9F98-307AD953BF34}.Debug|Any CPU.Deploy.0 = Debug|iPhoneSimulator
		{AD668A38-F8E7-4BEB-9F98-307AD953BF34}.Debug|ARM.ActiveCfg = Debug|iPhone
		{AD668A38-F8E7-4BEB-9F98-307AD953BF34}.Debug|ARM.Build.0 = Debug|iPhone
		{AD668A38-F8E7-4BEB-9F98-307AD953BF34}.Debug|ARM.Deploy.0 = Debug|iPhone
		{AD668A38-F8E7-4BEB-9F98-307AD953BF34}.Debug|iPhone.ActiveCfg = Debug|iPhone
		{AD668A38-F8E7-4BEB-9F98-307AD953BF34}.Debug|iPhone.Build.0 = Debug|iPhone
		{AD668A38-F8E7-4BEB-9F98-307AD953BF34}.Debug|iPhone.Deploy.0 = Debug|iPhone
		{AD668A38-F8E7-4BEB-9F98-307AD953BF34}.Debug|iPhoneSimulator.ActiveCfg = Debug|iPhoneSimulator
		{AD668A38-F8E7-4BEB-9F98-307AD953BF34}.Debug|iPhoneSimulator.Build.0 = Debug|iPhoneSimulator
		{AD668A38-F8E7-4BEB-9F98-307AD953BF34}.Debug|iPhoneSimulator.Deploy.0 = Debug|iPhoneSimulator
		{AD668A38-F8E7-4BEB-9F98-307AD953BF34}.Debug|x64.ActiveCfg = Debug|iPhone
		{AD668A38-F8E7-4BEB-9F98-307AD953BF34}.Debug|x64.Build.0 = Debug|iPhone
		{AD668A38-F8E7-4BEB-9F98-307AD953BF34}.Debug|x64.Deploy.0 = Debug|iPhone
		{AD668A38-F8E7-4BEB-9F98-307AD953BF34}.Debug|x86.ActiveCfg = Debug|iPhone
		{AD668A38-F8E7-4BEB-9F98-307AD953BF34}.Debug|x86.Build.0 = Debug|iPhone
		{AD668A38-F8E7-4BEB-9F98-307AD953BF34}.Debug|x86.Deploy.0 = Debug|iPhone
		{AD668A38-F8E7-4BEB-9F98-307AD953BF34}.Release|Any CPU.ActiveCfg = Release|iPhone
		{AD668A38-F8E7-4BEB-9F98-307AD953BF34}.Release|Any CPU.Build.0 = Release|iPhone
		{AD668A38-F8E7-4BEB-9F98-307AD953BF34}.Release|Any CPU.Deploy.0 = Release|iPhone
		{AD668A38-F8E7-4BEB-9F98-307AD953BF34}.Release|ARM.ActiveCfg = Release|iPhone
		{AD668A38-F8E7-4BEB-9F98-307AD953BF34}.Release|ARM.Build.0 = Release|iPhone
		{AD668A38-F8E7-4BEB-9F98-307AD953BF34}.Release|ARM.Deploy.0 = Release|iPhone
		{AD668A38-F8E7-4BEB-9F98-307AD953BF34}.Release|iPhone.ActiveCfg = Release|iPhone
		{AD668A38-F8E7-4BEB-9F98-307AD953BF34}.Release|iPhone.Build.0 = Release|iPhone
		{AD668A38-F8E7-4BEB-9F98-307AD953BF34}.Release|iPhone.Deploy.0 = Release|iPhone
		{AD668A38-F8E7-4BEB-9F98-307AD953BF34}.Release|iPhoneSimulator.ActiveCfg = Release|iPhoneSimulator
		{AD668A38-F8E7-4BEB-9F98-307AD953BF34}.Release|iPhoneSimulator.Build.0 = Release|iPhoneSimulator
		{AD668A38-F8E7-4BEB-9F98-307AD953BF34}.Release|iPhoneSimulator.Deploy.0 = Release|iPhoneSimulator
		{AD668A38-F8E7-4BEB-9F98-307AD953BF34}.Release|x64.ActiveCfg = Release|iPhone
		{AD668A38-F8E7-4BEB-9F98-307AD953BF34}.Release|x64.Build.0 = Release|iPhone
		{AD668A38-F8E7-4BEB-9F98-307AD953BF34}.Release|x64.Deploy.0 = Release|iPhone
		{AD668A38-F8E7-4BEB-9F98-307AD953BF34}.Release|x86.ActiveCfg = Release|iPhone
		{AD668A38-F8E7-4BEB-9F98-307AD953BF34}.Release|x86.Build.0 = Release|iPhone
		{AD668A38-F8E7-4BEB-9F98-307AD953BF34}.Release|x86.Deploy.0 = Release|iPhone
		{A13FEC77-3D22-4D5B-B858-6A721FE79F93}.Ad-Hoc|Any CPU.ActiveCfg = Release|x86
		{A13FEC77-3D22-4D5B-B858-6A721FE79F93}.Ad-Hoc|Any CPU.Build.0 = Release|x86
		{A13FEC77-3D22-4D5B-B858-6A721FE79F93}.Ad-Hoc|Any CPU.Deploy.0 = Release|x86
		{A13FEC77-3D22-4D5B-B858-6A721FE79F93}.Ad-Hoc|ARM.ActiveCfg = Release|ARM
		{A13FEC77-3D22-4D5B-B858-6A721FE79F93}.Ad-Hoc|ARM.Build.0 = Release|ARM
		{A13FEC77-3D22-4D5B-B858-6A721FE79F93}.Ad-Hoc|ARM.Deploy.0 = Release|ARM
		{A13FEC77-3D22-4D5B-B858-6A721FE79F93}.Ad-Hoc|iPhone.ActiveCfg = Release|x86
		{A13FEC77-3D22-4D5B-B858-6A721FE79F93}.Ad-Hoc|iPhone.Build.0 = Release|x86
		{A13FEC77-3D22-4D5B-B858-6A721FE79F93}.Ad-Hoc|iPhone.Deploy.0 = Release|x86
		{A13FEC77-3D22-4D5B-B858-6A721FE79F93}.Ad-Hoc|iPhoneSimulator.ActiveCfg = Release|x86
		{A13FEC77-3D22-4D5B-B858-6A721FE79F93}.Ad-Hoc|iPhoneSimulator.Build.0 = Release|x86
		{A13FEC77-3D22-4D5B-B858-6A721FE79F93}.Ad-Hoc|iPhoneSimulator.Deploy.0 = Release|x86
		{A13FEC77-3D22-4D5B-B858-6A721FE79F93}.Ad-Hoc|x64.ActiveCfg = Release|x64
		{A13FEC77-3D22-4D5B-B858-6A721FE79F93}.Ad-Hoc|x64.Build.0 = Release|x64
		{A13FEC77-3D22-4D5B-B858-6A721FE79F93}.Ad-Hoc|x64.Deploy.0 = Release|x64
		{A13FEC77-3D22-4D5B-B858-6A721FE79F93}.Ad-Hoc|x86.ActiveCfg = Release|x86
		{A13FEC77-3D22-4D5B-B858-6A721FE79F93}.Ad-Hoc|x86.Build.0 = Release|x86
		{A13FEC77-3D22-4D5B-B858-6A721FE79F93}.Ad-Hoc|x86.Deploy.0 = Release|x86
		{A13FEC77-3D22-4D5B-B858-6A721FE79F93}.AppStore|Any CPU.ActiveCfg = Release|x86
		{A13FEC77-3D22-4D5B-B858-6A721FE79F93}.AppStore|Any CPU.Build.0 = Release|x86
		{A13FEC77-3D22-4D5B-B858-6A721FE79F93}.AppStore|Any CPU.Deploy.0 = Release|x86
		{A13FEC77-3D22-4D5B-B858-6A721FE79F93}.AppStore|ARM.ActiveCfg = Release|ARM
		{A13FEC77-3D22-4D5B-B858-6A721FE79F93}.AppStore|ARM.Build.0 = Release|ARM
		{A13FEC77-3D22-4D5B-B858-6A721FE79F93}.AppStore|ARM.Deploy.0 = Release|ARM
		{A13FEC77-3D22-4D5B-B858-6A721FE79F93}.AppStore|iPhone.ActiveCfg = Release|x86
		{A13FEC77-3D22-4D5B-B858-6A721FE79F93}.AppStore|iPhone.Build.0 = Release|x86
		{A13FEC77-3D22-4D5B-B858-6A721FE79F93}.AppStore|iPhone.Deploy.0 = Release|x86
		{A13FEC77-3D22-4D5B-B858-6A721FE79F93}.AppStore|iPhoneSimulator.ActiveCfg = Release|x86
		{A13FEC77-3D22-4D5B-B858-6A721FE79F93}.AppStore|iPhoneSimulator.Build.0 = Release|x86
		{A13FEC77-3D22-4D5B-B858-6A721FE79F93}.AppStore|iPhoneSimulator.Deploy.0 = Release|x86
		{A13FEC77-3D22-4D5B-B858-6A721FE79F93}.AppStore|x64.ActiveCfg = Release|x64
		{A13FEC77-3D22-4D5B-B858-6A721FE79F93}.AppStore|x64.Build.0 = Release|x64
		{A13FEC77-3D22-4D5B-B858-6A721FE79F93}.AppStore|x64.Deploy.0 = Release|x64
		{A13FEC77-3D22-4D5B-B858-6A721FE79F93}.AppStore|x86.ActiveCfg = Release|x86
		{A13FEC77-3D22-4D5B-B858-6A721FE79F93}.AppStore|x86.Build.0 = Release|x86
		{A13FEC77-3D22-4D5B-B858-6A721FE79F93}.AppStore|x86.Deploy.0 = Release|x86
		{A13FEC77-3D22-4D5B-B858-6A721FE79F93}.Debug|Any CPU.ActiveCfg = Debug|x86
		{A13FEC77-3D22-4D5B-B858-6A721FE79F93}.Debug|Any CPU.Build.0 = Debug|x86
		{A13FEC77-3D22-4D5B-B858-6A721FE79F93}.Debug|Any CPU.Deploy.0 = Debug|x86
		{A13FEC77-3D22-4D5B-B858-6A721FE79F93}.Debug|ARM.ActiveCfg = Debug|ARM
		{A13FEC77-3D22-4D5B-B858-6A721FE79F93}.Debug|ARM.Build.0 = Debug|ARM
		{A13FEC77-3D22-4D5B-B858-6A721FE79F93}.Debug|ARM.Deploy.0 = Debug|ARM
		{A13FEC77-3D22-4D5B-B858-6A721FE79F93}.Debug|iPhone.ActiveCfg = Debug|x86
		{A13FEC77-3D22-4D5B-B858-6A721FE79F93}.Debug|iPhone.Build.0 = Debug|x86
		{A13FEC77-3D22-4D5B-B858-6A721FE79F93}.Debug|iPhone.Deploy.0 = Debug|x86
		{A13FEC77-3D22-4D5B-B858-6A721FE79F93}.Debug|iPhoneSimulator.ActiveCfg = Debug|x86
		{A13FEC77-3D22-4D5B-B858-6A721FE79F93}.Debug|iPhoneSimulator.Build.0 = Debug|x86
		{A13FEC77-3D22-4D5B-B858-6A721FE79F93}.Debug|iPhoneSimulator.Deploy.0 = Debug|x86
		{A13FEC77-3D22-4D5B-B858-6A721FE79F93}.Debug|x64.ActiveCfg = Debug|x64
		{A13FEC77-3D22-4D5B-B858-6A721FE79F93}.Debug|x64.Build.0 = Debug|x64
		{A13FEC77-3D22-4D5B-B858-6A721FE79F93}.Debug|x64.Deploy.0 = Debug|x64
		{A13FEC77-3D22-4D5B-B858-6A721FE79F93}.Debug|x86.ActiveCfg = Debug|x86
		{A13FEC77-3D22-4D5B-B858-6A721FE79F93}.Debug|x86.Build.0 = Debug|x86
		{A13FEC77-3D22-4D5B-B858-6A721FE79F93}.Debug|x86.Deploy.0 = Debug|x86
		{A13FEC77-3D22-4D5B-B858-6A721FE79F93}.Release|Any CPU.ActiveCfg = Release|x86
		{A13FEC77-3D22-4D5B-B858-6A721FE79F93}.Release|Any CPU.Build.0 = Release|x86
		{A13FEC77-3D22-4D5B-B858-6A721FE79F93}.Release|Any CPU.Deploy.0 = Release|x86
		{A13FEC77-3D22-4D5B-B858-6A721FE79F93}.Release|ARM.ActiveCfg = Release|ARM
		{A13FEC77-3D22-4D5B-B858-6A721FE79F93}.Release|ARM.Build.0 = Release|ARM
		{A13FEC77-3D22-4D5B-B858-6A721FE79F93}.Release|ARM.Deploy.0 = Release|ARM
		{A13FEC77-3D22-4D5B-B858-6A721FE79F93}.Release|iPhone.ActiveCfg = Release|x86
		{A13FEC77-3D22-4D5B-B858-6A721FE79F93}.Release|iPhone.Build.0 = Release|x86
		{A13FEC77-3D22-4D5B-B858-6A721FE79F93}.Release|iPhone.Deploy.0 = Release|x86
		{A13FEC77-3D22-4D5B-B858-6A721FE79F93}.Release|iPhoneSimulator.ActiveCfg = Release|x86
		{A13FEC77-3D22-4D5B-B858-6A721FE79F93}.Release|iPhoneSimulator.Build.0 = Release|x86
		{A13FEC77-3D22-4D5B-B858-6A721FE79F93}.Release|iPhoneSimulator.Deploy.0 = Release|x86
		{A13FEC77-3D22-4D5B-B858-6A721FE79F93}.Release|x64.ActiveCfg = Release|x64
		{A13FEC77-3D22-4D5B-B858-6A721FE79F93}.Release|x64.Build.0 = Release|x64
		{A13FEC77-3D22-4D5B-B858-6A721FE79F93}.Release|x64.Deploy.0 = Release|x64
		{A13FEC77-3D22-4D5B-B858-6A721FE79F93}.Release|x86.ActiveCfg = Release|x86
		{A13FEC77-3D22-4D5B-B858-6A721FE79F93}.Release|x86.Build.0 = Release|x86
		{A13FEC77-3D22-4D5B-B858-6A721FE79F93}.Release|x86.Deploy.0 = Release|x86
		{47F9665A-C78D-433E-82D4-609CF6787598}.Ad-Hoc|Any CPU.ActiveCfg = Debug|Any CPU
		{47F9665A-C78D-433E-82D4-609CF6787598}.Ad-Hoc|Any CPU.Build.0 = Debug|Any CPU
		{47F9665A-C78D-433E-82D4-609CF6787598}.Ad-Hoc|Any CPU.Deploy.0 = Debug|Any CPU
		{47F9665A-C78D-433E-82D4-609CF6787598}.Ad-Hoc|ARM.ActiveCfg = Debug|Any CPU
		{47F9665A-C78D-433E-82D4-609CF6787598}.Ad-Hoc|ARM.Build.0 = Debug|Any CPU
		{47F9665A-C78D-433E-82D4-609CF6787598}.Ad-Hoc|ARM.Deploy.0 = Debug|Any CPU
		{47F9665A-C78D-433E-82D4-609CF6787598}.Ad-Hoc|iPhone.ActiveCfg = Debug|Any CPU
		{47F9665A-C78D-433E-82D4-609CF6787598}.Ad-Hoc|iPhone.Build.0 = Debug|Any CPU
		{47F9665A-C78D-433E-82D4-609CF6787598}.Ad-Hoc|iPhone.Deploy.0 = Debug|Any CPU
		{47F9665A-C78D-433E-82D4-609CF6787598}.Ad-Hoc|iPhoneSimulator.ActiveCfg = Debug|Any CPU
		{47F9665A-C78D-433E-82D4-609CF6787598}.Ad-Hoc|iPhoneSimulator.Build.0 = Debug|Any CPU
		{47F9665A-C78D-433E-82D4-609CF6787598}.Ad-Hoc|iPhoneSimulator.Deploy.0 = Debug|Any CPU
		{47F9665A-C78D-433E-82D4-609CF6787598}.Ad-Hoc|x64.ActiveCfg = Debug|Any CPU
		{47F9665A-C78D-433E-82D4-609CF6787598}.Ad-Hoc|x64.Build.0 = Debug|Any CPU
		{47F9665A-C78D-433E-82D4-609CF6787598}.Ad-Hoc|x64.Deploy.0 = Debug|Any CPU
		{47F9665A-C78D-433E-82D4-609CF6787598}.Ad-Hoc|x86.ActiveCfg = Debug|Any CPU
		{47F9665A-C78D-433E-82D4-609CF6787598}.Ad-Hoc|x86.Build.0 = Debug|Any CPU
		{47F9665A-C78D-433E-82D4-609CF6787598}.Ad-Hoc|x86.Deploy.0 = Debug|Any CPU
		{47F9665A-C78D-433E-82D4-609CF6787598}.AppStore|Any CPU.ActiveCfg = Debug|Any CPU
		{47F9665A-C78D-433E-82D4-609CF6787598}.AppStore|Any CPU.Build.0 = Debug|Any CPU
		{47F9665A-C78D-433E-82D4-609CF6787598}.AppStore|Any CPU.Deploy.0 = Debug|Any CPU
		{47F9665A-C78D-433E-82D4-609CF6787598}.AppStore|ARM.ActiveCfg = Debug|Any CPU
		{47F9665A-C78D-433E-82D4-609CF6787598}.AppStore|ARM.Build.0 = Debug|Any CPU
		{47F9665A-C78D-433E-82D4-609CF6787598}.AppStore|ARM.Deploy.0 = Debug|Any CPU
		{47F9665A-C78D-433E-82D4-609CF6787598}.AppStore|iPhone.ActiveCfg = Debug|Any CPU
		{47F9665A-C78D-433E-82D4-609CF6787598}.AppStore|iPhone.Build.0 = Debug|Any CPU
		{47F9665A-C78D-433E-82D4-609CF6787598}.AppStore|iPhone.Deploy.0 = Debug|Any CPU
		{47F9665A-C78D-433E-82D4-609CF6787598}.AppStore|iPhoneSimulator.ActiveCfg = Debug|Any CPU
		{47F9665A-C78D-433E-82D4-609CF6787598}.AppStore|iPhoneSimulator.Build.0 = Debug|Any CPU
		{47F9665A-C78D-433E-82D4-609CF6787598}.AppStore|iPhoneSimulator.Deploy.0 = Debug|Any CPU
		{47F9665A-C78D-433E-82D4-609CF6787598}.AppStore|x64.ActiveCfg = Debug|Any CPU
		{47F9665A-C78D-433E-82D4-609CF6787598}.AppStore|x64.Build.0 = Debug|Any CPU
		{47F9665A-C78D-433E-82D4-609CF6787598}.AppStore|x64.Deploy.0 = Debug|Any CPU
		{47F9665A-C78D-433E-82D4-609CF6787598}.AppStore|x86.ActiveCfg = Debug|Any CPU
		{47F9665A-C78D-433E-82D4-609CF6787598}.AppStore|x86.Build.0 = Debug|Any CPU
		{47F9665A-C78D-433E-82D4-609CF6787598}.AppStore|x86.Deploy.0 = Debug|Any CPU
		{47F9665A-C78D-433E-82D4-609CF6787598}.Debug|Any CPU.ActiveCfg = Debug|Any CPU
		{47F9665A-C78D-433E-82D4-609CF6787598}.Debug|Any CPU.Build.0 = Debug|Any CPU
		{47F9665A-C78D-433E-82D4-609CF6787598}.Debug|Any CPU.Deploy.0 = Debug|Any CPU
		{47F9665A-C78D-433E-82D4-609CF6787598}.Debug|ARM.ActiveCfg = Debug|Any CPU
		{47F9665A-C78D-433E-82D4-609CF6787598}.Debug|ARM.Build.0 = Debug|Any CPU
		{47F9665A-C78D-433E-82D4-609CF6787598}.Debug|ARM.Deploy.0 = Debug|Any CPU
		{47F9665A-C78D-433E-82D4-609CF6787598}.Debug|iPhone.ActiveCfg = Debug|Any CPU
		{47F9665A-C78D-433E-82D4-609CF6787598}.Debug|iPhone.Build.0 = Debug|Any CPU
		{47F9665A-C78D-433E-82D4-609CF6787598}.Debug|iPhone.Deploy.0 = Debug|Any CPU
		{47F9665A-C78D-433E-82D4-609CF6787598}.Debug|iPhoneSimulator.ActiveCfg = Debug|Any CPU
		{47F9665A-C78D-433E-82D4-609CF6787598}.Debug|iPhoneSimulator.Build.0 = Debug|Any CPU
		{47F9665A-C78D-433E-82D4-609CF6787598}.Debug|iPhoneSimulator.Deploy.0 = Debug|Any CPU
		{47F9665A-C78D-433E-82D4-609CF6787598}.Debug|x64.ActiveCfg = Debug|Any CPU
		{47F9665A-C78D-433E-82D4-609CF6787598}.Debug|x64.Build.0 = Debug|Any CPU
		{47F9665A-C78D-433E-82D4-609CF6787598}.Debug|x64.Deploy.0 = Debug|Any CPU
		{47F9665A-C78D-433E-82D4-609CF6787598}.Debug|x86.ActiveCfg = Debug|Any CPU
		{47F9665A-C78D-433E-82D4-609CF6787598}.Debug|x86.Build.0 = Debug|Any CPU
		{47F9665A-C78D-433E-82D4-609CF6787598}.Debug|x86.Deploy.0 = Debug|Any CPU
		{47F9665A-C78D-433E-82D4-609CF6787598}.Release|Any CPU.ActiveCfg = Release|Any CPU
		{47F9665A-C78D-433E-82D4-609CF6787598}.Release|Any CPU.Build.0 = Release|Any CPU
		{47F9665A-C78D-433E-82D4-609CF6787598}.Release|Any CPU.Deploy.0 = Release|Any CPU
		{47F9665A-C78D-433E-82D4-609CF6787598}.Release|ARM.ActiveCfg = Release|Any CPU
		{47F9665A-C78D-433E-82D4-609CF6787598}.Release|ARM.Build.0 = Release|Any CPU
		{47F9665A-C78D-433E-82D4-609CF6787598}.Release|ARM.Deploy.0 = Release|Any CPU
		{47F9665A-C78D-433E-82D4-609CF6787598}.Release|iPhone.ActiveCfg = Release|Any CPU
		{47F9665A-C78D-433E-82D4-609CF6787598}.Release|iPhone.Build.0 = Release|Any CPU
		{47F9665A-C78D-433E-82D4-609CF6787598}.Release|iPhone.Deploy.0 = Release|Any CPU
		{47F9665A-C78D-433E-82D4-609CF6787598}.Release|iPhoneSimulator.ActiveCfg = Release|Any CPU
		{47F9665A-C78D-433E-82D4-609CF6787598}.Release|iPhoneSimulator.Build.0 = Release|Any CPU
		{47F9665A-C78D-433E-82D4-609CF6787598}.Release|iPhoneSimulator.Deploy.0 = Release|Any CPU
		{47F9665A-C78D-433E-82D4-609CF6787598}.Release|x64.ActiveCfg = Release|Any CPU
		{47F9665A-C78D-433E-82D4-609CF6787598}.Release|x64.Build.0 = Release|Any CPU
		{47F9665A-C78D-433E-82D4-609CF6787598}.Release|x64.Deploy.0 = Release|Any CPU
		{47F9665A-C78D-433E-82D4-609CF6787598}.Release|x86.ActiveCfg = Release|Any CPU
		{47F9665A-C78D-433E-82D4-609CF6787598}.Release|x86.Build.0 = Release|Any CPU
		{47F9665A-C78D-433E-82D4-609CF6787598}.Release|x86.Deploy.0 = Release|Any CPU
	EndGlobalSection
	GlobalSection(SolutionProperties) = preSolution
		HideSolutionNode = FALSE
	EndGlobalSection
	GlobalSection(ExtensibilityGlobals) = postSolution
		SolutionGuid = {18845F88-0839-454F-B17F-70BBF6880A10}
	EndGlobalSection
EndGlobal
