
Microsoft Visual Studio Solution File, Format Version 12.00
# Visual Studio 15
VisualStudioVersion = 15.0.28307.645
MinimumVisualStudioVersion = 10.0.40219.1
Project("{FAE04EC0-301F-11D3-BF4B-00C04F79EFBC}") = "App2_SOAPClient.Android", "App2_SOAPClient\App2_SOAPClient.Android\App2_SOAPClient.Android.csproj", "{DA90BCE6-A5D6-49DB-B3EC-D27A07B2BFBA}"
EndProject
Project("{FAE04EC0-301F-11D3-BF4B-00C04F79EFBC}") = "App2_SOAPClient.iOS", "App2_SOAPClient\App2_SOAPClient.iOS\App2_SOAPClient.iOS.csproj", "{E18D799B-39CA-413D-935A-F1B564FF20D4}"
EndProject
Project("{FAE04EC0-301F-11D3-BF4B-00C04F79EFBC}") = "App2_SOAPClient.UWP", "App2_SOAPClient\App2_SOAPClient.UWP\App2_SOAPClient.UWP.csproj", "{620AC440-475C-49E4-BE44-6A6C7680A7AD}"
EndProject
Project("{FAE04EC0-301F-11D3-BF4B-00C04F79EFBC}") = "App2_SOAPClient", "App2_SOAPClient\App2_SOAPClient\App2_SOAPClient.csproj", "{1165467A-0DFF-4A93-81E9-34B5DC2ED3B0}"
EndProject
Global
	GlobalSection(SolutionConfigurationPlatforms) = preSolution
		Ad-Hoc|Any CPU = Ad-Hoc|Any CPU
		Ad-Hoc|ARM = Ad-Hoc|ARM
		Ad-Hoc|iPhone = Ad-Hoc|iPhone
		Ad-Hoc|iPhoneSimulator = Ad-Hoc|iPhoneSimulator
		Ad-Hoc|x64 = Ad-Hoc|x64
		Ad-Hoc|x86 = Ad-Hoc|x86
		AppStore|Any CPU = AppStore|Any CPU
		AppStore|ARM = AppStore|ARM
		AppStore|iPhone = AppStore|iPhone
		AppStore|iPhoneSimulator = AppStore|iPhoneSimulator
		AppStore|x64 = AppStore|x64
		AppStore|x86 = AppStore|x86
		Debug|Any CPU = Debug|Any CPU
		Debug|ARM = Debug|ARM
		Debug|iPhone = Debug|iPhone
		Debug|iPhoneSimulator = Debug|iPhoneSimulator
		Debug|x64 = Debug|x64
		Debug|x86 = Debug|x86
		Release|Any CPU = Release|Any CPU
		Release|ARM = Release|ARM
		Release|iPhone = Release|iPhone
		Release|iPhoneSimulator = Release|iPhoneSimulator
		Release|x64 = Release|x64
		Release|x86 = Release|x86
	EndGlobalSection
	GlobalSection(ProjectConfigurationPlatforms) = postSolution
		{DA90BCE6-A5D6-49DB-B3EC-D27A07B2BFBA}.Ad-Hoc|Any CPU.ActiveCfg = Release|Any CPU
		{DA90BCE6-A5D6-49DB-B3EC-D27A07B2BFBA}.Ad-Hoc|Any CPU.Build.0 = Release|Any CPU
		{DA90BCE6-A5D6-49DB-B3EC-D27A07B2BFBA}.Ad-Hoc|Any CPU.Deploy.0 = Release|Any CPU
		{DA90BCE6-A5D6-49DB-B3EC-D27A07B2BFBA}.Ad-Hoc|ARM.ActiveCfg = Release|Any CPU
		{DA90BCE6-A5D6-49DB-B3EC-D27A07B2BFBA}.Ad-Hoc|ARM.Build.0 = Release|Any CPU
		{DA90BCE6-A5D6-49DB-B3EC-D27A07B2BFBA}.Ad-Hoc|ARM.Deploy.0 = Release|Any CPU
		{DA90BCE6-A5D6-49DB-B3EC-D27A07B2BFBA}.Ad-Hoc|iPhone.ActiveCfg = Release|Any CPU
		{DA90BCE6-A5D6-49DB-B3EC-D27A07B2BFBA}.Ad-Hoc|iPhone.Build.0 = Release|Any CPU
		{DA90BCE6-A5D6-49DB-B3EC-D27A07B2BFBA}.Ad-Hoc|iPhone.Deploy.0 = Release|Any CPU
		{DA90BCE6-A5D6-49DB-B3EC-D27A07B2BFBA}.Ad-Hoc|iPhoneSimulator.ActiveCfg = Release|Any CPU
		{DA90BCE6-A5D6-49DB-B3EC-D27A07B2BFBA}.Ad-Hoc|iPhoneSimulator.Build.0 = Release|Any CPU
		{DA90BCE6-A5D6-49DB-B3EC-D27A07B2BFBA}.Ad-Hoc|iPhoneSimulator.Deploy.0 = Release|Any CPU
		{DA90BCE6-A5D6-49DB-B3EC-D27A07B2BFBA}.Ad-Hoc|x64.ActiveCfg = Release|Any CPU
		{DA90BCE6-A5D6-49DB-B3EC-D27A07B2BFBA}.Ad-Hoc|x64.Build.0 = Release|Any CPU
		{DA90BCE6-A5D6-49DB-B3EC-D27A07B2BFBA}.Ad-Hoc|x64.Deploy.0 = Release|Any CPU
		{DA90BCE6-A5D6-49DB-B3EC-D27A07B2BFBA}.Ad-Hoc|x86.ActiveCfg = Release|Any CPU
		{DA90BCE6-A5D6-49DB-B3EC-D27A07B2BFBA}.Ad-Hoc|x86.Build.0 = Release|Any CPU
		{DA90BCE6-A5D6-49DB-B3EC-D27A07B2BFBA}.Ad-Hoc|x86.Deploy.0 = Release|Any CPU
		{DA90BCE6-A5D6-49DB-B3EC-D27A07B2BFBA}.AppStore|Any CPU.ActiveCfg = Release|Any CPU
		{DA90BCE6-A5D6-49DB-B3EC-D27A07B2BFBA}.AppStore|Any CPU.Build.0 = Release|Any CPU
		{DA90BCE6-A5D6-49DB-B3EC-D27A07B2BFBA}.AppStore|Any CPU.Deploy.0 = Release|Any CPU
		{DA90BCE6-A5D6-49DB-B3EC-D27A07B2BFBA}.AppStore|ARM.ActiveCfg = Release|Any CPU
		{DA90BCE6-A5D6-49DB-B3EC-D27A07B2BFBA}.AppStore|ARM.Build.0 = Release|Any CPU
		{DA90BCE6-A5D6-49DB-B3EC-D27A07B2BFBA}.AppStore|ARM.Deploy.0 = Release|Any CPU
		{DA90BCE6-A5D6-49DB-B3EC-D27A07B2BFBA}.AppStore|iPhone.ActiveCfg = Release|Any CPU
		{DA90BCE6-A5D6-49DB-B3EC-D27A07B2BFBA}.AppStore|iPhone.Build.0 = Release|Any CPU
		{DA90BCE6-A5D6-49DB-B3EC-D27A07B2BFBA}.AppStore|iPhone.Deploy.0 = Release|Any CPU
		{DA90BCE6-A5D6-49DB-B3EC-D27A07B2BFBA}.AppStore|iPhoneSimulator.ActiveCfg = Release|Any CPU
		{DA90BCE6-A5D6-49DB-B3EC-D27A07B2BFBA}.AppStore|iPhoneSimulator.Build.0 = Release|Any CPU
		{DA90BCE6-A5D6-49DB-B3EC-D27A07B2BFBA}.AppStore|iPhoneSimulator.Deploy.0 = Release|Any CPU
		{DA90BCE6-A5D6-49DB-B3EC-D27A07B2BFBA}.AppStore|x64.ActiveCfg = Release|Any CPU
		{DA90BCE6-A5D6-49DB-B3EC-D27A07B2BFBA}.AppStore|x64.Build.0 = Release|Any CPU
		{DA90BCE6-A5D6-49DB-B3EC-D27A07B2BFBA}.AppStore|x64.Deploy.0 = Release|Any CPU
		{DA90BCE6-A5D6-49DB-B3EC-D27A07B2BFBA}.AppStore|x86.ActiveCfg = Release|Any CPU
		{DA90BCE6-A5D6-49DB-B3EC-D27A07B2BFBA}.AppStore|x86.Build.0 = Release|Any CPU
		{DA90BCE6-A5D6-49DB-B3EC-D27A07B2BFBA}.AppStore|x86.Deploy.0 = Release|Any CPU
		{DA90BCE6-A5D6-49DB-B3EC-D27A07B2BFBA}.Debug|Any CPU.ActiveCfg = Debug|Any CPU
		{DA90BCE6-A5D6-49DB-B3EC-D27A07B2BFBA}.Debug|Any CPU.Build.0 = Debug|Any CPU
		{DA90BCE6-A5D6-49DB-B3EC-D27A07B2BFBA}.Debug|Any CPU.Deploy.0 = Debug|Any CPU
		{DA90BCE6-A5D6-49DB-B3EC-D27A07B2BFBA}.Debug|ARM.ActiveCfg = Debug|Any CPU
		{DA90BCE6-A5D6-49DB-B3EC-D27A07B2BFBA}.Debug|ARM.Build.0 = Debug|Any CPU
		{DA90BCE6-A5D6-49DB-B3EC-D27A07B2BFBA}.Debug|ARM.Deploy.0 = Debug|Any CPU
		{DA90BCE6-A5D6-49DB-B3EC-D27A07B2BFBA}.Debug|iPhone.ActiveCfg = Debug|Any CPU
		{DA90BCE6-A5D6-49DB-B3EC-D27A07B2BFBA}.Debug|iPhone.Build.0 = Debug|Any CPU
		{DA90BCE6-A5D6-49DB-B3EC-D27A07B2BFBA}.Debug|iPhone.Deploy.0 = Debug|Any CPU
		{DA90BCE6-A5D6-49DB-B3EC-D27A07B2BFBA}.Debug|iPhoneSimulator.ActiveCfg = Debug|Any CPU
		{DA90BCE6-A5D6-49DB-B3EC-D27A07B2BFBA}.Debug|iPhoneSimulator.Build.0 = Debug|Any CPU
		{DA90BCE6-A5D6-49DB-B3EC-D27A07B2BFBA}.Debug|iPhoneSimulator.Deploy.0 = Debug|Any CPU
		{DA90BCE6-A5D6-49DB-B3EC-D27A07B2BFBA}.Debug|x64.ActiveCfg = Debug|Any CPU
		{DA90BCE6-A5D6-49DB-B3EC-D27A07B2BFBA}.Debug|x64.Build.0 = Debug|Any CPU
		{DA90BCE6-A5D6-49DB-B3EC-D27A07B2BFBA}.Debug|x64.Deploy.0 = Debug|Any CPU
		{DA90BCE6-A5D6-49DB-B3EC-D27A07B2BFBA}.Debug|x86.ActiveCfg = Debug|Any CPU
		{DA90BCE6-A5D6-49DB-B3EC-D27A07B2BFBA}.Debug|x86.Build.0 = Debug|Any CPU
		{DA90BCE6-A5D6-49DB-B3EC-D27A07B2BFBA}.Debug|x86.Deploy.0 = Debug|Any CPU
		{DA90BCE6-A5D6-49DB-B3EC-D27A07B2BFBA}.Release|Any CPU.ActiveCfg = Release|Any CPU
		{DA90BCE6-A5D6-49DB-B3EC-D27A07B2BFBA}.Release|Any CPU.Build.0 = Release|Any CPU
		{DA90BCE6-A5D6-49DB-B3EC-D27A07B2BFBA}.Release|Any CPU.Deploy.0 = Release|Any CPU
		{DA90BCE6-A5D6-49DB-B3EC-D27A07B2BFBA}.Release|ARM.ActiveCfg = Release|Any CPU
		{DA90BCE6-A5D6-49DB-B3EC-D27A07B2BFBA}.Release|ARM.Build.0 = Release|Any CPU
		{DA90BCE6-A5D6-49DB-B3EC-D27A07B2BFBA}.Release|ARM.Deploy.0 = Release|Any CPU
		{DA90BCE6-A5D6-49DB-B3EC-D27A07B2BFBA}.Release|iPhone.ActiveCfg = Release|Any CPU
		{DA90BCE6-A5D6-49DB-B3EC-D27A07B2BFBA}.Release|iPhone.Build.0 = Release|Any CPU
		{DA90BCE6-A5D6-49DB-B3EC-D27A07B2BFBA}.Release|iPhone.Deploy.0 = Release|Any CPU
		{DA90BCE6-A5D6-49DB-B3EC-D27A07B2BFBA}.Release|iPhoneSimulator.ActiveCfg = Release|Any CPU
		{DA90BCE6-A5D6-49DB-B3EC-D27A07B2BFBA}.Release|iPhoneSimulator.Build.0 = Release|Any CPU
		{DA90BCE6-A5D6-49DB-B3EC-D27A07B2BFBA}.Release|iPhoneSimulator.Deploy.0 = Release|Any CPU
		{DA90BCE6-A5D6-49DB-B3EC-D27A07B2BFBA}.Release|x64.ActiveCfg = Release|Any CPU
		{DA90BCE6-A5D6-49DB-B3EC-D27A07B2BFBA}.Release|x64.Build.0 = Release|Any CPU
		{DA90BCE6-A5D6-49DB-B3EC-D27A07B2BFBA}.Release|x64.Deploy.0 = Release|Any CPU
		{DA90BCE6-A5D6-49DB-B3EC-D27A07B2BFBA}.Release|x86.ActiveCfg = Release|Any CPU
		{DA90BCE6-A5D6-49DB-B3EC-D27A07B2BFBA}.Release|x86.Build.0 = Release|Any CPU
		{DA90BCE6-A5D6-49DB-B3EC-D27A07B2BFBA}.Release|x86.Deploy.0 = Release|Any CPU
		{E18D799B-39CA-413D-935A-F1B564FF20D4}.Ad-Hoc|Any CPU.ActiveCfg = Ad-Hoc|iPhone
		{E18D799B-39CA-413D-935A-F1B564FF20D4}.Ad-Hoc|Any CPU.Build.0 = Ad-Hoc|iPhone
		{E18D799B-39CA-413D-935A-F1B564FF20D4}.Ad-Hoc|Any CPU.Deploy.0 = Ad-Hoc|iPhone
		{E18D799B-39CA-413D-935A-F1B564FF20D4}.Ad-Hoc|ARM.ActiveCfg = Ad-Hoc|iPhone
		{E18D799B-39CA-413D-935A-F1B564FF20D4}.Ad-Hoc|ARM.Build.0 = Ad-Hoc|iPhone
		{E18D799B-39CA-413D-935A-F1B564FF20D4}.Ad-Hoc|ARM.Deploy.0 = Ad-Hoc|iPhone
		{E18D799B-39CA-413D-935A-F1B564FF20D4}.Ad-Hoc|iPhone.ActiveCfg = Ad-Hoc|iPhone
		{E18D799B-39CA-413D-935A-F1B564FF20D4}.Ad-Hoc|iPhone.Build.0 = Ad-Hoc|iPhone
		{E18D799B-39CA-413D-935A-F1B564FF20D4}.Ad-Hoc|iPhone.Deploy.0 = Ad-Hoc|iPhone
		{E18D799B-39CA-413D-935A-F1B564FF20D4}.Ad-Hoc|iPhoneSimulator.ActiveCfg = Ad-Hoc|iPhoneSimulator
		{E18D799B-39CA-413D-935A-F1B564FF20D4}.Ad-Hoc|iPhoneSimulator.Build.0 = Ad-Hoc|iPhoneSimulator
		{E18D799B-39CA-413D-935A-F1B564FF20D4}.Ad-Hoc|iPhoneSimulator.Deploy.0 = Ad-Hoc|iPhoneSimulator
		{E18D799B-39CA-413D-935A-F1B564FF20D4}.Ad-Hoc|x64.ActiveCfg = Ad-Hoc|iPhone
		{E18D799B-39CA-413D-935A-F1B564FF20D4}.Ad-Hoc|x64.Build.0 = Ad-Hoc|iPhone
		{E18D799B-39CA-413D-935A-F1B564FF20D4}.Ad-Hoc|x64.Deploy.0 = Ad-Hoc|iPhone
		{E18D799B-39CA-413D-935A-F1B564FF20D4}.Ad-Hoc|x86.ActiveCfg = Ad-Hoc|iPhone
		{E18D799B-39CA-413D-935A-F1B564FF20D4}.Ad-Hoc|x86.Build.0 = Ad-Hoc|iPhone
		{E18D799B-39CA-413D-935A-F1B564FF20D4}.Ad-Hoc|x86.Deploy.0 = Ad-Hoc|iPhone
		{E18D799B-39CA-413D-935A-F1B564FF20D4}.AppStore|Any CPU.ActiveCfg = AppStore|iPhone
		{E18D799B-39CA-413D-935A-F1B564FF20D4}.AppStore|Any CPU.Build.0 = AppStore|iPhone
		{E18D799B-39CA-413D-935A-F1B564FF20D4}.AppStore|Any CPU.Deploy.0 = AppStore|iPhone
		{E18D799B-39CA-413D-935A-F1B564FF20D4}.AppStore|ARM.ActiveCfg = AppStore|iPhone
		{E18D799B-39CA-413D-935A-F1B564FF20D4}.AppStore|ARM.Build.0 = AppStore|iPhone
		{E18D799B-39CA-413D-935A-F1B564FF20D4}.AppStore|ARM.Deploy.0 = AppStore|iPhone
		{E18D799B-39CA-413D-935A-F1B564FF20D4}.AppStore|iPhone.ActiveCfg = AppStore|iPhone
		{E18D799B-39CA-413D-935A-F1B564FF20D4}.AppStore|iPhone.Build.0 = AppStore|iPhone
		{E18D799B-39CA-413D-935A-F1B564FF20D4}.AppStore|iPhone.Deploy.0 = AppStore|iPhone
		{E18D799B-39CA-413D-935A-F1B564FF20D4}.AppStore|iPhoneSimulator.ActiveCfg = AppStore|iPhoneSimulator
		{E18D799B-39CA-413D-935A-F1B564FF20D4}.AppStore|iPhoneSimulator.Build.0 = AppStore|iPhoneSimulator
		{E18D799B-39CA-413D-935A-F1B564FF20D4}.AppStore|iPhoneSimulator.Deploy.0 = AppStore|iPhoneSimulator
		{E18D799B-39CA-413D-935A-F1B564FF20D4}.AppStore|x64.ActiveCfg = AppStore|iPhone
		{E18D799B-39CA-413D-935A-F1B564FF20D4}.AppStore|x64.Build.0 = AppStore|iPhone
		{E18D799B-39CA-413D-935A-F1B564FF20D4}.AppStore|x64.Deploy.0 = AppStore|iPhone
		{E18D799B-39CA-413D-935A-F1B564FF20D4}.AppStore|x86.ActiveCfg = AppStore|iPhone
		{E18D799B-39CA-413D-935A-F1B564FF20D4}.AppStore|x86.Build.0 = AppStore|iPhone
		{E18D799B-39CA-413D-935A-F1B564FF20D4}.AppStore|x86.Deploy.0 = AppStore|iPhone
		{E18D799B-39CA-413D-935A-F1B564FF20D4}.Debug|Any CPU.ActiveCfg = Debug|iPhoneSimulator
		{E18D799B-39CA-413D-935A-F1B564FF20D4}.Debug|Any CPU.Build.0 = Debug|iPhoneSimulator
		{E18D799B-39CA-413D-935A-F1B564FF20D4}.Debug|Any CPU.Deploy.0 = Debug|iPhoneSimulator
		{E18D799B-39CA-413D-935A-F1B564FF20D4}.Debug|ARM.ActiveCfg = Debug|iPhone
		{E18D799B-39CA-413D-935A-F1B564FF20D4}.Debug|ARM.Build.0 = Debug|iPhone
		{E18D799B-39CA-413D-935A-F1B564FF20D4}.Debug|ARM.Deploy.0 = Debug|iPhone
		{E18D799B-39CA-413D-935A-F1B564FF20D4}.Debug|iPhone.ActiveCfg = Debug|iPhone
		{E18D799B-39CA-413D-935A-F1B564FF20D4}.Debug|iPhone.Build.0 = Debug|iPhone
		{E18D799B-39CA-413D-935A-F1B564FF20D4}.Debug|iPhone.Deploy.0 = Debug|iPhone
		{E18D799B-39CA-413D-935A-F1B564FF20D4}.Debug|iPhoneSimulator.ActiveCfg = Debug|iPhoneSimulator
		{E18D799B-39CA-413D-935A-F1B564FF20D4}.Debug|iPhoneSimulator.Build.0 = Debug|iPhoneSimulator
		{E18D799B-39CA-413D-935A-F1B564FF20D4}.Debug|iPhoneSimulator.Deploy.0 = Debug|iPhoneSimulator
		{E18D799B-39CA-413D-935A-F1B564FF20D4}.Debug|x64.ActiveCfg = Debug|iPhone
		{E18D799B-39CA-413D-935A-F1B564FF20D4}.Debug|x64.Build.0 = Debug|iPhone
		{E18D799B-39CA-413D-935A-F1B564FF20D4}.Debug|x64.Deploy.0 = Debug|iPhone
		{E18D799B-39CA-413D-935A-F1B564FF20D4}.Debug|x86.ActiveCfg = Debug|iPhone
		{E18D799B-39CA-413D-935A-F1B564FF20D4}.Debug|x86.Build.0 = Debug|iPhone
		{E18D799B-39CA-413D-935A-F1B564FF20D4}.Debug|x86.Deploy.0 = Debug|iPhone
		{E18D799B-39CA-413D-935A-F1B564FF20D4}.Release|Any CPU.ActiveCfg = Release|iPhone
		{E18D799B-39CA-413D-935A-F1B564FF20D4}.Release|Any CPU.Build.0 = Release|iPhone
		{E18D799B-39CA-413D-935A-F1B564FF20D4}.Release|Any CPU.Deploy.0 = Release|iPhone
		{E18D799B-39CA-413D-935A-F1B564FF20D4}.Release|ARM.ActiveCfg = Release|iPhone
		{E18D799B-39CA-413D-935A-F1B564FF20D4}.Release|ARM.Build.0 = Release|iPhone
		{E18D799B-39CA-413D-935A-F1B564FF20D4}.Release|ARM.Deploy.0 = Release|iPhone
		{E18D799B-39CA-413D-935A-F1B564FF20D4}.Release|iPhone.ActiveCfg = Release|iPhone
		{E18D799B-39CA-413D-935A-F1B564FF20D4}.Release|iPhone.Build.0 = Release|iPhone
		{E18D799B-39CA-413D-935A-F1B564FF20D4}.Release|iPhone.Deploy.0 = Release|iPhone
		{E18D799B-39CA-413D-935A-F1B564FF20D4}.Release|iPhoneSimulator.ActiveCfg = Release|iPhoneSimulator
		{E18D799B-39CA-413D-935A-F1B564FF20D4}.Release|iPhoneSimulator.Build.0 = Release|iPhoneSimulator
		{E18D799B-39CA-413D-935A-F1B564FF20D4}.Release|iPhoneSimulator.Deploy.0 = Release|iPhoneSimulator
		{E18D799B-39CA-413D-935A-F1B564FF20D4}.Release|x64.ActiveCfg = Release|iPhone
		{E18D799B-39CA-413D-935A-F1B564FF20D4}.Release|x64.Build.0 = Release|iPhone
		{E18D799B-39CA-413D-935A-F1B564FF20D4}.Release|x64.Deploy.0 = Release|iPhone
		{E18D799B-39CA-413D-935A-F1B564FF20D4}.Release|x86.ActiveCfg = Release|iPhone
		{E18D799B-39CA-413D-935A-F1B564FF20D4}.Release|x86.Build.0 = Release|iPhone
		{E18D799B-39CA-413D-935A-F1B564FF20D4}.Release|x86.Deploy.0 = Release|iPhone
		{620AC440-475C-49E4-BE44-6A6C7680A7AD}.Ad-Hoc|Any CPU.ActiveCfg = Release|x86
		{620AC440-475C-49E4-BE44-6A6C7680A7AD}.Ad-Hoc|Any CPU.Build.0 = Release|x86
		{620AC440-475C-49E4-BE44-6A6C7680A7AD}.Ad-Hoc|Any CPU.Deploy.0 = Release|x86
		{620AC440-475C-49E4-BE44-6A6C7680A7AD}.Ad-Hoc|ARM.ActiveCfg = Release|ARM
		{620AC440-475C-49E4-BE44-6A6C7680A7AD}.Ad-Hoc|ARM.Build.0 = Release|ARM
		{620AC440-475C-49E4-BE44-6A6C7680A7AD}.Ad-Hoc|ARM.Deploy.0 = Release|ARM
		{620AC440-475C-49E4-BE44-6A6C7680A7AD}.Ad-Hoc|iPhone.ActiveCfg = Release|x86
		{620AC440-475C-49E4-BE44-6A6C7680A7AD}.Ad-Hoc|iPhone.Build.0 = Release|x86
		{620AC440-475C-49E4-BE44-6A6C7680A7AD}.Ad-Hoc|iPhone.Deploy.0 = Release|x86
		{620AC440-475C-49E4-BE44-6A6C7680A7AD}.Ad-Hoc|iPhoneSimulator.ActiveCfg = Release|x86
		{620AC440-475C-49E4-BE44-6A6C7680A7AD}.Ad-Hoc|iPhoneSimulator.Build.0 = Release|x86
		{620AC440-475C-49E4-BE44-6A6C7680A7AD}.Ad-Hoc|iPhoneSimulator.Deploy.0 = Release|x86
		{620AC440-475C-49E4-BE44-6A6C7680A7AD}.Ad-Hoc|x64.ActiveCfg = Release|x64
		{620AC440-475C-49E4-BE44-6A6C7680A7AD}.Ad-Hoc|x64.Build.0 = Release|x64
		{620AC440-475C-49E4-BE44-6A6C7680A7AD}.Ad-Hoc|x64.Deploy.0 = Release|x64
		{620AC440-475C-49E4-BE44-6A6C7680A7AD}.Ad-Hoc|x86.ActiveCfg = Release|x86
		{620AC440-475C-49E4-BE44-6A6C7680A7AD}.Ad-Hoc|x86.Build.0 = Release|x86
		{620AC440-475C-49E4-BE44-6A6C7680A7AD}.Ad-Hoc|x86.Deploy.0 = Release|x86
		{620AC440-475C-49E4-BE44-6A6C7680A7AD}.AppStore|Any CPU.ActiveCfg = Release|x86
		{620AC440-475C-49E4-BE44-6A6C7680A7AD}.AppStore|Any CPU.Build.0 = Release|x86
		{620AC440-475C-49E4-BE44-6A6C7680A7AD}.AppStore|Any CPU.Deploy.0 = Release|x86
		{620AC440-475C-49E4-BE44-6A6C7680A7AD}.AppStore|ARM.ActiveCfg = Release|ARM
		{620AC440-475C-49E4-BE44-6A6C7680A7AD}.AppStore|ARM.Build.0 = Release|ARM
		{620AC440-475C-49E4-BE44-6A6C7680A7AD}.AppStore|ARM.Deploy.0 = Release|ARM
		{620AC440-475C-49E4-BE44-6A6C7680A7AD}.AppStore|iPhone.ActiveCfg = Release|x86
		{620AC440-475C-49E4-BE44-6A6C7680A7AD}.AppStore|iPhone.Build.0 = Release|x86
		{620AC440-475C-49E4-BE44-6A6C7680A7AD}.AppStore|iPhone.Deploy.0 = Release|x86
		{620AC440-475C-49E4-BE44-6A6C7680A7AD}.AppStore|iPhoneSimulator.ActiveCfg = Release|x86
		{620AC440-475C-49E4-BE44-6A6C7680A7AD}.AppStore|iPhoneSimulator.Build.0 = Release|x86
		{620AC440-475C-49E4-BE44-6A6C7680A7AD}.AppStore|iPhoneSimulator.Deploy.0 = Release|x86
		{620AC440-475C-49E4-BE44-6A6C7680A7AD}.AppStore|x64.ActiveCfg = Release|x64
		{620AC440-475C-49E4-BE44-6A6C7680A7AD}.AppStore|x64.Build.0 = Release|x64
		{620AC440-475C-49E4-BE44-6A6C7680A7AD}.AppStore|x64.Deploy.0 = Release|x64
		{620AC440-475C-49E4-BE44-6A6C7680A7AD}.AppStore|x86.ActiveCfg = Release|x86
		{620AC440-475C-49E4-BE44-6A6C7680A7AD}.AppStore|x86.Build.0 = Release|x86
		{620AC440-475C-49E4-BE44-6A6C7680A7AD}.AppStore|x86.Deploy.0 = Release|x86
		{620AC440-475C-49E4-BE44-6A6C7680A7AD}.Debug|Any CPU.ActiveCfg = Debug|x86
		{620AC440-475C-49E4-BE44-6A6C7680A7AD}.Debug|Any CPU.Build.0 = Debug|x86
		{620AC440-475C-49E4-BE44-6A6C7680A7AD}.Debug|Any CPU.Deploy.0 = Debug|x86
		{620AC440-475C-49E4-BE44-6A6C7680A7AD}.Debug|ARM.ActiveCfg = Debug|ARM
		{620AC440-475C-49E4-BE44-6A6C7680A7AD}.Debug|ARM.Build.0 = Debug|ARM
		{620AC440-475C-49E4-BE44-6A6C7680A7AD}.Debug|ARM.Deploy.0 = Debug|ARM
		{620AC440-475C-49E4-BE44-6A6C7680A7AD}.Debug|iPhone.ActiveCfg = Debug|x86
		{620AC440-475C-49E4-BE44-6A6C7680A7AD}.Debug|iPhone.Build.0 = Debug|x86
		{620AC440-475C-49E4-BE44-6A6C7680A7AD}.Debug|iPhone.Deploy.0 = Debug|x86
		{620AC440-475C-49E4-BE44-6A6C7680A7AD}.Debug|iPhoneSimulator.ActiveCfg = Debug|x86
		{620AC440-475C-49E4-BE44-6A6C7680A7AD}.Debug|iPhoneSimulator.Build.0 = Debug|x86
		{620AC440-475C-49E4-BE44-6A6C7680A7AD}.Debug|iPhoneSimulator.Deploy.0 = Debug|x86
		{620AC440-475C-49E4-BE44-6A6C7680A7AD}.Debug|x64.ActiveCfg = Debug|x64
		{620AC440-475C-49E4-BE44-6A6C7680A7AD}.Debug|x64.Build.0 = Debug|x64
		{620AC440-475C-49E4-BE44-6A6C7680A7AD}.Debug|x64.Deploy.0 = Debug|x64
		{620AC440-475C-49E4-BE44-6A6C7680A7AD}.Debug|x86.ActiveCfg = Debug|x86
		{620AC440-475C-49E4-BE44-6A6C7680A7AD}.Debug|x86.Build.0 = Debug|x86
		{620AC440-475C-49E4-BE44-6A6C7680A7AD}.Debug|x86.Deploy.0 = Debug|x86
		{620AC440-475C-49E4-BE44-6A6C7680A7AD}.Release|Any CPU.ActiveCfg = Release|x86
		{620AC440-475C-49E4-BE44-6A6C7680A7AD}.Release|Any CPU.Build.0 = Release|x86
		{620AC440-475C-49E4-BE44-6A6C7680A7AD}.Release|Any CPU.Deploy.0 = Release|x86
		{620AC440-475C-49E4-BE44-6A6C7680A7AD}.Release|ARM.ActiveCfg = Release|ARM
		{620AC440-475C-49E4-BE44-6A6C7680A7AD}.Release|ARM.Build.0 = Release|ARM
		{620AC440-475C-49E4-BE44-6A6C7680A7AD}.Release|ARM.Deploy.0 = Release|ARM
		{620AC440-475C-49E4-BE44-6A6C7680A7AD}.Release|iPhone.ActiveCfg = Release|x86
		{620AC440-475C-49E4-BE44-6A6C7680A7AD}.Release|iPhone.Build.0 = Release|x86
		{620AC440-475C-49E4-BE44-6A6C7680A7AD}.Release|iPhone.Deploy.0 = Release|x86
		{620AC440-475C-49E4-BE44-6A6C7680A7AD}.Release|iPhoneSimulator.ActiveCfg = Release|x86
		{620AC440-475C-49E4-BE44-6A6C7680A7AD}.Release|iPhoneSimulator.Build.0 = Release|x86
		{620AC440-475C-49E4-BE44-6A6C7680A7AD}.Release|iPhoneSimulator.Deploy.0 = Release|x86
		{620AC440-475C-49E4-BE44-6A6C7680A7AD}.Release|x64.ActiveCfg = Release|x64
		{620AC440-475C-49E4-BE44-6A6C7680A7AD}.Release|x64.Build.0 = Release|x64
		{620AC440-475C-49E4-BE44-6A6C7680A7AD}.Release|x64.Deploy.0 = Release|x64
		{620AC440-475C-49E4-BE44-6A6C7680A7AD}.Release|x86.ActiveCfg = Release|x86
		{620AC440-475C-49E4-BE44-6A6C7680A7AD}.Release|x86.Build.0 = Release|x86
		{620AC440-475C-49E4-BE44-6A6C7680A7AD}.Release|x86.Deploy.0 = Release|x86
		{1165467A-0DFF-4A93-81E9-34B5DC2ED3B0}.Ad-Hoc|Any CPU.ActiveCfg = Debug|Any CPU
		{1165467A-0DFF-4A93-81E9-34B5DC2ED3B0}.Ad-Hoc|Any CPU.Build.0 = Debug|Any CPU
		{1165467A-0DFF-4A93-81E9-34B5DC2ED3B0}.Ad-Hoc|Any CPU.Deploy.0 = Debug|Any CPU
		{1165467A-0DFF-4A93-81E9-34B5DC2ED3B0}.Ad-Hoc|ARM.ActiveCfg = Debug|Any CPU
		{1165467A-0DFF-4A93-81E9-34B5DC2ED3B0}.Ad-Hoc|ARM.Build.0 = Debug|Any CPU
		{1165467A-0DFF-4A93-81E9-34B5DC2ED3B0}.Ad-Hoc|ARM.Deploy.0 = Debug|Any CPU
		{1165467A-0DFF-4A93-81E9-34B5DC2ED3B0}.Ad-Hoc|iPhone.ActiveCfg = Debug|Any CPU
		{1165467A-0DFF-4A93-81E9-34B5DC2ED3B0}.Ad-Hoc|iPhone.Build.0 = Debug|Any CPU
		{1165467A-0DFF-4A93-81E9-34B5DC2ED3B0}.Ad-Hoc|iPhone.Deploy.0 = Debug|Any CPU
		{1165467A-0DFF-4A93-81E9-34B5DC2ED3B0}.Ad-Hoc|iPhoneSimulator.ActiveCfg = Debug|Any CPU
		{1165467A-0DFF-4A93-81E9-34B5DC2ED3B0}.Ad-Hoc|iPhoneSimulator.Build.0 = Debug|Any CPU
		{1165467A-0DFF-4A93-81E9-34B5DC2ED3B0}.Ad-Hoc|iPhoneSimulator.Deploy.0 = Debug|Any CPU
		{1165467A-0DFF-4A93-81E9-34B5DC2ED3B0}.Ad-Hoc|x64.ActiveCfg = Debug|Any CPU
		{1165467A-0DFF-4A93-81E9-34B5DC2ED3B0}.Ad-Hoc|x64.Build.0 = Debug|Any CPU
		{1165467A-0DFF-4A93-81E9-34B5DC2ED3B0}.Ad-Hoc|x64.Deploy.0 = Debug|Any CPU
		{1165467A-0DFF-4A93-81E9-34B5DC2ED3B0}.Ad-Hoc|x86.ActiveCfg = Debug|Any CPU
		{1165467A-0DFF-4A93-81E9-34B5DC2ED3B0}.Ad-Hoc|x86.Build.0 = Debug|Any CPU
		{1165467A-0DFF-4A93-81E9-34B5DC2ED3B0}.Ad-Hoc|x86.Deploy.0 = Debug|Any CPU
		{1165467A-0DFF-4A93-81E9-34B5DC2ED3B0}.AppStore|Any CPU.ActiveCfg = Debug|Any CPU
		{1165467A-0DFF-4A93-81E9-34B5DC2ED3B0}.AppStore|Any CPU.Build.0 = Debug|Any CPU
		{1165467A-0DFF-4A93-81E9-34B5DC2ED3B0}.AppStore|Any CPU.Deploy.0 = Debug|Any CPU
		{1165467A-0DFF-4A93-81E9-34B5DC2ED3B0}.AppStore|ARM.ActiveCfg = Debug|Any CPU
		{1165467A-0DFF-4A93-81E9-34B5DC2ED3B0}.AppStore|ARM.Build.0 = Debug|Any CPU
		{1165467A-0DFF-4A93-81E9-34B5DC2ED3B0}.AppStore|ARM.Deploy.0 = Debug|Any CPU
		{1165467A-0DFF-4A93-81E9-34B5DC2ED3B0}.AppStore|iPhone.ActiveCfg = Debug|Any CPU
		{1165467A-0DFF-4A93-81E9-34B5DC2ED3B0}.AppStore|iPhone.Build.0 = Debug|Any CPU
		{1165467A-0DFF-4A93-81E9-34B5DC2ED3B0}.AppStore|iPhone.Deploy.0 = Debug|Any CPU
		{1165467A-0DFF-4A93-81E9-34B5DC2ED3B0}.AppStore|iPhoneSimulator.ActiveCfg = Debug|Any CPU
		{1165467A-0DFF-4A93-81E9-34B5DC2ED3B0}.AppStore|iPhoneSimulator.Build.0 = Debug|Any CPU
		{1165467A-0DFF-4A93-81E9-34B5DC2ED3B0}.AppStore|iPhoneSimulator.Deploy.0 = Debug|Any CPU
		{1165467A-0DFF-4A93-81E9-34B5DC2ED3B0}.AppStore|x64.ActiveCfg = Debug|Any CPU
		{1165467A-0DFF-4A93-81E9-34B5DC2ED3B0}.AppStore|x64.Build.0 = Debug|Any CPU
		{1165467A-0DFF-4A93-81E9-34B5DC2ED3B0}.AppStore|x64.Deploy.0 = Debug|Any CPU
		{1165467A-0DFF-4A93-81E9-34B5DC2ED3B0}.AppStore|x86.ActiveCfg = Debug|Any CPU
		{1165467A-0DFF-4A93-81E9-34B5DC2ED3B0}.AppStore|x86.Build.0 = Debug|Any CPU
		{1165467A-0DFF-4A93-81E9-34B5DC2ED3B0}.AppStore|x86.Deploy.0 = Debug|Any CPU
		{1165467A-0DFF-4A93-81E9-34B5DC2ED3B0}.Debug|Any CPU.ActiveCfg = Debug|Any CPU
		{1165467A-0DFF-4A93-81E9-34B5DC2ED3B0}.Debug|Any CPU.Build.0 = Debug|Any CPU
		{1165467A-0DFF-4A93-81E9-34B5DC2ED3B0}.Debug|Any CPU.Deploy.0 = Debug|Any CPU
		{1165467A-0DFF-4A93-81E9-34B5DC2ED3B0}.Debug|ARM.ActiveCfg = Debug|Any CPU
		{1165467A-0DFF-4A93-81E9-34B5DC2ED3B0}.Debug|ARM.Build.0 = Debug|Any CPU
		{1165467A-0DFF-4A93-81E9-34B5DC2ED3B0}.Debug|ARM.Deploy.0 = Debug|Any CPU
		{1165467A-0DFF-4A93-81E9-34B5DC2ED3B0}.Debug|iPhone.ActiveCfg = Debug|Any CPU
		{1165467A-0DFF-4A93-81E9-34B5DC2ED3B0}.Debug|iPhone.Build.0 = Debug|Any CPU
		{1165467A-0DFF-4A93-81E9-34B5DC2ED3B0}.Debug|iPhone.Deploy.0 = Debug|Any CPU
		{1165467A-0DFF-4A93-81E9-34B5DC2ED3B0}.Debug|iPhoneSimulator.ActiveCfg = Debug|Any CPU
		{1165467A-0DFF-4A93-81E9-34B5DC2ED3B0}.Debug|iPhoneSimulator.Build.0 = Debug|Any CPU
		{1165467A-0DFF-4A93-81E9-34B5DC2ED3B0}.Debug|iPhoneSimulator.Deploy.0 = Debug|Any CPU
		{1165467A-0DFF-4A93-81E9-34B5DC2ED3B0}.Debug|x64.ActiveCfg = Debug|Any CPU
		{1165467A-0DFF-4A93-81E9-34B5DC2ED3B0}.Debug|x64.Build.0 = Debug|Any CPU
		{1165467A-0DFF-4A93-81E9-34B5DC2ED3B0}.Debug|x64.Deploy.0 = Debug|Any CPU
		{1165467A-0DFF-4A93-81E9-34B5DC2ED3B0}.Debug|x86.ActiveCfg = Debug|Any CPU
		{1165467A-0DFF-4A93-81E9-34B5DC2ED3B0}.Debug|x86.Build.0 = Debug|Any CPU
		{1165467A-0DFF-4A93-81E9-34B5DC2ED3B0}.Debug|x86.Deploy.0 = Debug|Any CPU
		{1165467A-0DFF-4A93-81E9-34B5DC2ED3B0}.Release|Any CPU.ActiveCfg = Release|Any CPU
		{1165467A-0DFF-4A93-81E9-34B5DC2ED3B0}.Release|Any CPU.Build.0 = Release|Any CPU
		{1165467A-0DFF-4A93-81E9-34B5DC2ED3B0}.Release|Any CPU.Deploy.0 = Release|Any CPU
		{1165467A-0DFF-4A93-81E9-34B5DC2ED3B0}.Release|ARM.ActiveCfg = Release|Any CPU
		{1165467A-0DFF-4A93-81E9-34B5DC2ED3B0}.Release|ARM.Build.0 = Release|Any CPU
		{1165467A-0DFF-4A93-81E9-34B5DC2ED3B0}.Release|ARM.Deploy.0 = Release|Any CPU
		{1165467A-0DFF-4A93-81E9-34B5DC2ED3B0}.Release|iPhone.ActiveCfg = Release|Any CPU
		{1165467A-0DFF-4A93-81E9-34B5DC2ED3B0}.Release|iPhone.Build.0 = Release|Any CPU
		{1165467A-0DFF-4A93-81E9-34B5DC2ED3B0}.Release|iPhone.Deploy.0 = Release|Any CPU
		{1165467A-0DFF-4A93-81E9-34B5DC2ED3B0}.Release|iPhoneSimulator.ActiveCfg = Release|Any CPU
		{1165467A-0DFF-4A93-81E9-34B5DC2ED3B0}.Release|iPhoneSimulator.Build.0 = Release|Any CPU
		{1165467A-0DFF-4A93-81E9-34B5DC2ED3B0}.Release|iPhoneSimulator.Deploy.0 = Release|Any CPU
		{1165467A-0DFF-4A93-81E9-34B5DC2ED3B0}.Release|x64.ActiveCfg = Release|Any CPU
		{1165467A-0DFF-4A93-81E9-34B5DC2ED3B0}.Release|x64.Build.0 = Release|Any CPU
		{1165467A-0DFF-4A93-81E9-34B5DC2ED3B0}.Release|x64.Deploy.0 = Release|Any CPU
		{1165467A-0DFF-4A93-81E9-34B5DC2ED3B0}.Release|x86.ActiveCfg = Release|Any CPU
		{1165467A-0DFF-4A93-81E9-34B5DC2ED3B0}.Release|x86.Build.0 = Release|Any CPU
		{1165467A-0DFF-4A93-81E9-34B5DC2ED3B0}.Release|x86.Deploy.0 = Release|Any CPU
	EndGlobalSection
	GlobalSection(SolutionProperties) = preSolution
		HideSolutionNode = FALSE
	EndGlobalSection
	GlobalSection(ExtensibilityGlobals) = postSolution
		SolutionGuid = {FD3AEEA2-C544-4DB2-A12D-D9DECB8A1620}
	EndGlobalSection
EndGlobal
