
Microsoft Visual Studio Solution File, Format Version 12.00
# Visual Studio 15
VisualStudioVersion = 15.0.28307.645
MinimumVisualStudioVersion = 10.0.40219.1
Project("{FAE04EC0-301F-11D3-BF4B-00C04F79EFBC}") = "Layouts.Android", "Layouts\Layouts.Android\Layouts.Android.csproj", "{03A97F33-D811-4760-9B19-CD12B84B31A1}"
EndProject
Project("{FAE04EC0-301F-11D3-BF4B-00C04F79EFBC}") = "Layouts.iOS", "Layouts\Layouts.iOS\Layouts.iOS.csproj", "{D993D757-3E11-4FF5-9BCE-F84546733E9A}"
EndProject
Project("{FAE04EC0-301F-11D3-BF4B-00C04F79EFBC}") = "Layouts.UWP", "Layouts\Layouts.UWP\Layouts.UWP.csproj", "{6F3BD874-A16F-4A66-B6AA-2691FD03A4D9}"
EndProject
Project("{FAE04EC0-301F-11D3-BF4B-00C04F79EFBC}") = "Layouts", "Layouts\Layouts\Layouts.csproj", "{A868A483-41D9-40B9-8B60-BC73459D7FF2}"
EndProject
Global
	GlobalSection(SolutionConfigurationPlatforms) = preSolution
		Ad-Hoc|Any CPU = Ad-Hoc|Any CPU
		Ad-Hoc|ARM = Ad-Hoc|ARM
		Ad-Hoc|iPhone = Ad-Hoc|iPhone
		Ad-Hoc|iPhoneSimulator = Ad-Hoc|iPhoneSimulator
		Ad-Hoc|x64 = Ad-Hoc|x64
		Ad-Hoc|x86 = Ad-Hoc|x86
		AppStore|Any CPU = AppStore|Any CPU
		AppStore|ARM = AppStore|ARM
		AppStore|iPhone = AppStore|iPhone
		AppStore|iPhoneSimulator = AppStore|iPhoneSimulator
		AppStore|x64 = AppStore|x64
		AppStore|x86 = AppStore|x86
		Debug|Any CPU = Debug|Any CPU
		Debug|ARM = Debug|ARM
		Debug|iPhone = Debug|iPhone
		Debug|iPhoneSimulator = Debug|iPhoneSimulator
		Debug|x64 = Debug|x64
		Debug|x86 = Debug|x86
		Release|Any CPU = Release|Any CPU
		Release|ARM = Release|ARM
		Release|iPhone = Release|iPhone
		Release|iPhoneSimulator = Release|iPhoneSimulator
		Release|x64 = Release|x64
		Release|x86 = Release|x86
	EndGlobalSection
	GlobalSection(ProjectConfigurationPlatforms) = postSolution
		{03A97F33-D811-4760-9B19-CD12B84B31A1}.Ad-Hoc|Any CPU.ActiveCfg = Release|Any CPU
		{03A97F33-D811-4760-9B19-CD12B84B31A1}.Ad-Hoc|Any CPU.Build.0 = Release|Any CPU
		{03A97F33-D811-4760-9B19-CD12B84B31A1}.Ad-Hoc|Any CPU.Deploy.0 = Release|Any CPU
		{03A97F33-D811-4760-9B19-CD12B84B31A1}.Ad-Hoc|ARM.ActiveCfg = Release|Any CPU
		{03A97F33-D811-4760-9B19-CD12B84B31A1}.Ad-Hoc|ARM.Build.0 = Release|Any CPU
		{03A97F33-D811-4760-9B19-CD12B84B31A1}.Ad-Hoc|ARM.Deploy.0 = Release|Any CPU
		{03A97F33-D811-4760-9B19-CD12B84B31A1}.Ad-Hoc|iPhone.ActiveCfg = Release|Any CPU
		{03A97F33-D811-4760-9B19-CD12B84B31A1}.Ad-Hoc|iPhone.Build.0 = Release|Any CPU
		{03A97F33-D811-4760-9B19-CD12B84B31A1}.Ad-Hoc|iPhone.Deploy.0 = Release|Any CPU
		{03A97F33-D811-4760-9B19-CD12B84B31A1}.Ad-Hoc|iPhoneSimulator.ActiveCfg = Release|Any CPU
		{03A97F33-D811-4760-9B19-CD12B84B31A1}.Ad-Hoc|iPhoneSimulator.Build.0 = Release|Any CPU
		{03A97F33-D811-4760-9B19-CD12B84B31A1}.Ad-Hoc|iPhoneSimulator.Deploy.0 = Release|Any CPU
		{03A97F33-D811-4760-9B19-CD12B84B31A1}.Ad-Hoc|x64.ActiveCfg = Release|Any CPU
		{03A97F33-D811-4760-9B19-CD12B84B31A1}.Ad-Hoc|x64.Build.0 = Release|Any CPU
		{03A97F33-D811-4760-9B19-CD12B84B31A1}.Ad-Hoc|x64.Deploy.0 = Release|Any CPU
		{03A97F33-D811-4760-9B19-CD12B84B31A1}.Ad-Hoc|x86.ActiveCfg = Release|Any CPU
		{03A97F33-D811-4760-9B19-CD12B84B31A1}.Ad-Hoc|x86.Build.0 = Release|Any CPU
		{03A97F33-D811-4760-9B19-CD12B84B31A1}.Ad-Hoc|x86.Deploy.0 = Release|Any CPU
		{03A97F33-D811-4760-9B19-CD12B84B31A1}.AppStore|Any CPU.ActiveCfg = Release|Any CPU
		{03A97F33-D811-4760-9B19-CD12B84B31A1}.AppStore|Any CPU.Build.0 = Release|Any CPU
		{03A97F33-D811-4760-9B19-CD12B84B31A1}.AppStore|Any CPU.Deploy.0 = Release|Any CPU
		{03A97F33-D811-4760-9B19-CD12B84B31A1}.AppStore|ARM.ActiveCfg = Release|Any CPU
		{03A97F33-D811-4760-9B19-CD12B84B31A1}.AppStore|ARM.Build.0 = Release|Any CPU
		{03A97F33-D811-4760-9B19-CD12B84B31A1}.AppStore|ARM.Deploy.0 = Release|Any CPU
		{03A97F33-D811-4760-9B19-CD12B84B31A1}.AppStore|iPhone.ActiveCfg = Release|Any CPU
		{03A97F33-D811-4760-9B19-CD12B84B31A1}.AppStore|iPhone.Build.0 = Release|Any CPU
		{03A97F33-D811-4760-9B19-CD12B84B31A1}.AppStore|iPhone.Deploy.0 = Release|Any CPU
		{03A97F33-D811-4760-9B19-CD12B84B31A1}.AppStore|iPhoneSimulator.ActiveCfg = Release|Any CPU
		{03A97F33-D811-4760-9B19-CD12B84B31A1}.AppStore|iPhoneSimulator.Build.0 = Release|Any CPU
		{03A97F33-D811-4760-9B19-CD12B84B31A1}.AppStore|iPhoneSimulator.Deploy.0 = Release|Any CPU
		{03A97F33-D811-4760-9B19-CD12B84B31A1}.AppStore|x64.ActiveCfg = Release|Any CPU
		{03A97F33-D811-4760-9B19-CD12B84B31A1}.AppStore|x64.Build.0 = Release|Any CPU
		{03A97F33-D811-4760-9B19-CD12B84B31A1}.AppStore|x64.Deploy.0 = Release|Any CPU
		{03A97F33-D811-4760-9B19-CD12B84B31A1}.AppStore|x86.ActiveCfg = Release|Any CPU
		{03A97F33-D811-4760-9B19-CD12B84B31A1}.AppStore|x86.Build.0 = Release|Any CPU
		{03A97F33-D811-4760-9B19-CD12B84B31A1}.AppStore|x86.Deploy.0 = Release|Any CPU
		{03A97F33-D811-4760-9B19-CD12B84B31A1}.Debug|Any CPU.ActiveCfg = Debug|Any CPU
		{03A97F33-D811-4760-9B19-CD12B84B31A1}.Debug|Any CPU.Build.0 = Debug|Any CPU
		{03A97F33-D811-4760-9B19-CD12B84B31A1}.Debug|Any CPU.Deploy.0 = Debug|Any CPU
		{03A97F33-D811-4760-9B19-CD12B84B31A1}.Debug|ARM.ActiveCfg = Debug|Any CPU
		{03A97F33-D811-4760-9B19-CD12B84B31A1}.Debug|ARM.Build.0 = Debug|Any CPU
		{03A97F33-D811-4760-9B19-CD12B84B31A1}.Debug|ARM.Deploy.0 = Debug|Any CPU
		{03A97F33-D811-4760-9B19-CD12B84B31A1}.Debug|iPhone.ActiveCfg = Debug|Any CPU
		{03A97F33-D811-4760-9B19-CD12B84B31A1}.Debug|iPhone.Build.0 = Debug|Any CPU
		{03A97F33-D811-4760-9B19-CD12B84B31A1}.Debug|iPhone.Deploy.0 = Debug|Any CPU
		{03A97F33-D811-4760-9B19-CD12B84B31A1}.Debug|iPhoneSimulator.ActiveCfg = Debug|Any CPU
		{03A97F33-D811-4760-9B19-CD12B84B31A1}.Debug|iPhoneSimulator.Build.0 = Debug|Any CPU
		{03A97F33-D811-4760-9B19-CD12B84B31A1}.Debug|iPhoneSimulator.Deploy.0 = Debug|Any CPU
		{03A97F33-D811-4760-9B19-CD12B84B31A1}.Debug|x64.ActiveCfg = Debug|Any CPU
		{03A97F33-D811-4760-9B19-CD12B84B31A1}.Debug|x64.Build.0 = Debug|Any CPU
		{03A97F33-D811-4760-9B19-CD12B84B31A1}.Debug|x64.Deploy.0 = Debug|Any CPU
		{03A97F33-D811-4760-9B19-CD12B84B31A1}.Debug|x86.ActiveCfg = Debug|Any CPU
		{03A97F33-D811-4760-9B19-CD12B84B31A1}.Debug|x86.Build.0 = Debug|Any CPU
		{03A97F33-D811-4760-9B19-CD12B84B31A1}.Debug|x86.Deploy.0 = Debug|Any CPU
		{03A97F33-D811-4760-9B19-CD12B84B31A1}.Release|Any CPU.ActiveCfg = Release|Any CPU
		{03A97F33-D811-4760-9B19-CD12B84B31A1}.Release|Any CPU.Build.0 = Release|Any CPU
		{03A97F33-D811-4760-9B19-CD12B84B31A1}.Release|Any CPU.Deploy.0 = Release|Any CPU
		{03A97F33-D811-4760-9B19-CD12B84B31A1}.Release|ARM.ActiveCfg = Release|Any CPU
		{03A97F33-D811-4760-9B19-CD12B84B31A1}.Release|ARM.Build.0 = Release|Any CPU
		{03A97F33-D811-4760-9B19-CD12B84B31A1}.Release|ARM.Deploy.0 = Release|Any CPU
		{03A97F33-D811-4760-9B19-CD12B84B31A1}.Release|iPhone.ActiveCfg = Release|Any CPU
		{03A97F33-D811-4760-9B19-CD12B84B31A1}.Release|iPhone.Build.0 = Release|Any CPU
		{03A97F33-D811-4760-9B19-CD12B84B31A1}.Release|iPhone.Deploy.0 = Release|Any CPU
		{03A97F33-D811-4760-9B19-CD12B84B31A1}.Release|iPhoneSimulator.ActiveCfg = Release|Any CPU
		{03A97F33-D811-4760-9B19-CD12B84B31A1}.Release|iPhoneSimulator.Build.0 = Release|Any CPU
		{03A97F33-D811-4760-9B19-CD12B84B31A1}.Release|iPhoneSimulator.Deploy.0 = Release|Any CPU
		{03A97F33-D811-4760-9B19-CD12B84B31A1}.Release|x64.ActiveCfg = Release|Any CPU
		{03A97F33-D811-4760-9B19-CD12B84B31A1}.Release|x64.Build.0 = Release|Any CPU
		{03A97F33-D811-4760-9B19-CD12B84B31A1}.Release|x64.Deploy.0 = Release|Any CPU
		{03A97F33-D811-4760-9B19-CD12B84B31A1}.Release|x86.ActiveCfg = Release|Any CPU
		{03A97F33-D811-4760-9B19-CD12B84B31A1}.Release|x86.Build.0 = Release|Any CPU
		{03A97F33-D811-4760-9B19-CD12B84B31A1}.Release|x86.Deploy.0 = Release|Any CPU
		{D993D757-3E11-4FF5-9BCE-F84546733E9A}.Ad-Hoc|Any CPU.ActiveCfg = Ad-Hoc|iPhone
		{D993D757-3E11-4FF5-9BCE-F84546733E9A}.Ad-Hoc|Any CPU.Build.0 = Ad-Hoc|iPhone
		{D993D757-3E11-4FF5-9BCE-F84546733E9A}.Ad-Hoc|Any CPU.Deploy.0 = Ad-Hoc|iPhone
		{D993D757-3E11-4FF5-9BCE-F84546733E9A}.Ad-Hoc|ARM.ActiveCfg = Ad-Hoc|iPhone
		{D993D757-3E11-4FF5-9BCE-F84546733E9A}.Ad-Hoc|ARM.Build.0 = Ad-Hoc|iPhone
		{D993D757-3E11-4FF5-9BCE-F84546733E9A}.Ad-Hoc|ARM.Deploy.0 = Ad-Hoc|iPhone
		{D993D757-3E11-4FF5-9BCE-F84546733E9A}.Ad-Hoc|iPhone.ActiveCfg = Ad-Hoc|iPhone
		{D993D757-3E11-4FF5-9BCE-F84546733E9A}.Ad-Hoc|iPhone.Build.0 = Ad-Hoc|iPhone
		{D993D757-3E11-4FF5-9BCE-F84546733E9A}.Ad-Hoc|iPhone.Deploy.0 = Ad-Hoc|iPhone
		{D993D757-3E11-4FF5-9BCE-F84546733E9A}.Ad-Hoc|iPhoneSimulator.ActiveCfg = Ad-Hoc|iPhoneSimulator
		{D993D757-3E11-4FF5-9BCE-F84546733E9A}.Ad-Hoc|iPhoneSimulator.Build.0 = Ad-Hoc|iPhoneSimulator
		{D993D757-3E11-4FF5-9BCE-F84546733E9A}.Ad-Hoc|iPhoneSimulator.Deploy.0 = Ad-Hoc|iPhoneSimulator
		{D993D757-3E11-4FF5-9BCE-F84546733E9A}.Ad-Hoc|x64.ActiveCfg = Ad-Hoc|iPhone
		{D993D757-3E11-4FF5-9BCE-F84546733E9A}.Ad-Hoc|x64.Build.0 = Ad-Hoc|iPhone
		{D993D757-3E11-4FF5-9BCE-F84546733E9A}.Ad-Hoc|x64.Deploy.0 = Ad-Hoc|iPhone
		{D993D757-3E11-4FF5-9BCE-F84546733E9A}.Ad-Hoc|x86.ActiveCfg = Ad-Hoc|iPhone
		{D993D757-3E11-4FF5-9BCE-F84546733E9A}.Ad-Hoc|x86.Build.0 = Ad-Hoc|iPhone
		{D993D757-3E11-4FF5-9BCE-F84546733E9A}.Ad-Hoc|x86.Deploy.0 = Ad-Hoc|iPhone
		{D993D757-3E11-4FF5-9BCE-F84546733E9A}.AppStore|Any CPU.ActiveCfg = AppStore|iPhone
		{D993D757-3E11-4FF5-9BCE-F84546733E9A}.AppStore|Any CPU.Build.0 = AppStore|iPhone
		{D993D757-3E11-4FF5-9BCE-F84546733E9A}.AppStore|Any CPU.Deploy.0 = AppStore|iPhone
		{D993D757-3E11-4FF5-9BCE-F84546733E9A}.AppStore|ARM.ActiveCfg = AppStore|iPhone
		{D993D757-3E11-4FF5-9BCE-F84546733E9A}.AppStore|ARM.Build.0 = AppStore|iPhone
		{D993D757-3E11-4FF5-9BCE-F84546733E9A}.AppStore|ARM.Deploy.0 = AppStore|iPhone
		{D993D757-3E11-4FF5-9BCE-F84546733E9A}.AppStore|iPhone.ActiveCfg = AppStore|iPhone
		{D993D757-3E11-4FF5-9BCE-F84546733E9A}.AppStore|iPhone.Build.0 = AppStore|iPhone
		{D993D757-3E11-4FF5-9BCE-F84546733E9A}.AppStore|iPhone.Deploy.0 = AppStore|iPhone
		{D993D757-3E11-4FF5-9BCE-F84546733E9A}.AppStore|iPhoneSimulator.ActiveCfg = AppStore|iPhoneSimulator
		{D993D757-3E11-4FF5-9BCE-F84546733E9A}.AppStore|iPhoneSimulator.Build.0 = AppStore|iPhoneSimulator
		{D993D757-3E11-4FF5-9BCE-F84546733E9A}.AppStore|iPhoneSimulator.Deploy.0 = AppStore|iPhoneSimulator
		{D993D757-3E11-4FF5-9BCE-F84546733E9A}.AppStore|x64.ActiveCfg = AppStore|iPhone
		{D993D757-3E11-4FF5-9BCE-F84546733E9A}.AppStore|x64.Build.0 = AppStore|iPhone
		{D993D757-3E11-4FF5-9BCE-F84546733E9A}.AppStore|x64.Deploy.0 = AppStore|iPhone
		{D993D757-3E11-4FF5-9BCE-F84546733E9A}.AppStore|x86.ActiveCfg = AppStore|iPhone
		{D993D757-3E11-4FF5-9BCE-F84546733E9A}.AppStore|x86.Build.0 = AppStore|iPhone
		{D993D757-3E11-4FF5-9BCE-F84546733E9A}.AppStore|x86.Deploy.0 = AppStore|iPhone
		{D993D757-3E11-4FF5-9BCE-F84546733E9A}.Debug|Any CPU.ActiveCfg = Debug|iPhoneSimulator
		{D993D757-3E11-4FF5-9BCE-F84546733E9A}.Debug|Any CPU.Build.0 = Debug|iPhoneSimulator
		{D993D757-3E11-4FF5-9BCE-F84546733E9A}.Debug|Any CPU.Deploy.0 = Debug|iPhoneSimulator
		{D993D757-3E11-4FF5-9BCE-F84546733E9A}.Debug|ARM.ActiveCfg = Debug|iPhone
		{D993D757-3E11-4FF5-9BCE-F84546733E9A}.Debug|ARM.Build.0 = Debug|iPhone
		{D993D757-3E11-4FF5-9BCE-F84546733E9A}.Debug|ARM.Deploy.0 = Debug|iPhone
		{D993D757-3E11-4FF5-9BCE-F84546733E9A}.Debug|iPhone.ActiveCfg = Debug|iPhone
		{D993D757-3E11-4FF5-9BCE-F84546733E9A}.Debug|iPhone.Build.0 = Debug|iPhone
		{D993D757-3E11-4FF5-9BCE-F84546733E9A}.Debug|iPhone.Deploy.0 = Debug|iPhone
		{D993D757-3E11-4FF5-9BCE-F84546733E9A}.Debug|iPhoneSimulator.ActiveCfg = Debug|iPhoneSimulator
		{D993D757-3E11-4FF5-9BCE-F84546733E9A}.Debug|iPhoneSimulator.Build.0 = Debug|iPhoneSimulator
		{D993D757-3E11-4FF5-9BCE-F84546733E9A}.Debug|iPhoneSimulator.Deploy.0 = Debug|iPhoneSimulator
		{D993D757-3E11-4FF5-9BCE-F84546733E9A}.Debug|x64.ActiveCfg = Debug|iPhone
		{D993D757-3E11-4FF5-9BCE-F84546733E9A}.Debug|x64.Build.0 = Debug|iPhone
		{D993D757-3E11-4FF5-9BCE-F84546733E9A}.Debug|x64.Deploy.0 = Debug|iPhone
		{D993D757-3E11-4FF5-9BCE-F84546733E9A}.Debug|x86.ActiveCfg = Debug|iPhone
		{D993D757-3E11-4FF5-9BCE-F84546733E9A}.Debug|x86.Build.0 = Debug|iPhone
		{D993D757-3E11-4FF5-9BCE-F84546733E9A}.Debug|x86.Deploy.0 = Debug|iPhone
		{D993D757-3E11-4FF5-9BCE-F84546733E9A}.Release|Any CPU.ActiveCfg = Release|iPhone
		{D993D757-3E11-4FF5-9BCE-F84546733E9A}.Release|Any CPU.Build.0 = Release|iPhone
		{D993D757-3E11-4FF5-9BCE-F84546733E9A}.Release|Any CPU.Deploy.0 = Release|iPhone
		{D993D757-3E11-4FF5-9BCE-F84546733E9A}.Release|ARM.ActiveCfg = Release|iPhone
		{D993D757-3E11-4FF5-9BCE-F84546733E9A}.Release|ARM.Build.0 = Release|iPhone
		{D993D757-3E11-4FF5-9BCE-F84546733E9A}.Release|ARM.Deploy.0 = Release|iPhone
		{D993D757-3E11-4FF5-9BCE-F84546733E9A}.Release|iPhone.ActiveCfg = Release|iPhone
		{D993D757-3E11-4FF5-9BCE-F84546733E9A}.Release|iPhone.Build.0 = Release|iPhone
		{D993D757-3E11-4FF5-9BCE-F84546733E9A}.Release|iPhone.Deploy.0 = Release|iPhone
		{D993D757-3E11-4FF5-9BCE-F84546733E9A}.Release|iPhoneSimulator.ActiveCfg = Release|iPhoneSimulator
		{D993D757-3E11-4FF5-9BCE-F84546733E9A}.Release|iPhoneSimulator.Build.0 = Release|iPhoneSimulator
		{D993D757-3E11-4FF5-9BCE-F84546733E9A}.Release|iPhoneSimulator.Deploy.0 = Release|iPhoneSimulator
		{D993D757-3E11-4FF5-9BCE-F84546733E9A}.Release|x64.ActiveCfg = Release|iPhone
		{D993D757-3E11-4FF5-9BCE-F84546733E9A}.Release|x64.Build.0 = Release|iPhone
		{D993D757-3E11-4FF5-9BCE-F84546733E9A}.Release|x64.Deploy.0 = Release|iPhone
		{D993D757-3E11-4FF5-9BCE-F84546733E9A}.Release|x86.ActiveCfg = Release|iPhone
		{D993D757-3E11-4FF5-9BCE-F84546733E9A}.Release|x86.Build.0 = Release|iPhone
		{D993D757-3E11-4FF5-9BCE-F84546733E9A}.Release|x86.Deploy.0 = Release|iPhone
		{6F3BD874-A16F-4A66-B6AA-2691FD03A4D9}.Ad-Hoc|Any CPU.ActiveCfg = Release|x86
		{6F3BD874-A16F-4A66-B6AA-2691FD03A4D9}.Ad-Hoc|Any CPU.Build.0 = Release|x86
		{6F3BD874-A16F-4A66-B6AA-2691FD03A4D9}.Ad-Hoc|Any CPU.Deploy.0 = Release|x86
		{6F3BD874-A16F-4A66-B6AA-2691FD03A4D9}.Ad-Hoc|ARM.ActiveCfg = Release|ARM
		{6F3BD874-A16F-4A66-B6AA-2691FD03A4D9}.Ad-Hoc|ARM.Build.0 = Release|ARM
		{6F3BD874-A16F-4A66-B6AA-2691FD03A4D9}.Ad-Hoc|ARM.Deploy.0 = Release|ARM
		{6F3BD874-A16F-4A66-B6AA-2691FD03A4D9}.Ad-Hoc|iPhone.ActiveCfg = Release|x86
		{6F3BD874-A16F-4A66-B6AA-2691FD03A4D9}.Ad-Hoc|iPhone.Build.0 = Release|x86
		{6F3BD874-A16F-4A66-B6AA-2691FD03A4D9}.Ad-Hoc|iPhone.Deploy.0 = Release|x86
		{6F3BD874-A16F-4A66-B6AA-2691FD03A4D9}.Ad-Hoc|iPhoneSimulator.ActiveCfg = Release|x86
		{6F3BD874-A16F-4A66-B6AA-2691FD03A4D9}.Ad-Hoc|iPhoneSimulator.Build.0 = Release|x86
		{6F3BD874-A16F-4A66-B6AA-2691FD03A4D9}.Ad-Hoc|iPhoneSimulator.Deploy.0 = Release|x86
		{6F3BD874-A16F-4A66-B6AA-2691FD03A4D9}.Ad-Hoc|x64.ActiveCfg = Release|x64
		{6F3BD874-A16F-4A66-B6AA-2691FD03A4D9}.Ad-Hoc|x64.Build.0 = Release|x64
		{6F3BD874-A16F-4A66-B6AA-2691FD03A4D9}.Ad-Hoc|x64.Deploy.0 = Release|x64
		{6F3BD874-A16F-4A66-B6AA-2691FD03A4D9}.Ad-Hoc|x86.ActiveCfg = Release|x86
		{6F3BD874-A16F-4A66-B6AA-2691FD03A4D9}.Ad-Hoc|x86.Build.0 = Release|x86
		{6F3BD874-A16F-4A66-B6AA-2691FD03A4D9}.Ad-Hoc|x86.Deploy.0 = Release|x86
		{6F3BD874-A16F-4A66-B6AA-2691FD03A4D9}.AppStore|Any CPU.ActiveCfg = Release|x86
		{6F3BD874-A16F-4A66-B6AA-2691FD03A4D9}.AppStore|Any CPU.Build.0 = Release|x86
		{6F3BD874-A16F-4A66-B6AA-2691FD03A4D9}.AppStore|Any CPU.Deploy.0 = Release|x86
		{6F3BD874-A16F-4A66-B6AA-2691FD03A4D9}.AppStore|ARM.ActiveCfg = Release|ARM
		{6F3BD874-A16F-4A66-B6AA-2691FD03A4D9}.AppStore|ARM.Build.0 = Release|ARM
		{6F3BD874-A16F-4A66-B6AA-2691FD03A4D9}.AppStore|ARM.Deploy.0 = Release|ARM
		{6F3BD874-A16F-4A66-B6AA-2691FD03A4D9}.AppStore|iPhone.ActiveCfg = Release|x86
		{6F3BD874-A16F-4A66-B6AA-2691FD03A4D9}.AppStore|iPhone.Build.0 = Release|x86
		{6F3BD874-A16F-4A66-B6AA-2691FD03A4D9}.AppStore|iPhone.Deploy.0 = Release|x86
		{6F3BD874-A16F-4A66-B6AA-2691FD03A4D9}.AppStore|iPhoneSimulator.ActiveCfg = Release|x86
		{6F3BD874-A16F-4A66-B6AA-2691FD03A4D9}.AppStore|iPhoneSimulator.Build.0 = Release|x86
		{6F3BD874-A16F-4A66-B6AA-2691FD03A4D9}.AppStore|iPhoneSimulator.Deploy.0 = Release|x86
		{6F3BD874-A16F-4A66-B6AA-2691FD03A4D9}.AppStore|x64.ActiveCfg = Release|x64
		{6F3BD874-A16F-4A66-B6AA-2691FD03A4D9}.AppStore|x64.Build.0 = Release|x64
		{6F3BD874-A16F-4A66-B6AA-2691FD03A4D9}.AppStore|x64.Deploy.0 = Release|x64
		{6F3BD874-A16F-4A66-B6AA-2691FD03A4D9}.AppStore|x86.ActiveCfg = Release|x86
		{6F3BD874-A16F-4A66-B6AA-2691FD03A4D9}.AppStore|x86.Build.0 = Release|x86
		{6F3BD874-A16F-4A66-B6AA-2691FD03A4D9}.AppStore|x86.Deploy.0 = Release|x86
		{6F3BD874-A16F-4A66-B6AA-2691FD03A4D9}.Debug|Any CPU.ActiveCfg = Debug|x86
		{6F3BD874-A16F-4A66-B6AA-2691FD03A4D9}.Debug|Any CPU.Build.0 = Debug|x86
		{6F3BD874-A16F-4A66-B6AA-2691FD03A4D9}.Debug|Any CPU.Deploy.0 = Debug|x86
		{6F3BD874-A16F-4A66-B6AA-2691FD03A4D9}.Debug|ARM.ActiveCfg = Debug|ARM
		{6F3BD874-A16F-4A66-B6AA-2691FD03A4D9}.Debug|ARM.Build.0 = Debug|ARM
		{6F3BD874-A16F-4A66-B6AA-2691FD03A4D9}.Debug|ARM.Deploy.0 = Debug|ARM
		{6F3BD874-A16F-4A66-B6AA-2691FD03A4D9}.Debug|iPhone.ActiveCfg = Debug|x86
		{6F3BD874-A16F-4A66-B6AA-2691FD03A4D9}.Debug|iPhone.Build.0 = Debug|x86
		{6F3BD874-A16F-4A66-B6AA-2691FD03A4D9}.Debug|iPhone.Deploy.0 = Debug|x86
		{6F3BD874-A16F-4A66-B6AA-2691FD03A4D9}.Debug|iPhoneSimulator.ActiveCfg = Debug|x86
		{6F3BD874-A16F-4A66-B6AA-2691FD03A4D9}.Debug|iPhoneSimulator.Build.0 = Debug|x86
		{6F3BD874-A16F-4A66-B6AA-2691FD03A4D9}.Debug|iPhoneSimulator.Deploy.0 = Debug|x86
		{6F3BD874-A16F-4A66-B6AA-2691FD03A4D9}.Debug|x64.ActiveCfg = Debug|x64
		{6F3BD874-A16F-4A66-B6AA-2691FD03A4D9}.Debug|x64.Build.0 = Debug|x64
		{6F3BD874-A16F-4A66-B6AA-2691FD03A4D9}.Debug|x64.Deploy.0 = Debug|x64
		{6F3BD874-A16F-4A66-B6AA-2691FD03A4D9}.Debug|x86.ActiveCfg = Debug|x86
		{6F3BD874-A16F-4A66-B6AA-2691FD03A4D9}.Debug|x86.Build.0 = Debug|x86
		{6F3BD874-A16F-4A66-B6AA-2691FD03A4D9}.Debug|x86.Deploy.0 = Debug|x86
		{6F3BD874-A16F-4A66-B6AA-2691FD03A4D9}.Release|Any CPU.ActiveCfg = Release|x86
		{6F3BD874-A16F-4A66-B6AA-2691FD03A4D9}.Release|Any CPU.Build.0 = Release|x86
		{6F3BD874-A16F-4A66-B6AA-2691FD03A4D9}.Release|Any CPU.Deploy.0 = Release|x86
		{6F3BD874-A16F-4A66-B6AA-2691FD03A4D9}.Release|ARM.ActiveCfg = Release|ARM
		{6F3BD874-A16F-4A66-B6AA-2691FD03A4D9}.Release|ARM.Build.0 = Release|ARM
		{6F3BD874-A16F-4A66-B6AA-2691FD03A4D9}.Release|ARM.Deploy.0 = Release|ARM
		{6F3BD874-A16F-4A66-B6AA-2691FD03A4D9}.Release|iPhone.ActiveCfg = Release|x86
		{6F3BD874-A16F-4A66-B6AA-2691FD03A4D9}.Release|iPhone.Build.0 = Release|x86
		{6F3BD874-A16F-4A66-B6AA-2691FD03A4D9}.Release|iPhone.Deploy.0 = Release|x86
		{6F3BD874-A16F-4A66-B6AA-2691FD03A4D9}.Release|iPhoneSimulator.ActiveCfg = Release|x86
		{6F3BD874-A16F-4A66-B6AA-2691FD03A4D9}.Release|iPhoneSimulator.Build.0 = Release|x86
		{6F3BD874-A16F-4A66-B6AA-2691FD03A4D9}.Release|iPhoneSimulator.Deploy.0 = Release|x86
		{6F3BD874-A16F-4A66-B6AA-2691FD03A4D9}.Release|x64.ActiveCfg = Release|x64
		{6F3BD874-A16F-4A66-B6AA-2691FD03A4D9}.Release|x64.Build.0 = Release|x64
		{6F3BD874-A16F-4A66-B6AA-2691FD03A4D9}.Release|x64.Deploy.0 = Release|x64
		{6F3BD874-A16F-4A66-B6AA-2691FD03A4D9}.Release|x86.ActiveCfg = Release|x86
		{6F3BD874-A16F-4A66-B6AA-2691FD03A4D9}.Release|x86.Build.0 = Release|x86
		{6F3BD874-A16F-4A66-B6AA-2691FD03A4D9}.Release|x86.Deploy.0 = Release|x86
		{A868A483-41D9-40B9-8B60-BC73459D7FF2}.Ad-Hoc|Any CPU.ActiveCfg = Debug|Any CPU
		{A868A483-41D9-40B9-8B60-BC73459D7FF2}.Ad-Hoc|Any CPU.Build.0 = Debug|Any CPU
		{A868A483-41D9-40B9-8B60-BC73459D7FF2}.Ad-Hoc|Any CPU.Deploy.0 = Debug|Any CPU
		{A868A483-41D9-40B9-8B60-BC73459D7FF2}.Ad-Hoc|ARM.ActiveCfg = Debug|Any CPU
		{A868A483-41D9-40B9-8B60-BC73459D7FF2}.Ad-Hoc|ARM.Build.0 = Debug|Any CPU
		{A868A483-41D9-40B9-8B60-BC73459D7FF2}.Ad-Hoc|ARM.Deploy.0 = Debug|Any CPU
		{A868A483-41D9-40B9-8B60-BC73459D7FF2}.Ad-Hoc|iPhone.ActiveCfg = Debug|Any CPU
		{A868A483-41D9-40B9-8B60-BC73459D7FF2}.Ad-Hoc|iPhone.Build.0 = Debug|Any CPU
		{A868A483-41D9-40B9-8B60-BC73459D7FF2}.Ad-Hoc|iPhone.Deploy.0 = Debug|Any CPU
		{A868A483-41D9-40B9-8B60-BC73459D7FF2}.Ad-Hoc|iPhoneSimulator.ActiveCfg = Debug|Any CPU
		{A868A483-41D9-40B9-8B60-BC73459D7FF2}.Ad-Hoc|iPhoneSimulator.Build.0 = Debug|Any CPU
		{A868A483-41D9-40B9-8B60-BC73459D7FF2}.Ad-Hoc|iPhoneSimulator.Deploy.0 = Debug|Any CPU
		{A868A483-41D9-40B9-8B60-BC73459D7FF2}.Ad-Hoc|x64.ActiveCfg = Debug|Any CPU
		{A868A483-41D9-40B9-8B60-BC73459D7FF2}.Ad-Hoc|x64.Build.0 = Debug|Any CPU
		{A868A483-41D9-40B9-8B60-BC73459D7FF2}.Ad-Hoc|x64.Deploy.0 = Debug|Any CPU
		{A868A483-41D9-40B9-8B60-BC73459D7FF2}.Ad-Hoc|x86.ActiveCfg = Debug|Any CPU
		{A868A483-41D9-40B9-8B60-BC73459D7FF2}.Ad-Hoc|x86.Build.0 = Debug|Any CPU
		{A868A483-41D9-40B9-8B60-BC73459D7FF2}.Ad-Hoc|x86.Deploy.0 = Debug|Any CPU
		{A868A483-41D9-40B9-8B60-BC73459D7FF2}.AppStore|Any CPU.ActiveCfg = Debug|Any CPU
		{A868A483-41D9-40B9-8B60-BC73459D7FF2}.AppStore|Any CPU.Build.0 = Debug|Any CPU
		{A868A483-41D9-40B9-8B60-BC73459D7FF2}.AppStore|Any CPU.Deploy.0 = Debug|Any CPU
		{A868A483-41D9-40B9-8B60-BC73459D7FF2}.AppStore|ARM.ActiveCfg = Debug|Any CPU
		{A868A483-41D9-40B9-8B60-BC73459D7FF2}.AppStore|ARM.Build.0 = Debug|Any CPU
		{A868A483-41D9-40B9-8B60-BC73459D7FF2}.AppStore|ARM.Deploy.0 = Debug|Any CPU
		{A868A483-41D9-40B9-8B60-BC73459D7FF2}.AppStore|iPhone.ActiveCfg = Debug|Any CPU
		{A868A483-41D9-40B9-8B60-BC73459D7FF2}.AppStore|iPhone.Build.0 = Debug|Any CPU
		{A868A483-41D9-40B9-8B60-BC73459D7FF2}.AppStore|iPhone.Deploy.0 = Debug|Any CPU
		{A868A483-41D9-40B9-8B60-BC73459D7FF2}.AppStore|iPhoneSimulator.ActiveCfg = Debug|Any CPU
		{A868A483-41D9-40B9-8B60-BC73459D7FF2}.AppStore|iPhoneSimulator.Build.0 = Debug|Any CPU
		{A868A483-41D9-40B9-8B60-BC73459D7FF2}.AppStore|iPhoneSimulator.Deploy.0 = Debug|Any CPU
		{A868A483-41D9-40B9-8B60-BC73459D7FF2}.AppStore|x64.ActiveCfg = Debug|Any CPU
		{A868A483-41D9-40B9-8B60-BC73459D7FF2}.AppStore|x64.Build.0 = Debug|Any CPU
		{A868A483-41D9-40B9-8B60-BC73459D7FF2}.AppStore|x64.Deploy.0 = Debug|Any CPU
		{A868A483-41D9-40B9-8B60-BC73459D7FF2}.AppStore|x86.ActiveCfg = Debug|Any CPU
		{A868A483-41D9-40B9-8B60-BC73459D7FF2}.AppStore|x86.Build.0 = Debug|Any CPU
		{A868A483-41D9-40B9-8B60-BC73459D7FF2}.AppStore|x86.Deploy.0 = Debug|Any CPU
		{A868A483-41D9-40B9-8B60-BC73459D7FF2}.Debug|Any CPU.ActiveCfg = Debug|Any CPU
		{A868A483-41D9-40B9-8B60-BC73459D7FF2}.Debug|Any CPU.Build.0 = Debug|Any CPU
		{A868A483-41D9-40B9-8B60-BC73459D7FF2}.Debug|Any CPU.Deploy.0 = Debug|Any CPU
		{A868A483-41D9-40B9-8B60-BC73459D7FF2}.Debug|ARM.ActiveCfg = Debug|Any CPU
		{A868A483-41D9-40B9-8B60-BC73459D7FF2}.Debug|ARM.Build.0 = Debug|Any CPU
		{A868A483-41D9-40B9-8B60-BC73459D7FF2}.Debug|ARM.Deploy.0 = Debug|Any CPU
		{A868A483-41D9-40B9-8B60-BC73459D7FF2}.Debug|iPhone.ActiveCfg = Debug|Any CPU
		{A868A483-41D9-40B9-8B60-BC73459D7FF2}.Debug|iPhone.Build.0 = Debug|Any CPU
		{A868A483-41D9-40B9-8B60-BC73459D7FF2}.Debug|iPhone.Deploy.0 = Debug|Any CPU
		{A868A483-41D9-40B9-8B60-BC73459D7FF2}.Debug|iPhoneSimulator.ActiveCfg = Debug|Any CPU
		{A868A483-41D9-40B9-8B60-BC73459D7FF2}.Debug|iPhoneSimulator.Build.0 = Debug|Any CPU
		{A868A483-41D9-40B9-8B60-BC73459D7FF2}.Debug|iPhoneSimulator.Deploy.0 = Debug|Any CPU
		{A868A483-41D9-40B9-8B60-BC73459D7FF2}.Debug|x64.ActiveCfg = Debug|Any CPU
		{A868A483-41D9-40B9-8B60-BC73459D7FF2}.Debug|x64.Build.0 = Debug|Any CPU
		{A868A483-41D9-40B9-8B60-BC73459D7FF2}.Debug|x64.Deploy.0 = Debug|Any CPU
		{A868A483-41D9-40B9-8B60-BC73459D7FF2}.Debug|x86.ActiveCfg = Debug|Any CPU
		{A868A483-41D9-40B9-8B60-BC73459D7FF2}.Debug|x86.Build.0 = Debug|Any CPU
		{A868A483-41D9-40B9-8B60-BC73459D7FF2}.Debug|x86.Deploy.0 = Debug|Any CPU
		{A868A483-41D9-40B9-8B60-BC73459D7FF2}.Release|Any CPU.ActiveCfg = Release|Any CPU
		{A868A483-41D9-40B9-8B60-BC73459D7FF2}.Release|Any CPU.Build.0 = Release|Any CPU
		{A868A483-41D9-40B9-8B60-BC73459D7FF2}.Release|Any CPU.Deploy.0 = Release|Any CPU
		{A868A483-41D9-40B9-8B60-BC73459D7FF2}.Release|ARM.ActiveCfg = Release|Any CPU
		{A868A483-41D9-40B9-8B60-BC73459D7FF2}.Release|ARM.Build.0 = Release|Any CPU
		{A868A483-41D9-40B9-8B60-BC73459D7FF2}.Release|ARM.Deploy.0 = Release|Any CPU
		{A868A483-41D9-40B9-8B60-BC73459D7FF2}.Release|iPhone.ActiveCfg = Release|Any CPU
		{A868A483-41D9-40B9-8B60-BC73459D7FF2}.Release|iPhone.Build.0 = Release|Any CPU
		{A868A483-41D9-40B9-8B60-BC73459D7FF2}.Release|iPhone.Deploy.0 = Release|Any CPU
		{A868A483-41D9-40B9-8B60-BC73459D7FF2}.Release|iPhoneSimulator.ActiveCfg = Release|Any CPU
		{A868A483-41D9-40B9-8B60-BC73459D7FF2}.Release|iPhoneSimulator.Build.0 = Release|Any CPU
		{A868A483-41D9-40B9-8B60-BC73459D7FF2}.Release|iPhoneSimulator.Deploy.0 = Release|Any CPU
		{A868A483-41D9-40B9-8B60-BC73459D7FF2}.Release|x64.ActiveCfg = Release|Any CPU
		{A868A483-41D9-40B9-8B60-BC73459D7FF2}.Release|x64.Build.0 = Release|Any CPU
		{A868A483-41D9-40B9-8B60-BC73459D7FF2}.Release|x64.Deploy.0 = Release|Any CPU
		{A868A483-41D9-40B9-8B60-BC73459D7FF2}.Release|x86.ActiveCfg = Release|Any CPU
		{A868A483-41D9-40B9-8B60-BC73459D7FF2}.Release|x86.Build.0 = Release|Any CPU
		{A868A483-41D9-40B9-8B60-BC73459D7FF2}.Release|x86.Deploy.0 = Release|Any CPU
	EndGlobalSection
	GlobalSection(SolutionProperties) = preSolution
		HideSolutionNode = FALSE
	EndGlobalSection
	GlobalSection(ExtensibilityGlobals) = postSolution
		SolutionGuid = {16AC0B2F-6267-4930-A27E-CC02482D0910}
	EndGlobalSection
EndGlobal
